// !$*UTF8*$!
{
	archiveVersion = 1;
	classes = {
	};
	objectVersion = 46;
	objects = {

/* Begin PBXBuildFile section */
		0B45F5772277FD7D0008F97D /* ShareSDKHybrid.m in Sources */ = {isa = PBXBuildFile; fileRef = 0B45F5762277FD7D0008F97D /* ShareSDKHybrid.m */; };
		0B85BDFD21A806D700029EFA /* ShareSDKJSBridge.m in Sources */ = {isa = PBXBuildFile; fileRef = 0B85BDFB21A806D700029EFA /* ShareSDKJSBridge.m */; };
		0B85BDFE21A806D700029EFA /* ShareSDK.js in Resources */ = {isa = PBXBuildFile; fileRef = 0B85BDFC21A806D700029EFA /* ShareSDK.js */; };
		D52A7E772398FCFC006512D1 /* AuthenticationServices.framework in Frameworks */ = {isa = PBXBuildFile; fileRef = D52A7E762398FCFC006512D1 /* AuthenticationServices.framework */; };
		D5324B8C239F7AF2008701A5 /* MOBFoundation.framework in Frameworks */ = {isa = PBXBuildFile; fileRef = D5324B1F239F7AF2008701A5 /* MOBFoundation.framework */; };
		D5324B8D239F7AF2008701A5 /* RennSDK.bundle in Resources */ = {isa = PBXBuildFile; fileRef = D5324B24239F7AF2008701A5 /* RennSDK.bundle */; };
		D5324B8E239F7AF2008701A5 /* RennSDK.framework in Frameworks */ = {isa = PBXBuildFile; fileRef = D5324B25239F7AF2008701A5 /* RennSDK.framework */; };
		D5324B8F239F7AF2008701A5 /* WeiboSDK.bundle in Resources */ = {isa = PBXBuildFile; fileRef = D5324B27239F7AF2008701A5 /* WeiboSDK.bundle */; };
		D5324B90239F7AF2008701A5 /* libWeiboSDK.a in Frameworks */ = {isa = PBXBuildFile; fileRef = D5324B28239F7AF2008701A5 /* libWeiboSDK.a */; };
		D5324B91239F7AF2008701A5 /* TikTokOpenPlatformSDK.framework in Frameworks */ = {isa = PBXBuildFile; fileRef = D5324B2C239F7AF2008701A5 /* TikTokOpenPlatformSDK.framework */; };
		D5324B92239F7AF2008701A5 /* README.txt in Resources */ = {isa = PBXBuildFile; fileRef = D5324B30239F7AF2008701A5 /* README.txt */; };
		D5324B93239F7AF2008701A5 /* libWeChatSDK.a in Frameworks */ = {isa = PBXBuildFile; fileRef = D5324B32239F7AF2008701A5 /* libWeChatSDK.a */; };
		D5324B94239F7AF2008701A5 /* libAPOpenSdk.a in Frameworks */ = {isa = PBXBuildFile; fileRef = D5324B34239F7AF2008701A5 /* libAPOpenSdk.a */; };
		D5324B95239F7AF2008701A5 /* README.md in Resources */ = {isa = PBXBuildFile; fileRef = D5324B35239F7AF2008701A5 /* README.md */; };
		D5324B96239F7AF2008701A5 /* AccountKitStrings.bundle in Resources */ = {isa = PBXBuildFile; fileRef = D5324B39239F7AF2008701A5 /* AccountKitStrings.bundle */; };
		D5324B97239F7AF2008701A5 /* AccountKit.framework in Frameworks */ = {isa = PBXBuildFile; fileRef = D5324B3A239F7AF2008701A5 /* AccountKit.framework */; };
		D5324B98239F7AF2008701A5 /* TYRZSDK.framework in Frameworks */ = {isa = PBXBuildFile; fileRef = D5324B3C239F7AF2008701A5 /* TYRZSDK.framework */; };
		D5324B99239F7AF2008701A5 /* Resource.bundle in Resources */ = {isa = PBXBuildFile; fileRef = D5324B3D239F7AF2008701A5 /* Resource.bundle */; };
		D5324B9A239F7AF2008701A5 /* LineSDK.framework in Frameworks */ = {isa = PBXBuildFile; fileRef = D5324B3F239F7AF2008701A5 /* LineSDK.framework */; };
		D5324B9B239F7AF2008701A5 /* libWXWorkApi.a in Frameworks */ = {isa = PBXBuildFile; fileRef = D5324B41239F7AF2008701A5 /* libWXWorkApi.a */; };
		D5324B9C239F7AF2008701A5 /* MPShareSDK.framework in Frameworks */ = {isa = PBXBuildFile; fileRef = D5324B45239F7AF2008701A5 /* MPShareSDK.framework */; };
		D5324B9D239F7AF2008701A5 /* TencentOpenAPI.framework in Frameworks */ = {isa = PBXBuildFile; fileRef = D5324B47239F7AF2008701A5 /* TencentOpenAPI.framework */; };
		D5324B9E239F7AF2008701A5 /* KakaoCommon.framework in Frameworks */ = {isa = PBXBuildFile; fileRef = D5324B49239F7AF2008701A5 /* KakaoCommon.framework */; };
		D5324B9F239F7AF2008701A5 /* KakaoLink.framework in Frameworks */ = {isa = PBXBuildFile; fileRef = D5324B4A239F7AF2008701A5 /* KakaoLink.framework */; };
		D5324BA0239F7AF2008701A5 /* KakaoOpenSDK.framework in Frameworks */ = {isa = PBXBuildFile; fileRef = D5324B4B239F7AF2008701A5 /* KakaoOpenSDK.framework */; };
		D5324BA1239F7AF2008701A5 /* HTMLResource.bundle in Resources */ = {isa = PBXBuildFile; fileRef = D5324B4D239F7AF2008701A5 /* HTMLResource.bundle */; };
		D5324BA2239F7AF2008701A5 /* EAccountSDKArchive.framework in Frameworks */ = {isa = PBXBuildFile; fileRef = D5324B4E239F7AF2008701A5 /* EAccountSDKArchive.framework */; };
		D5324BA3239F7AF2008701A5 /* DTShareKit.framework in Frameworks */ = {isa = PBXBuildFile; fileRef = D5324B50239F7AF2008701A5 /* DTShareKit.framework */; };
		D5324BA4239F7AF2008701A5 /* libYixinSDK.a in Frameworks */ = {isa = PBXBuildFile; fileRef = D5324B52239F7AF2008701A5 /* libYixinSDK.a */; };
		D5324BA5239F7AF2008701A5 /* ShareSDKConnector.framework in Frameworks */ = {isa = PBXBuildFile; fileRef = D5324B56239F7AF2008701A5 /* ShareSDKConnector.framework */; };
		D5324BA6239F7AF2008701A5 /* ShareSDK.bundle in Resources */ = {isa = PBXBuildFile; fileRef = D5324B57239F7AF2008701A5 /* ShareSDK.bundle */; };
		D5324BA7239F7AF2008701A5 /* ShareSDKUI.bundle in Resources */ = {isa = PBXBuildFile; fileRef = D5324B59239F7AF2008701A5 /* ShareSDKUI.bundle */; };
		D5324BA8239F7AF2008701A5 /* ShareSDKLink.framework in Frameworks */ = {isa = PBXBuildFile; fileRef = D5324B5A239F7AF2008701A5 /* ShareSDKLink.framework */; };
		D5324BA9239F7AF2008701A5 /* ShareSDKConfigFile.framework in Frameworks */ = {isa = PBXBuildFile; fileRef = D5324B5B239F7AF2008701A5 /* ShareSDKConfigFile.framework */; };
		D5324BAA239F7AF2008701A5 /* ShareSDKExtension.framework in Frameworks */ = {isa = PBXBuildFile; fileRef = D5324B5C239F7AF2008701A5 /* ShareSDKExtension.framework */; };
		D5324BAB239F7AF2008701A5 /* ShareSDKUI.framework in Frameworks */ = {isa = PBXBuildFile; fileRef = D5324B5D239F7AF2008701A5 /* ShareSDKUI.framework */; };
		D5324BAC239F7AF2008701A5 /* ShareSDKConfigFile.bundle in Resources */ = {isa = PBXBuildFile; fileRef = D5324B5E239F7AF2008701A5 /* ShareSDKConfigFile.bundle */; };
		D5324BAD239F7AF2008701A5 /* PrintConnector.framework in Frameworks */ = {isa = PBXBuildFile; fileRef = D5324B60239F7AF2008701A5 /* PrintConnector.framework */; };
		D5324BAE239F7AF2008701A5 /* SMSConnector.framework in Frameworks */ = {isa = PBXBuildFile; fileRef = D5324B61239F7AF2008701A5 /* SMSConnector.framework */; };
		D5324BAF239F7AF2008701A5 /* DropboxConnector.framework in Frameworks */ = {isa = PBXBuildFile; fileRef = D5324B62239F7AF2008701A5 /* DropboxConnector.framework */; };
		D5324BB0239F7AF2008701A5 /* RedditConnector.framework in Frameworks */ = {isa = PBXBuildFile; fileRef = D5324B63239F7AF2008701A5 /* RedditConnector.framework */; };
		D5324BB1239F7AF2008701A5 /* ESurfingConnector.framework in Frameworks */ = {isa = PBXBuildFile; fileRef = D5324B64239F7AF2008701A5 /* ESurfingConnector.framework */; };
		D5324BB2239F7AF2008701A5 /* FacebookAccountConnector.framework in Frameworks */ = {isa = PBXBuildFile; fileRef = D5324B65239F7AF2008701A5 /* FacebookAccountConnector.framework */; };
		D5324BB3239F7AF2008701A5 /* FacebookMessengerConnector.framework in Frameworks */ = {isa = PBXBuildFile; fileRef = D5324B66239F7AF2008701A5 /* FacebookMessengerConnector.framework */; };
		D5324BB4239F7AF2008701A5 /* WhatsAppConnector.framework in Frameworks */ = {isa = PBXBuildFile; fileRef = D5324B67239F7AF2008701A5 /* WhatsAppConnector.framework */; };
		D5324BB5239F7AF2008701A5 /* AppleAccountConnector.framework in Frameworks */ = {isa = PBXBuildFile; fileRef = D5324B68239F7AF2008701A5 /* AppleAccountConnector.framework */; };
		D5324BB6239F7AF2008701A5 /* TelegramConnector.framework in Frameworks */ = {isa = PBXBuildFile; fileRef = D5324B69239F7AF2008701A5 /* TelegramConnector.framework */; };
		D5324BB7239F7AF2008701A5 /* EasyChatConnector.framework in Frameworks */ = {isa = PBXBuildFile; fileRef = D5324B6A239F7AF2008701A5 /* EasyChatConnector.framework */; };
		D5324BB8239F7AF2008701A5 /* CMCCConnector.framework in Frameworks */ = {isa = PBXBuildFile; fileRef = D5324B6B239F7AF2008701A5 /* CMCCConnector.framework */; };
		D5324BB9239F7AF2008701A5 /* AliSocialConnector.framework in Frameworks */ = {isa = PBXBuildFile; fileRef = D5324B6C239F7AF2008701A5 /* AliSocialConnector.framework */; };
		D5324BBA239F7AF2008701A5 /* KaiXinConnector.framework in Frameworks */ = {isa = PBXBuildFile; fileRef = D5324B6D239F7AF2008701A5 /* KaiXinConnector.framework */; };
		D5324BBB239F7AF2008701A5 /* MailConnector.framework in Frameworks */ = {isa = PBXBuildFile; fileRef = D5324B6E239F7AF2008701A5 /* MailConnector.framework */; };
		D5324BBC239F7AF2008701A5 /* QQConnector.framework in Frameworks */ = {isa = PBXBuildFile; fileRef = D5324B6F239F7AF2008701A5 /* QQConnector.framework */; };
		D5324BBD239F7AF2008701A5 /* TumblrConnector.framework in Frameworks */ = {isa = PBXBuildFile; fileRef = D5324B70239F7AF2008701A5 /* TumblrConnector.framework */; };
		D5324BBE239F7AF2008701A5 /* VKontakteConnector.framework in Frameworks */ = {isa = PBXBuildFile; fileRef = D5324B71239F7AF2008701A5 /* VKontakteConnector.framework */; };
		D5324BBF239F7AF2008701A5 /* PocketConnector.framework in Frameworks */ = {isa = PBXBuildFile; fileRef = D5324B72239F7AF2008701A5 /* PocketConnector.framework */; };
		D5324BC0239F7AF2008701A5 /* MingDaoConnector.framework in Frameworks */ = {isa = PBXBuildFile; fileRef = D5324B73239F7AF2008701A5 /* MingDaoConnector.framework */; };
		D5324BC1239F7AF2008701A5 /* GooglePlusConnector.framework in Frameworks */ = {isa = PBXBuildFile; fileRef = D5324B74239F7AF2008701A5 /* GooglePlusConnector.framework */; };
		D5324BC2239F7AF2008701A5 /* TencentWeiboConnector.framework in Frameworks */ = {isa = PBXBuildFile; fileRef = D5324B75239F7AF2008701A5 /* TencentWeiboConnector.framework */; };
		D5324BC3239F7AF2008701A5 /* LineConnector.framework in Frameworks */ = {isa = PBXBuildFile; fileRef = D5324B76239F7AF2008701A5 /* LineConnector.framework */; };
		D5324BC4239F7AF2008701A5 /* MeiPaiConnector.framework in Frameworks */ = {isa = PBXBuildFile; fileRef = D5324B77239F7AF2008701A5 /* MeiPaiConnector.framework */; };
		D5324BC5239F7AF2008701A5 /* DouyinConnector.framework in Frameworks */ = {isa = PBXBuildFile; fileRef = D5324B78239F7AF2008701A5 /* DouyinConnector.framework */; };
		D5324BC6239F7AF2008701A5 /* CopyConnector.framework in Frameworks */ = {isa = PBXBuildFile; fileRef = D5324B79239F7AF2008701A5 /* CopyConnector.framework */; };
		D5324BC7239F7AF2008701A5 /* EvernoteConnector.framework in Frameworks */ = {isa = PBXBuildFile; fileRef = D5324B7A239F7AF2008701A5 /* EvernoteConnector.framework */; };
		D5324BC8239F7AF2008701A5 /* InstapaperConnector.framework in Frameworks */ = {isa = PBXBuildFile; fileRef = D5324B7B239F7AF2008701A5 /* InstapaperConnector.framework */; };
		D5324BC9239F7AF2008701A5 /* LinkedInConnector.framework in Frameworks */ = {isa = PBXBuildFile; fileRef = D5324B7C239F7AF2008701A5 /* LinkedInConnector.framework */; };
		D5324BCA239F7AF2008701A5 /* FlickrConnector.framework in Frameworks */ = {isa = PBXBuildFile; fileRef = D5324B7D239F7AF2008701A5 /* FlickrConnector.framework */; };
		D5324BCB239F7AF2008701A5 /* DingTalkConnector.framework in Frameworks */ = {isa = PBXBuildFile; fileRef = D5324B7E239F7AF2008701A5 /* DingTalkConnector.framework */; };
		D5324BCC239F7AF2008701A5 /* YouTubeConnector.framework in Frameworks */ = {isa = PBXBuildFile; fileRef = D5324B7F239F7AF2008701A5 /* YouTubeConnector.framework */; };
		D5324BCD239F7AF2008701A5 /* TwitterConnector.framework in Frameworks */ = {isa = PBXBuildFile; fileRef = D5324B80239F7AF2008701A5 /* TwitterConnector.framework */; };
		D5324BCE239F7AF2008701A5 /* FacebookConnector.framework in Frameworks */ = {isa = PBXBuildFile; fileRef = D5324B81239F7AF2008701A5 /* FacebookConnector.framework */; };
		D5324BCF239F7AF2008701A5 /* WechatConnector.framework in Frameworks */ = {isa = PBXBuildFile; fileRef = D5324B82239F7AF2008701A5 /* WechatConnector.framework */; };
		D5324BD0239F7AF2008701A5 /* YouDaoNoteConnector.framework in Frameworks */ = {isa = PBXBuildFile; fileRef = D5324B83239F7AF2008701A5 /* YouDaoNoteConnector.framework */; };
		D5324BD1239F7AF2008701A5 /* RenrenConnector.framework in Frameworks */ = {isa = PBXBuildFile; fileRef = D5324B84239F7AF2008701A5 /* RenrenConnector.framework */; };
		D5324BD2239F7AF2008701A5 /* PinterestConnector.framework in Frameworks */ = {isa = PBXBuildFile; fileRef = D5324B85239F7AF2008701A5 /* PinterestConnector.framework */; };
		D5324BD3239F7AF2008701A5 /* InstagramConnector.framework in Frameworks */ = {isa = PBXBuildFile; fileRef = D5324B86239F7AF2008701A5 /* InstagramConnector.framework */; };
		D5324BD4239F7AF2008701A5 /* KakaoConnector.framework in Frameworks */ = {isa = PBXBuildFile; fileRef = D5324B87239F7AF2008701A5 /* KakaoConnector.framework */; };
		D5324BD5239F7AF2008701A5 /* SinaWeiboConnector.framework in Frameworks */ = {isa = PBXBuildFile; fileRef = D5324B88239F7AF2008701A5 /* SinaWeiboConnector.framework */; };
		D5324BD6239F7AF2008701A5 /* WeworkConnector.framework in Frameworks */ = {isa = PBXBuildFile; fileRef = D5324B89239F7AF2008701A5 /* WeworkConnector.framework */; };
		D5324BD7239F7AF2008701A5 /* DouBanConnector.framework in Frameworks */ = {isa = PBXBuildFile; fileRef = D5324B8A239F7AF2008701A5 /* DouBanConnector.framework */; };
		D5324BD8239F7AF2008701A5 /* ShareSDK.framework in Frameworks */ = {isa = PBXBuildFile; fileRef = D5324B8B239F7AF2008701A5 /* ShareSDK.framework */; };
		DE9902511BECAB2F00F3AD45 /* Sample.html in Resources */ = {isa = PBXBuildFile; fileRef = DE99024F1BECAB2F00F3AD45 /* Sample.html */; };
		DEC9E6781BFDA71A007C3848 /* ImageIO.framework in Frameworks */ = {isa = PBXBuildFile; fileRef = DEDD3BB61BF9BA2A00575AF7 /* ImageIO.framework */; };
		DEDD3BAF1BF9BA0D00575AF7 /* libicucore.dylib in Frameworks */ = {isa = PBXBuildFile; fileRef = DEDD3BAE1BF9BA0D00575AF7 /* libicucore.dylib */; };
		DEDD3BB11BF9BA1600575AF7 /* libz.dylib in Frameworks */ = {isa = PBXBuildFile; fileRef = DEDD3BB01BF9BA1600575AF7 /* libz.dylib */; };
		DEDD3BB31BF9BA1F00575AF7 /* libstdc++.dylib in Frameworks */ = {isa = PBXBuildFile; fileRef = DEDD3BB21BF9BA1F00575AF7 /* libstdc++.dylib */; };
		DEDD3BB51BF9BA2400575AF7 /* JavaScriptCore.framework in Frameworks */ = {isa = PBXBuildFile; fileRef = DEDD3BB41BF9BA2400575AF7 /* JavaScriptCore.framework */; };
		DEDD3BB91BF9BA3100575AF7 /* AdSupport.framework in Frameworks */ = {isa = PBXBuildFile; fileRef = DEDD3BB81BF9BA3100575AF7 /* AdSupport.framework */; };
		DEDD3BBB1BF9BA3B00575AF7 /* libsqlite3.dylib in Frameworks */ = {isa = PBXBuildFile; fileRef = DEDD3BBA1BF9BA3B00575AF7 /* libsqlite3.dylib */; };
		DEE33CEA1BE7380300B1089C /* main.m in Sources */ = {isa = PBXBuildFile; fileRef = DEE33CE91BE7380300B1089C /* main.m */; };
		DEE33CED1BE7380300B1089C /* AppDelegate.m in Sources */ = {isa = PBXBuildFile; fileRef = DEE33CEC1BE7380300B1089C /* AppDelegate.m */; };
		DEE33CF01BE7380300B1089C /* ViewController.m in Sources */ = {isa = PBXBuildFile; fileRef = DEE33CEF1BE7380300B1089C /* ViewController.m */; };
		DEE33CF31BE7380300B1089C /* Main.storyboard in Resources */ = {isa = PBXBuildFile; fileRef = DEE33CF11BE7380300B1089C /* Main.storyboard */; };
		DEE33CF51BE7380300B1089C /* Assets.xcassets in Resources */ = {isa = PBXBuildFile; fileRef = DEE33CF41BE7380300B1089C /* Assets.xcassets */; };
		DEE33CF81BE7380300B1089C /* LaunchScreen.storyboard in Resources */ = {isa = PBXBuildFile; fileRef = DEE33CF61BE7380300B1089C /* LaunchScreen.storyboard */; };
/* End PBXBuildFile section */

/* Begin PBXFileReference section */
		0B45F5752277FD7D0008F97D /* ShareSDKHybrid.h */ = {isa = PBXFileReference; lastKnownFileType = sourcecode.c.h; path = ShareSDKHybrid.h; sourceTree = "<group>"; };
		0B45F5762277FD7D0008F97D /* ShareSDKHybrid.m */ = {isa = PBXFileReference; lastKnownFileType = sourcecode.c.objc; path = ShareSDKHybrid.m; sourceTree = "<group>"; };
		0B789DFE235ED624002FEDF3 /* ShareSDKForJavaScript.entitlements */ = {isa = PBXFileReference; lastKnownFileType = text.plist.entitlements; path = ShareSDKForJavaScript.entitlements; sourceTree = "<group>"; };
		0B85BDFA21A806D700029EFA /* ShareSDKJSBridge.h */ = {isa = PBXFileReference; fileEncoding = 4; lastKnownFileType = sourcecode.c.h; path = ShareSDKJSBridge.h; sourceTree = "<group>"; };
		0B85BDFB21A806D700029EFA /* ShareSDKJSBridge.m */ = {isa = PBXFileReference; fileEncoding = 4; lastKnownFileType = sourcecode.c.objc; path = ShareSDKJSBridge.m; sourceTree = "<group>"; };
		0B85BDFC21A806D700029EFA /* ShareSDK.js */ = {isa = PBXFileReference; fileEncoding = 4; lastKnownFileType = sourcecode.javascript; path = ShareSDK.js; sourceTree = "<group>"; };
		D52A7E762398FCFC006512D1 /* AuthenticationServices.framework */ = {isa = PBXFileReference; lastKnownFileType = wrapper.framework; name = AuthenticationServices.framework; path = System/Library/Frameworks/AuthenticationServices.framework; sourceTree = SDKROOT; };
		D5324B1F239F7AF2008701A5 /* MOBFoundation.framework */ = {isa = PBXFileReference; lastKnownFileType = wrapper.framework; path = MOBFoundation.framework; sourceTree = "<group>"; };
		D5324B24239F7AF2008701A5 /* RennSDK.bundle */ = {isa = PBXFileReference; lastKnownFileType = "wrapper.plug-in"; path = RennSDK.bundle; sourceTree = "<group>"; };
		D5324B25239F7AF2008701A5 /* RennSDK.framework */ = {isa = PBXFileReference; lastKnownFileType = wrapper.framework; path = RennSDK.framework; sourceTree = "<group>"; };
		D5324B27239F7AF2008701A5 /* WeiboSDK.bundle */ = {isa = PBXFileReference; lastKnownFileType = "wrapper.plug-in"; path = WeiboSDK.bundle; sourceTree = "<group>"; };
		D5324B28239F7AF2008701A5 /* libWeiboSDK.a */ = {isa = PBXFileReference; lastKnownFileType = archive.ar; path = libWeiboSDK.a; sourceTree = "<group>"; };
		D5324B29239F7AF2008701A5 /* WBHttpRequest.h */ = {isa = PBXFileReference; fileEncoding = 4; lastKnownFileType = sourcecode.c.h; path = WBHttpRequest.h; sourceTree = "<group>"; };
		D5324B2A239F7AF2008701A5 /* WeiboSDK.h */ = {isa = PBXFileReference; fileEncoding = 4; lastKnownFileType = sourcecode.c.h; path = WeiboSDK.h; sourceTree = "<group>"; };
		D5324B2C239F7AF2008701A5 /* TikTokOpenPlatformSDK.framework */ = {isa = PBXFileReference; lastKnownFileType = wrapper.framework; path = TikTokOpenPlatformSDK.framework; sourceTree = "<group>"; };
		D5324B2E239F7AF2008701A5 /* WXApi.h */ = {isa = PBXFileReference; fileEncoding = 4; lastKnownFileType = sourcecode.c.h; path = WXApi.h; sourceTree = "<group>"; };
		D5324B2F239F7AF2008701A5 /* WXApiObject.h */ = {isa = PBXFileReference; fileEncoding = 4; lastKnownFileType = sourcecode.c.h; path = WXApiObject.h; sourceTree = "<group>"; };
		D5324B30239F7AF2008701A5 /* README.txt */ = {isa = PBXFileReference; fileEncoding = 4; lastKnownFileType = text; path = README.txt; sourceTree = "<group>"; };
		D5324B31239F7AF2008701A5 /* WechatAuthSDK.h */ = {isa = PBXFileReference; fileEncoding = 4; lastKnownFileType = sourcecode.c.h; path = WechatAuthSDK.h; sourceTree = "<group>"; };
		D5324B32239F7AF2008701A5 /* libWeChatSDK.a */ = {isa = PBXFileReference; lastKnownFileType = archive.ar; path = libWeChatSDK.a; sourceTree = "<group>"; };
		D5324B34239F7AF2008701A5 /* libAPOpenSdk.a */ = {isa = PBXFileReference; lastKnownFileType = archive.ar; path = libAPOpenSdk.a; sourceTree = "<group>"; };
		D5324B35239F7AF2008701A5 /* README.md */ = {isa = PBXFileReference; fileEncoding = 4; lastKnownFileType = net.daringfireball.markdown; path = README.md; sourceTree = "<group>"; };
		D5324B36239F7AF2008701A5 /* APOpenAPIObject.h */ = {isa = PBXFileReference; fileEncoding = 4; lastKnownFileType = sourcecode.c.h; path = APOpenAPIObject.h; sourceTree = "<group>"; };
		D5324B37239F7AF2008701A5 /* APOpenAPI.h */ = {isa = PBXFileReference; fileEncoding = 4; lastKnownFileType = sourcecode.c.h; path = APOpenAPI.h; sourceTree = "<group>"; };
		D5324B39239F7AF2008701A5 /* AccountKitStrings.bundle */ = {isa = PBXFileReference; lastKnownFileType = "wrapper.plug-in"; path = AccountKitStrings.bundle; sourceTree = "<group>"; };
		D5324B3A239F7AF2008701A5 /* AccountKit.framework */ = {isa = PBXFileReference; lastKnownFileType = wrapper.framework; path = AccountKit.framework; sourceTree = "<group>"; };
		D5324B3C239F7AF2008701A5 /* TYRZSDK.framework */ = {isa = PBXFileReference; lastKnownFileType = wrapper.framework; path = TYRZSDK.framework; sourceTree = "<group>"; };
		D5324B3D239F7AF2008701A5 /* Resource.bundle */ = {isa = PBXFileReference; lastKnownFileType = "wrapper.plug-in"; path = Resource.bundle; sourceTree = "<group>"; };
		D5324B3F239F7AF2008701A5 /* LineSDK.framework */ = {isa = PBXFileReference; lastKnownFileType = wrapper.framework; path = LineSDK.framework; sourceTree = "<group>"; };
		D5324B41239F7AF2008701A5 /* libWXWorkApi.a */ = {isa = PBXFileReference; lastKnownFileType = archive.ar; path = libWXWorkApi.a; sourceTree = "<group>"; };
		D5324B42239F7AF2008701A5 /* WWKApi.h */ = {isa = PBXFileReference; fileEncoding = 4; lastKnownFileType = sourcecode.c.h; path = WWKApi.h; sourceTree = "<group>"; };
		D5324B43239F7AF2008701A5 /* WWKApiObject.h */ = {isa = PBXFileReference; fileEncoding = 4; lastKnownFileType = sourcecode.c.h; path = WWKApiObject.h; sourceTree = "<group>"; };
		D5324B45239F7AF2008701A5 /* MPShareSDK.framework */ = {isa = PBXFileReference; lastKnownFileType = wrapper.framework; path = MPShareSDK.framework; sourceTree = "<group>"; };
		D5324B47239F7AF2008701A5 /* TencentOpenAPI.framework */ = {isa = PBXFileReference; lastKnownFileType = wrapper.framework; path = TencentOpenAPI.framework; sourceTree = "<group>"; };
		D5324B49239F7AF2008701A5 /* KakaoCommon.framework */ = {isa = PBXFileReference; lastKnownFileType = wrapper.framework; path = KakaoCommon.framework; sourceTree = "<group>"; };
		D5324B4A239F7AF2008701A5 /* KakaoLink.framework */ = {isa = PBXFileReference; lastKnownFileType = wrapper.framework; path = KakaoLink.framework; sourceTree = "<group>"; };
		D5324B4B239F7AF2008701A5 /* KakaoOpenSDK.framework */ = {isa = PBXFileReference; lastKnownFileType = wrapper.framework; path = KakaoOpenSDK.framework; sourceTree = "<group>"; };
		D5324B4D239F7AF2008701A5 /* HTMLResource.bundle */ = {isa = PBXFileReference; lastKnownFileType = "wrapper.plug-in"; path = HTMLResource.bundle; sourceTree = "<group>"; };
		D5324B4E239F7AF2008701A5 /* EAccountSDKArchive.framework */ = {isa = PBXFileReference; lastKnownFileType = wrapper.framework; path = EAccountSDKArchive.framework; sourceTree = "<group>"; };
		D5324B50239F7AF2008701A5 /* DTShareKit.framework */ = {isa = PBXFileReference; lastKnownFileType = wrapper.framework; path = DTShareKit.framework; sourceTree = "<group>"; };
		D5324B52239F7AF2008701A5 /* libYixinSDK.a */ = {isa = PBXFileReference; lastKnownFileType = archive.ar; path = libYixinSDK.a; sourceTree = "<group>"; };
		D5324B53239F7AF2008701A5 /* YXApiObject.h */ = {isa = PBXFileReference; fileEncoding = 4; lastKnownFileType = sourcecode.c.h; path = YXApiObject.h; sourceTree = "<group>"; };
		D5324B54239F7AF2008701A5 /* YXApi.h */ = {isa = PBXFileReference; fileEncoding = 4; lastKnownFileType = sourcecode.c.h; path = YXApi.h; sourceTree = "<group>"; };
		D5324B56239F7AF2008701A5 /* ShareSDKConnector.framework */ = {isa = PBXFileReference; lastKnownFileType = wrapper.framework; path = ShareSDKConnector.framework; sourceTree = "<group>"; };
		D5324B57239F7AF2008701A5 /* ShareSDK.bundle */ = {isa = PBXFileReference; lastKnownFileType = "wrapper.plug-in"; path = ShareSDK.bundle; sourceTree = "<group>"; };
		D5324B59239F7AF2008701A5 /* ShareSDKUI.bundle */ = {isa = PBXFileReference; lastKnownFileType = "wrapper.plug-in"; path = ShareSDKUI.bundle; sourceTree = "<group>"; };
		D5324B5A239F7AF2008701A5 /* ShareSDKLink.framework */ = {isa = PBXFileReference; lastKnownFileType = wrapper.framework; path = ShareSDKLink.framework; sourceTree = "<group>"; };
		D5324B5B239F7AF2008701A5 /* ShareSDKConfigFile.framework */ = {isa = PBXFileReference; lastKnownFileType = wrapper.framework; path = ShareSDKConfigFile.framework; sourceTree = "<group>"; };
		D5324B5C239F7AF2008701A5 /* ShareSDKExtension.framework */ = {isa = PBXFileReference; lastKnownFileType = wrapper.framework; path = ShareSDKExtension.framework; sourceTree = "<group>"; };
		D5324B5D239F7AF2008701A5 /* ShareSDKUI.framework */ = {isa = PBXFileReference; lastKnownFileType = wrapper.framework; path = ShareSDKUI.framework; sourceTree = "<group>"; };
		D5324B5E239F7AF2008701A5 /* ShareSDKConfigFile.bundle */ = {isa = PBXFileReference; lastKnownFileType = "wrapper.plug-in"; path = ShareSDKConfigFile.bundle; sourceTree = "<group>"; };
		D5324B60239F7AF2008701A5 /* PrintConnector.framework */ = {isa = PBXFileReference; lastKnownFileType = wrapper.framework; path = PrintConnector.framework; sourceTree = "<group>"; };
		D5324B61239F7AF2008701A5 /* SMSConnector.framework */ = {isa = PBXFileReference; lastKnownFileType = wrapper.framework; path = SMSConnector.framework; sourceTree = "<group>"; };
		D5324B62239F7AF2008701A5 /* DropboxConnector.framework */ = {isa = PBXFileReference; lastKnownFileType = wrapper.framework; path = DropboxConnector.framework; sourceTree = "<group>"; };
		D5324B63239F7AF2008701A5 /* RedditConnector.framework */ = {isa = PBXFileReference; lastKnownFileType = wrapper.framework; path = RedditConnector.framework; sourceTree = "<group>"; };
		D5324B64239F7AF2008701A5 /* ESurfingConnector.framework */ = {isa = PBXFileReference; lastKnownFileType = wrapper.framework; path = ESurfingConnector.framework; sourceTree = "<group>"; };
		D5324B65239F7AF2008701A5 /* FacebookAccountConnector.framework */ = {isa = PBXFileReference; lastKnownFileType = wrapper.framework; path = FacebookAccountConnector.framework; sourceTree = "<group>"; };
		D5324B66239F7AF2008701A5 /* FacebookMessengerConnector.framework */ = {isa = PBXFileReference; lastKnownFileType = wrapper.framework; path = FacebookMessengerConnector.framework; sourceTree = "<group>"; };
		D5324B67239F7AF2008701A5 /* WhatsAppConnector.framework */ = {isa = PBXFileReference; lastKnownFileType = wrapper.framework; path = WhatsAppConnector.framework; sourceTree = "<group>"; };
		D5324B68239F7AF2008701A5 /* AppleAccountConnector.framework */ = {isa = PBXFileReference; lastKnownFileType = wrapper.framework; path = AppleAccountConnector.framework; sourceTree = "<group>"; };
		D5324B69239F7AF2008701A5 /* TelegramConnector.framework */ = {isa = PBXFileReference; lastKnownFileType = wrapper.framework; path = TelegramConnector.framework; sourceTree = "<group>"; };
		D5324B6A239F7AF2008701A5 /* EasyChatConnector.framework */ = {isa = PBXFileReference; lastKnownFileType = wrapper.framework; path = EasyChatConnector.framework; sourceTree = "<group>"; };
		D5324B6B239F7AF2008701A5 /* CMCCConnector.framework */ = {isa = PBXFileReference; lastKnownFileType = wrapper.framework; path = CMCCConnector.framework; sourceTree = "<group>"; };
		D5324B6C239F7AF2008701A5 /* AliSocialConnector.framework */ = {isa = PBXFileReference; lastKnownFileType = wrapper.framework; path = AliSocialConnector.framework; sourceTree = "<group>"; };
		D5324B6D239F7AF2008701A5 /* KaiXinConnector.framework */ = {isa = PBXFileReference; lastKnownFileType = wrapper.framework; path = KaiXinConnector.framework; sourceTree = "<group>"; };
		D5324B6E239F7AF2008701A5 /* MailConnector.framework */ = {isa = PBXFileReference; lastKnownFileType = wrapper.framework; path = MailConnector.framework; sourceTree = "<group>"; };
		D5324B6F239F7AF2008701A5 /* QQConnector.framework */ = {isa = PBXFileReference; lastKnownFileType = wrapper.framework; path = QQConnector.framework; sourceTree = "<group>"; };
		D5324B70239F7AF2008701A5 /* TumblrConnector.framework */ = {isa = PBXFileReference; lastKnownFileType = wrapper.framework; path = TumblrConnector.framework; sourceTree = "<group>"; };
		D5324B71239F7AF2008701A5 /* VKontakteConnector.framework */ = {isa = PBXFileReference; lastKnownFileType = wrapper.framework; path = VKontakteConnector.framework; sourceTree = "<group>"; };
		D5324B72239F7AF2008701A5 /* PocketConnector.framework */ = {isa = PBXFileReference; lastKnownFileType = wrapper.framework; path = PocketConnector.framework; sourceTree = "<group>"; };
		D5324B73239F7AF2008701A5 /* MingDaoConnector.framework */ = {isa = PBXFileReference; lastKnownFileType = wrapper.framework; path = MingDaoConnector.framework; sourceTree = "<group>"; };
		D5324B74239F7AF2008701A5 /* GooglePlusConnector.framework */ = {isa = PBXFileReference; lastKnownFileType = wrapper.framework; path = GooglePlusConnector.framework; sourceTree = "<group>"; };
		D5324B75239F7AF2008701A5 /* TencentWeiboConnector.framework */ = {isa = PBXFileReference; lastKnownFileType = wrapper.framework; path = TencentWeiboConnector.framework; sourceTree = "<group>"; };
		D5324B76239F7AF2008701A5 /* LineConnector.framework */ = {isa = PBXFileReference; lastKnownFileType = wrapper.framework; path = LineConnector.framework; sourceTree = "<group>"; };
		D5324B77239F7AF2008701A5 /* MeiPaiConnector.framework */ = {isa = PBXFileReference; lastKnownFileType = wrapper.framework; path = MeiPaiConnector.framework; sourceTree = "<group>"; };
		D5324B78239F7AF2008701A5 /* DouyinConnector.framework */ = {isa = PBXFileReference; lastKnownFileType = wrapper.framework; path = DouyinConnector.framework; sourceTree = "<group>"; };
		D5324B79239F7AF2008701A5 /* CopyConnector.framework */ = {isa = PBXFileReference; lastKnownFileType = wrapper.framework; path = CopyConnector.framework; sourceTree = "<group>"; };
		D5324B7A239F7AF2008701A5 /* EvernoteConnector.framework */ = {isa = PBXFileReference; lastKnownFileType = wrapper.framework; path = EvernoteConnector.framework; sourceTree = "<group>"; };
		D5324B7B239F7AF2008701A5 /* InstapaperConnector.framework */ = {isa = PBXFileReference; lastKnownFileType = wrapper.framework; path = InstapaperConnector.framework; sourceTree = "<group>"; };
		D5324B7C239F7AF2008701A5 /* LinkedInConnector.framework */ = {isa = PBXFileReference; lastKnownFileType = wrapper.framework; path = LinkedInConnector.framework; sourceTree = "<group>"; };
		D5324B7D239F7AF2008701A5 /* FlickrConnector.framework */ = {isa = PBXFileReference; lastKnownFileType = wrapper.framework; path = FlickrConnector.framework; sourceTree = "<group>"; };
		D5324B7E239F7AF2008701A5 /* DingTalkConnector.framework */ = {isa = PBXFileReference; lastKnownFileType = wrapper.framework; path = DingTalkConnector.framework; sourceTree = "<group>"; };
		D5324B7F239F7AF2008701A5 /* YouTubeConnector.framework */ = {isa = PBXFileReference; lastKnownFileType = wrapper.framework; path = YouTubeConnector.framework; sourceTree = "<group>"; };
		D5324B80239F7AF2008701A5 /* TwitterConnector.framework */ = {isa = PBXFileReference; lastKnownFileType = wrapper.framework; path = TwitterConnector.framework; sourceTree = "<group>"; };
		D5324B81239F7AF2008701A5 /* FacebookConnector.framework */ = {isa = PBXFileReference; lastKnownFileType = wrapper.framework; path = FacebookConnector.framework; sourceTree = "<group>"; };
		D5324B82239F7AF2008701A5 /* WechatConnector.framework */ = {isa = PBXFileReference; lastKnownFileType = wrapper.framework; path = WechatConnector.framework; sourceTree = "<group>"; };
		D5324B83239F7AF2008701A5 /* YouDaoNoteConnector.framework */ = {isa = PBXFileReference; lastKnownFileType = wrapper.framework; path = YouDaoNoteConnector.framework; sourceTree = "<group>"; };
		D5324B84239F7AF2008701A5 /* RenrenConnector.framework */ = {isa = PBXFileReference; lastKnownFileType = wrapper.framework; path = RenrenConnector.framework; sourceTree = "<group>"; };
		D5324B85239F7AF2008701A5 /* PinterestConnector.framework */ = {isa = PBXFileReference; lastKnownFileType = wrapper.framework; path = PinterestConnector.framework; sourceTree = "<group>"; };
		D5324B86239F7AF2008701A5 /* InstagramConnector.framework */ = {isa = PBXFileReference; lastKnownFileType = wrapper.framework; path = InstagramConnector.framework; sourceTree = "<group>"; };
		D5324B87239F7AF2008701A5 /* KakaoConnector.framework */ = {isa = PBXFileReference; lastKnownFileType = wrapper.framework; path = KakaoConnector.framework; sourceTree = "<group>"; };
		D5324B88239F7AF2008701A5 /* SinaWeiboConnector.framework */ = {isa = PBXFileReference; lastKnownFileType = wrapper.framework; path = SinaWeiboConnector.framework; sourceTree = "<group>"; };
		D5324B89239F7AF2008701A5 /* WeworkConnector.framework */ = {isa = PBXFileReference; lastKnownFileType = wrapper.framework; path = WeworkConnector.framework; sourceTree = "<group>"; };
		D5324B8A239F7AF2008701A5 /* DouBanConnector.framework */ = {isa = PBXFileReference; lastKnownFileType = wrapper.framework; path = DouBanConnector.framework; sourceTree = "<group>"; };
		D5324B8B239F7AF2008701A5 /* ShareSDK.framework */ = {isa = PBXFileReference; lastKnownFileType = wrapper.framework; path = ShareSDK.framework; sourceTree = "<group>"; };
		DE99024F1BECAB2F00F3AD45 /* Sample.html */ = {isa = PBXFileReference; fileEncoding = 4; lastKnownFileType = text.html; path = Sample.html; sourceTree = "<group>"; };
		DEDD3BAE1BF9BA0D00575AF7 /* libicucore.dylib */ = {isa = PBXFileReference; lastKnownFileType = "compiled.mach-o.dylib"; name = libicucore.dylib; path = usr/lib/libicucore.dylib; sourceTree = SDKROOT; };
		DEDD3BB01BF9BA1600575AF7 /* libz.dylib */ = {isa = PBXFileReference; lastKnownFileType = "compiled.mach-o.dylib"; name = libz.dylib; path = usr/lib/libz.dylib; sourceTree = SDKROOT; };
		DEDD3BB21BF9BA1F00575AF7 /* libstdc++.dylib */ = {isa = PBXFileReference; lastKnownFileType = "compiled.mach-o.dylib"; name = "libstdc++.dylib"; path = "usr/lib/libstdc++.dylib"; sourceTree = SDKROOT; };
		DEDD3BB41BF9BA2400575AF7 /* JavaScriptCore.framework */ = {isa = PBXFileReference; lastKnownFileType = wrapper.framework; name = JavaScriptCore.framework; path = System/Library/Frameworks/JavaScriptCore.framework; sourceTree = SDKROOT; };
		DEDD3BB61BF9BA2A00575AF7 /* ImageIO.framework */ = {isa = PBXFileReference; lastKnownFileType = wrapper.framework; name = ImageIO.framework; path = System/Library/Frameworks/ImageIO.framework; sourceTree = SDKROOT; };
		DEDD3BB81BF9BA3100575AF7 /* AdSupport.framework */ = {isa = PBXFileReference; lastKnownFileType = wrapper.framework; name = AdSupport.framework; path = System/Library/Frameworks/AdSupport.framework; sourceTree = SDKROOT; };
		DEDD3BBA1BF9BA3B00575AF7 /* libsqlite3.dylib */ = {isa = PBXFileReference; lastKnownFileType = "compiled.mach-o.dylib"; name = libsqlite3.dylib; path = usr/lib/libsqlite3.dylib; sourceTree = SDKROOT; };
		DEE33CE51BE7380300B1089C /* ShareSDKForJavaScript.app */ = {isa = PBXFileReference; explicitFileType = wrapper.application; includeInIndex = 0; path = ShareSDKForJavaScript.app; sourceTree = BUILT_PRODUCTS_DIR; };
		DEE33CE91BE7380300B1089C /* main.m */ = {isa = PBXFileReference; lastKnownFileType = sourcecode.c.objc; path = main.m; sourceTree = "<group>"; };
		DEE33CEB1BE7380300B1089C /* AppDelegate.h */ = {isa = PBXFileReference; lastKnownFileType = sourcecode.c.h; path = AppDelegate.h; sourceTree = "<group>"; };
		DEE33CEC1BE7380300B1089C /* AppDelegate.m */ = {isa = PBXFileReference; lastKnownFileType = sourcecode.c.objc; path = AppDelegate.m; sourceTree = "<group>"; };
		DEE33CEE1BE7380300B1089C /* ViewController.h */ = {isa = PBXFileReference; lastKnownFileType = sourcecode.c.h; path = ViewController.h; sourceTree = "<group>"; };
		DEE33CEF1BE7380300B1089C /* ViewController.m */ = {isa = PBXFileReference; lastKnownFileType = sourcecode.c.objc; path = ViewController.m; sourceTree = "<group>"; };
		DEE33CF21BE7380300B1089C /* Base */ = {isa = PBXFileReference; lastKnownFileType = file.storyboard; name = Base; path = Base.lproj/Main.storyboard; sourceTree = "<group>"; };
		DEE33CF41BE7380300B1089C /* Assets.xcassets */ = {isa = PBXFileReference; lastKnownFileType = folder.assetcatalog; path = Assets.xcassets; sourceTree = "<group>"; };
		DEE33CF71BE7380300B1089C /* Base */ = {isa = PBXFileReference; lastKnownFileType = file.storyboard; name = Base; path = Base.lproj/LaunchScreen.storyboard; sourceTree = "<group>"; };
		DEE33CF91BE7380300B1089C /* Info.plist */ = {isa = PBXFileReference; lastKnownFileType = text.plist.xml; path = Info.plist; sourceTree = "<group>"; };
/* End PBXFileReference section */

/* Begin PBXFrameworksBuildPhase section */
		DEE33CE21BE7380300B1089C /* Frameworks */ = {
			isa = PBXFrameworksBuildPhase;
			buildActionMask = 2147483647;
			files = (
				D5324BA4239F7AF2008701A5 /* libYixinSDK.a in Frameworks */,
				D5324BB6239F7AF2008701A5 /* TelegramConnector.framework in Frameworks */,
				D52A7E772398FCFC006512D1 /* AuthenticationServices.framework in Frameworks */,
				D5324B90239F7AF2008701A5 /* libWeiboSDK.a in Frameworks */,
				D5324BD4239F7AF2008701A5 /* KakaoConnector.framework in Frameworks */,
				D5324BAF239F7AF2008701A5 /* DropboxConnector.framework in Frameworks */,
				D5324BA9239F7AF2008701A5 /* ShareSDKConfigFile.framework in Frameworks */,
				D5324B9A239F7AF2008701A5 /* LineSDK.framework in Frameworks */,
				D5324BAE239F7AF2008701A5 /* SMSConnector.framework in Frameworks */,
				D5324BC5239F7AF2008701A5 /* DouyinConnector.framework in Frameworks */,
				DEC9E6781BFDA71A007C3848 /* ImageIO.framework in Frameworks */,
				D5324BA8239F7AF2008701A5 /* ShareSDKLink.framework in Frameworks */,
				D5324BCC239F7AF2008701A5 /* YouTubeConnector.framework in Frameworks */,
				D5324BD2239F7AF2008701A5 /* PinterestConnector.framework in Frameworks */,
				D5324BBF239F7AF2008701A5 /* PocketConnector.framework in Frameworks */,
				DEDD3BBB1BF9BA3B00575AF7 /* libsqlite3.dylib in Frameworks */,
				D5324B9D239F7AF2008701A5 /* TencentOpenAPI.framework in Frameworks */,
				D5324BA5239F7AF2008701A5 /* ShareSDKConnector.framework in Frameworks */,
				D5324B93239F7AF2008701A5 /* libWeChatSDK.a in Frameworks */,
				D5324BCA239F7AF2008701A5 /* FlickrConnector.framework in Frameworks */,
				D5324BC9239F7AF2008701A5 /* LinkedInConnector.framework in Frameworks */,
				D5324BB1239F7AF2008701A5 /* ESurfingConnector.framework in Frameworks */,
				D5324BA3239F7AF2008701A5 /* DTShareKit.framework in Frameworks */,
				D5324BAD239F7AF2008701A5 /* PrintConnector.framework in Frameworks */,
				D5324BCF239F7AF2008701A5 /* WechatConnector.framework in Frameworks */,
				D5324BAB239F7AF2008701A5 /* ShareSDKUI.framework in Frameworks */,
				D5324BC7239F7AF2008701A5 /* EvernoteConnector.framework in Frameworks */,
				D5324B94239F7AF2008701A5 /* libAPOpenSdk.a in Frameworks */,
				D5324BD1239F7AF2008701A5 /* RenrenConnector.framework in Frameworks */,
				D5324BC6239F7AF2008701A5 /* CopyConnector.framework in Frameworks */,
				DEDD3BB91BF9BA3100575AF7 /* AdSupport.framework in Frameworks */,
				D5324BD7239F7AF2008701A5 /* DouBanConnector.framework in Frameworks */,
				D5324BC8239F7AF2008701A5 /* InstapaperConnector.framework in Frameworks */,
				D5324BC2239F7AF2008701A5 /* TencentWeiboConnector.framework in Frameworks */,
				D5324BC0239F7AF2008701A5 /* MingDaoConnector.framework in Frameworks */,
				DEDD3BB51BF9BA2400575AF7 /* JavaScriptCore.framework in Frameworks */,
				D5324B9F239F7AF2008701A5 /* KakaoLink.framework in Frameworks */,
				D5324BBD239F7AF2008701A5 /* TumblrConnector.framework in Frameworks */,
				D5324BD0239F7AF2008701A5 /* YouDaoNoteConnector.framework in Frameworks */,
				D5324BD8239F7AF2008701A5 /* ShareSDK.framework in Frameworks */,
				D5324B98239F7AF2008701A5 /* TYRZSDK.framework in Frameworks */,
				D5324BAA239F7AF2008701A5 /* ShareSDKExtension.framework in Frameworks */,
				DEDD3BB31BF9BA1F00575AF7 /* libstdc++.dylib in Frameworks */,
				D5324B8C239F7AF2008701A5 /* MOBFoundation.framework in Frameworks */,
				D5324BC1239F7AF2008701A5 /* GooglePlusConnector.framework in Frameworks */,
				D5324BB8239F7AF2008701A5 /* CMCCConnector.framework in Frameworks */,
				D5324BB0239F7AF2008701A5 /* RedditConnector.framework in Frameworks */,
				D5324BC4239F7AF2008701A5 /* MeiPaiConnector.framework in Frameworks */,
				D5324BB9239F7AF2008701A5 /* AliSocialConnector.framework in Frameworks */,
				D5324BD6239F7AF2008701A5 /* WeworkConnector.framework in Frameworks */,
				D5324BB3239F7AF2008701A5 /* FacebookMessengerConnector.framework in Frameworks */,
				DEDD3BB11BF9BA1600575AF7 /* libz.dylib in Frameworks */,
				D5324BB4239F7AF2008701A5 /* WhatsAppConnector.framework in Frameworks */,
				D5324B8E239F7AF2008701A5 /* RennSDK.framework in Frameworks */,
				D5324B9C239F7AF2008701A5 /* MPShareSDK.framework in Frameworks */,
				D5324BD5239F7AF2008701A5 /* SinaWeiboConnector.framework in Frameworks */,
				D5324BA0239F7AF2008701A5 /* KakaoOpenSDK.framework in Frameworks */,
				D5324BBE239F7AF2008701A5 /* VKontakteConnector.framework in Frameworks */,
				D5324BBB239F7AF2008701A5 /* MailConnector.framework in Frameworks */,
				D5324B9E239F7AF2008701A5 /* KakaoCommon.framework in Frameworks */,
				D5324BCE239F7AF2008701A5 /* FacebookConnector.framework in Frameworks */,
				D5324B9B239F7AF2008701A5 /* libWXWorkApi.a in Frameworks */,
				D5324BCD239F7AF2008701A5 /* TwitterConnector.framework in Frameworks */,
				D5324BC3239F7AF2008701A5 /* LineConnector.framework in Frameworks */,
				D5324B97239F7AF2008701A5 /* AccountKit.framework in Frameworks */,
				D5324B91239F7AF2008701A5 /* TikTokOpenPlatformSDK.framework in Frameworks */,
				D5324BD3239F7AF2008701A5 /* InstagramConnector.framework in Frameworks */,
				D5324BA2239F7AF2008701A5 /* EAccountSDKArchive.framework in Frameworks */,
				D5324BB5239F7AF2008701A5 /* AppleAccountConnector.framework in Frameworks */,
				DEDD3BAF1BF9BA0D00575AF7 /* libicucore.dylib in Frameworks */,
				D5324BB7239F7AF2008701A5 /* EasyChatConnector.framework in Frameworks */,
				D5324BCB239F7AF2008701A5 /* DingTalkConnector.framework in Frameworks */,
				D5324BB2239F7AF2008701A5 /* FacebookAccountConnector.framework in Frameworks */,
				D5324BBA239F7AF2008701A5 /* KaiXinConnector.framework in Frameworks */,
				D5324BBC239F7AF2008701A5 /* QQConnector.framework in Frameworks */,
			);
			runOnlyForDeploymentPostprocessing = 0;
		};
/* End PBXFrameworksBuildPhase section */

/* Begin PBXGroup section */
		0B85BDF821A806D700029EFA /* JSApi */ = {
			isa = PBXGroup;
			children = (
				0B85BDF921A806D700029EFA /* iOS */,
				0B85BDFC21A806D700029EFA /* ShareSDK.js */,
			);
			name = JSApi;
			path = ../../JSApi;
			sourceTree = "<group>";
		};
		0B85BDF921A806D700029EFA /* iOS */ = {
			isa = PBXGroup;
			children = (
				0B85BDFA21A806D700029EFA /* ShareSDKJSBridge.h */,
				0B85BDFB21A806D700029EFA /* ShareSDKJSBridge.m */,
				0B45F5752277FD7D0008F97D /* ShareSDKHybrid.h */,
				0B45F5762277FD7D0008F97D /* ShareSDKHybrid.m */,
			);
			path = iOS;
			sourceTree = "<group>";
		};
		504A5E6D215C735100A8362F /* SDK */ = {
			isa = PBXGroup;
			children = (
				D5324B1E239F7AF2008701A5 /* Required */,
				D5324B20239F7AF2008701A5 /* ShareSDK */,
			);
			path = SDK;
			sourceTree = SOURCE_ROOT;
		};
		D52A7E752398FCFC006512D1 /* Frameworks */ = {
			isa = PBXGroup;
			children = (
				D52A7E762398FCFC006512D1 /* AuthenticationServices.framework */,
			);
			name = Frameworks;
			sourceTree = "<group>";
		};
		D5324B1E239F7AF2008701A5 /* Required */ = {
			isa = PBXGroup;
			children = (
				D5324B1F239F7AF2008701A5 /* MOBFoundation.framework */,
			);
			path = Required;
			sourceTree = "<group>";
		};
		D5324B20239F7AF2008701A5 /* ShareSDK */ = {
			isa = PBXGroup;
			children = (
				D5324B21239F7AF2008701A5 /* Support */,
				D5324B8B239F7AF2008701A5 /* ShareSDK.framework */,
			);
			path = ShareSDK;
			sourceTree = "<group>";
		};
		D5324B21239F7AF2008701A5 /* Support */ = {
			isa = PBXGroup;
			children = (
				D5324B22239F7AF2008701A5 /* PlatformSDK */,
				D5324B55239F7AF2008701A5 /* Required */,
				D5324B58239F7AF2008701A5 /* Optional */,
				D5324B5F239F7AF2008701A5 /* PlatformConnector */,
			);
			path = Support;
			sourceTree = "<group>";
		};
		D5324B22239F7AF2008701A5 /* PlatformSDK */ = {
			isa = PBXGroup;
			children = (
				D5324B23239F7AF2008701A5 /* RenRenSDK */,
				D5324B26239F7AF2008701A5 /* SinaWeiboSDK */,
				D5324B2B239F7AF2008701A5 /* DouyinOpenSDK */,
				D5324B2D239F7AF2008701A5 /* WeChatSDK */,
				D5324B33239F7AF2008701A5 /* APSocialSDK */,
				D5324B38239F7AF2008701A5 /* FacebookAccountSDK */,
				D5324B3B239F7AF2008701A5 /* CMCCSDK */,
				D5324B3E239F7AF2008701A5 /* LineSDK */,
				D5324B40239F7AF2008701A5 /* WXWorkSDK */,
				D5324B44239F7AF2008701A5 /* MPShareSDK */,
				D5324B46239F7AF2008701A5 /* QQSDK */,
				D5324B48239F7AF2008701A5 /* KaKaoSDK */,
				D5324B4C239F7AF2008701A5 /* ESurfingSDK */,
				D5324B4F239F7AF2008701A5 /* DingTalkSDK */,
				D5324B51239F7AF2008701A5 /* YiXinSDK */,
			);
			path = PlatformSDK;
			sourceTree = "<group>";
		};
		D5324B23239F7AF2008701A5 /* RenRenSDK */ = {
			isa = PBXGroup;
			children = (
				D5324B24239F7AF2008701A5 /* RennSDK.bundle */,
				D5324B25239F7AF2008701A5 /* RennSDK.framework */,
			);
			path = RenRenSDK;
			sourceTree = "<group>";
		};
		D5324B26239F7AF2008701A5 /* SinaWeiboSDK */ = {
			isa = PBXGroup;
			children = (
				D5324B27239F7AF2008701A5 /* WeiboSDK.bundle */,
				D5324B28239F7AF2008701A5 /* libWeiboSDK.a */,
				D5324B29239F7AF2008701A5 /* WBHttpRequest.h */,
				D5324B2A239F7AF2008701A5 /* WeiboSDK.h */,
			);
			path = SinaWeiboSDK;
			sourceTree = "<group>";
		};
		D5324B2B239F7AF2008701A5 /* DouyinOpenSDK */ = {
			isa = PBXGroup;
			children = (
				D5324B2C239F7AF2008701A5 /* TikTokOpenPlatformSDK.framework */,
			);
			path = DouyinOpenSDK;
			sourceTree = "<group>";
		};
		D5324B2D239F7AF2008701A5 /* WeChatSDK */ = {
			isa = PBXGroup;
			children = (
				D5324B2E239F7AF2008701A5 /* WXApi.h */,
				D5324B2F239F7AF2008701A5 /* WXApiObject.h */,
				D5324B30239F7AF2008701A5 /* README.txt */,
				D5324B31239F7AF2008701A5 /* WechatAuthSDK.h */,
				D5324B32239F7AF2008701A5 /* libWeChatSDK.a */,
			);
			path = WeChatSDK;
			sourceTree = "<group>";
		};
		D5324B33239F7AF2008701A5 /* APSocialSDK */ = {
			isa = PBXGroup;
			children = (
				D5324B34239F7AF2008701A5 /* libAPOpenSdk.a */,
				D5324B35239F7AF2008701A5 /* README.md */,
				D5324B36239F7AF2008701A5 /* APOpenAPIObject.h */,
				D5324B37239F7AF2008701A5 /* APOpenAPI.h */,
			);
			path = APSocialSDK;
			sourceTree = "<group>";
		};
		D5324B38239F7AF2008701A5 /* FacebookAccountSDK */ = {
			isa = PBXGroup;
			children = (
				D5324B39239F7AF2008701A5 /* AccountKitStrings.bundle */,
				D5324B3A239F7AF2008701A5 /* AccountKit.framework */,
			);
			path = FacebookAccountSDK;
			sourceTree = "<group>";
		};
		D5324B3B239F7AF2008701A5 /* CMCCSDK */ = {
			isa = PBXGroup;
			children = (
				D5324B3C239F7AF2008701A5 /* TYRZSDK.framework */,
				D5324B3D239F7AF2008701A5 /* Resource.bundle */,
			);
			path = CMCCSDK;
			sourceTree = "<group>";
		};
		D5324B3E239F7AF2008701A5 /* LineSDK */ = {
			isa = PBXGroup;
			children = (
				D5324B3F239F7AF2008701A5 /* LineSDK.framework */,
			);
			path = LineSDK;
			sourceTree = "<group>";
		};
		D5324B40239F7AF2008701A5 /* WXWorkSDK */ = {
			isa = PBXGroup;
			children = (
				D5324B41239F7AF2008701A5 /* libWXWorkApi.a */,
				D5324B42239F7AF2008701A5 /* WWKApi.h */,
				D5324B43239F7AF2008701A5 /* WWKApiObject.h */,
			);
			path = WXWorkSDK;
			sourceTree = "<group>";
		};
		D5324B44239F7AF2008701A5 /* MPShareSDK */ = {
			isa = PBXGroup;
			children = (
				D5324B45239F7AF2008701A5 /* MPShareSDK.framework */,
			);
			path = MPShareSDK;
			sourceTree = "<group>";
		};
		D5324B46239F7AF2008701A5 /* QQSDK */ = {
			isa = PBXGroup;
			children = (
				D5324B47239F7AF2008701A5 /* TencentOpenAPI.framework */,
			);
			path = QQSDK;
			sourceTree = "<group>";
		};
		D5324B48239F7AF2008701A5 /* KaKaoSDK */ = {
			isa = PBXGroup;
			children = (
				D5324B49239F7AF2008701A5 /* KakaoCommon.framework */,
				D5324B4A239F7AF2008701A5 /* KakaoLink.framework */,
				D5324B4B239F7AF2008701A5 /* KakaoOpenSDK.framework */,
			);
			path = KaKaoSDK;
			sourceTree = "<group>";
		};
		D5324B4C239F7AF2008701A5 /* ESurfingSDK */ = {
			isa = PBXGroup;
			children = (
				D5324B4D239F7AF2008701A5 /* HTMLResource.bundle */,
				D5324B4E239F7AF2008701A5 /* EAccountSDKArchive.framework */,
			);
			path = ESurfingSDK;
			sourceTree = "<group>";
		};
		D5324B4F239F7AF2008701A5 /* DingTalkSDK */ = {
			isa = PBXGroup;
			children = (
				D5324B50239F7AF2008701A5 /* DTShareKit.framework */,
			);
			path = DingTalkSDK;
			sourceTree = "<group>";
		};
		D5324B51239F7AF2008701A5 /* YiXinSDK */ = {
			isa = PBXGroup;
			children = (
				D5324B52239F7AF2008701A5 /* libYixinSDK.a */,
				D5324B53239F7AF2008701A5 /* YXApiObject.h */,
				D5324B54239F7AF2008701A5 /* YXApi.h */,
			);
			path = YiXinSDK;
			sourceTree = "<group>";
		};
		D5324B55239F7AF2008701A5 /* Required */ = {
			isa = PBXGroup;
			children = (
				D5324B56239F7AF2008701A5 /* ShareSDKConnector.framework */,
				D5324B57239F7AF2008701A5 /* ShareSDK.bundle */,
			);
			path = Required;
			sourceTree = "<group>";
		};
		D5324B58239F7AF2008701A5 /* Optional */ = {
			isa = PBXGroup;
			children = (
				D5324B59239F7AF2008701A5 /* ShareSDKUI.bundle */,
				D5324B5A239F7AF2008701A5 /* ShareSDKLink.framework */,
				D5324B5B239F7AF2008701A5 /* ShareSDKConfigFile.framework */,
				D5324B5C239F7AF2008701A5 /* ShareSDKExtension.framework */,
				D5324B5D239F7AF2008701A5 /* ShareSDKUI.framework */,
				D5324B5E239F7AF2008701A5 /* ShareSDKConfigFile.bundle */,
			);
			path = Optional;
			sourceTree = "<group>";
		};
		D5324B5F239F7AF2008701A5 /* PlatformConnector */ = {
			isa = PBXGroup;
			children = (
				D5324B60239F7AF2008701A5 /* PrintConnector.framework */,
				D5324B61239F7AF2008701A5 /* SMSConnector.framework */,
				D5324B62239F7AF2008701A5 /* DropboxConnector.framework */,
				D5324B63239F7AF2008701A5 /* RedditConnector.framework */,
				D5324B64239F7AF2008701A5 /* ESurfingConnector.framework */,
				D5324B65239F7AF2008701A5 /* FacebookAccountConnector.framework */,
				D5324B66239F7AF2008701A5 /* FacebookMessengerConnector.framework */,
				D5324B67239F7AF2008701A5 /* WhatsAppConnector.framework */,
				D5324B68239F7AF2008701A5 /* AppleAccountConnector.framework */,
				D5324B69239F7AF2008701A5 /* TelegramConnector.framework */,
				D5324B6A239F7AF2008701A5 /* EasyChatConnector.framework */,
				D5324B6B239F7AF2008701A5 /* CMCCConnector.framework */,
				D5324B6C239F7AF2008701A5 /* AliSocialConnector.framework */,
				D5324B6D239F7AF2008701A5 /* KaiXinConnector.framework */,
				D5324B6E239F7AF2008701A5 /* MailConnector.framework */,
				D5324B6F239F7AF2008701A5 /* QQConnector.framework */,
				D5324B70239F7AF2008701A5 /* TumblrConnector.framework */,
				D5324B71239F7AF2008701A5 /* VKontakteConnector.framework */,
				D5324B72239F7AF2008701A5 /* PocketConnector.framework */,
				D5324B73239F7AF2008701A5 /* MingDaoConnector.framework */,
				D5324B74239F7AF2008701A5 /* GooglePlusConnector.framework */,
				D5324B75239F7AF2008701A5 /* TencentWeiboConnector.framework */,
				D5324B76239F7AF2008701A5 /* LineConnector.framework */,
				D5324B77239F7AF2008701A5 /* MeiPaiConnector.framework */,
				D5324B78239F7AF2008701A5 /* DouyinConnector.framework */,
				D5324B79239F7AF2008701A5 /* CopyConnector.framework */,
				D5324B7A239F7AF2008701A5 /* EvernoteConnector.framework */,
				D5324B7B239F7AF2008701A5 /* InstapaperConnector.framework */,
				D5324B7C239F7AF2008701A5 /* LinkedInConnector.framework */,
				D5324B7D239F7AF2008701A5 /* FlickrConnector.framework */,
				D5324B7E239F7AF2008701A5 /* DingTalkConnector.framework */,
				D5324B7F239F7AF2008701A5 /* YouTubeConnector.framework */,
				D5324B80239F7AF2008701A5 /* TwitterConnector.framework */,
				D5324B81239F7AF2008701A5 /* FacebookConnector.framework */,
				D5324B82239F7AF2008701A5 /* WechatConnector.framework */,
				D5324B83239F7AF2008701A5 /* YouDaoNoteConnector.framework */,
				D5324B84239F7AF2008701A5 /* RenrenConnector.framework */,
				D5324B85239F7AF2008701A5 /* PinterestConnector.framework */,
				D5324B86239F7AF2008701A5 /* InstagramConnector.framework */,
				D5324B87239F7AF2008701A5 /* KakaoConnector.framework */,
				D5324B88239F7AF2008701A5 /* SinaWeiboConnector.framework */,
				D5324B89239F7AF2008701A5 /* WeworkConnector.framework */,
				D5324B8A239F7AF2008701A5 /* DouBanConnector.framework */,
			);
			path = PlatformConnector;
			sourceTree = "<group>";
		};
		DEE33CDC1BE7380300B1089C = {
			isa = PBXGroup;
			children = (
				DEE33CE71BE7380300B1089C /* ShareSDKForJavaScript */,
				DEE33CE61BE7380300B1089C /* Products */,
				D52A7E752398FCFC006512D1 /* Frameworks */,
			);
			sourceTree = "<group>";
		};
		DEE33CE61BE7380300B1089C /* Products */ = {
			isa = PBXGroup;
			children = (
				DEE33CE51BE7380300B1089C /* ShareSDKForJavaScript.app */,
			);
			name = Products;
			sourceTree = "<group>";
		};
		DEE33CE71BE7380300B1089C /* ShareSDKForJavaScript */ = {
			isa = PBXGroup;
			children = (
				0B789DFE235ED624002FEDF3 /* ShareSDKForJavaScript.entitlements */,
				0B85BDF821A806D700029EFA /* JSApi */,
				504A5E6D215C735100A8362F /* SDK */,
				DE99024F1BECAB2F00F3AD45 /* Sample.html */,
				DEE33CEB1BE7380300B1089C /* AppDelegate.h */,
				DEE33CEC1BE7380300B1089C /* AppDelegate.m */,
				DEE33CEE1BE7380300B1089C /* ViewController.h */,
				DEE33CEF1BE7380300B1089C /* ViewController.m */,
				DEE33CF11BE7380300B1089C /* Main.storyboard */,
				DEE33CF41BE7380300B1089C /* Assets.xcassets */,
				DEE33CF61BE7380300B1089C /* LaunchScreen.storyboard */,
				DEE33CF91BE7380300B1089C /* Info.plist */,
				DEE33CE81BE7380300B1089C /* Supporting Files */,
			);
			path = ShareSDKForJavaScript;
			sourceTree = "<group>";
		};
		DEE33CE81BE7380300B1089C /* Supporting Files */ = {
			isa = PBXGroup;
			children = (
				DEDD3BBA1BF9BA3B00575AF7 /* libsqlite3.dylib */,
				DEDD3BB81BF9BA3100575AF7 /* AdSupport.framework */,
				DEDD3BB61BF9BA2A00575AF7 /* ImageIO.framework */,
				DEDD3BB41BF9BA2400575AF7 /* JavaScriptCore.framework */,
				DEDD3BB21BF9BA1F00575AF7 /* libstdc++.dylib */,
				DEDD3BB01BF9BA1600575AF7 /* libz.dylib */,
				DEDD3BAE1BF9BA0D00575AF7 /* libicucore.dylib */,
				DEE33CE91BE7380300B1089C /* main.m */,
			);
			name = "Supporting Files";
			sourceTree = "<group>";
		};
/* End PBXGroup section */

/* Begin PBXNativeTarget section */
		DEE33CE41BE7380300B1089C /* ShareSDKForJavaScript */ = {
			isa = PBXNativeTarget;
			buildConfigurationList = DEE33CFC1BE7380300B1089C /* Build configuration list for PBXNativeTarget "ShareSDKForJavaScript" */;
			buildPhases = (
				DEE33CE11BE7380300B1089C /* Sources */,
				DEE33CE21BE7380300B1089C /* Frameworks */,
				DEE33CE31BE7380300B1089C /* Resources */,
			);
			buildRules = (
			);
			dependencies = (
			);
			name = ShareSDKForJavaScript;
			productName = ShareSDKForJavaScript;
			productReference = DEE33CE51BE7380300B1089C /* ShareSDKForJavaScript.app */;
			productType = "com.apple.product-type.application";
		};
/* End PBXNativeTarget section */

/* Begin PBXProject section */
		DEE33CDD1BE7380300B1089C /* Project object */ = {
			isa = PBXProject;
			attributes = {
				LastUpgradeCheck = 0700;
				ORGANIZATIONNAME = mob.com;
				TargetAttributes = {
					DEE33CE41BE7380300B1089C = {
						CreatedOnToolsVersion = 7.0.1;
						DevelopmentTeam = LW5266U92D;
						ProvisioningStyle = Manual;
					};
				};
			};
			buildConfigurationList = DEE33CE01BE7380300B1089C /* Build configuration list for PBXProject "ShareSDKForJavaScript" */;
			compatibilityVersion = "Xcode 3.2";
			developmentRegion = English;
			hasScannedForEncodings = 0;
			knownRegions = (
				English,
				en,
				Base,
			);
			mainGroup = DEE33CDC1BE7380300B1089C;
			productRefGroup = DEE33CE61BE7380300B1089C /* Products */;
			projectDirPath = "";
			projectRoot = "";
			targets = (
				DEE33CE41BE7380300B1089C /* ShareSDKForJavaScript */,
			);
		};
/* End PBXProject section */

/* Begin PBXResourcesBuildPhase section */
		DEE33CE31BE7380300B1089C /* Resources */ = {
			isa = PBXResourcesBuildPhase;
			buildActionMask = 2147483647;
			files = (
				DE9902511BECAB2F00F3AD45 /* Sample.html in Resources */,
				D5324B99239F7AF2008701A5 /* Resource.bundle in Resources */,
				D5324BA7239F7AF2008701A5 /* ShareSDKUI.bundle in Resources */,
				D5324B8D239F7AF2008701A5 /* RennSDK.bundle in Resources */,
				0B85BDFE21A806D700029EFA /* ShareSDK.js in Resources */,
				DEE33CF81BE7380300B1089C /* LaunchScreen.storyboard in Resources */,
				D5324B8F239F7AF2008701A5 /* WeiboSDK.bundle in Resources */,
				DEE33CF51BE7380300B1089C /* Assets.xcassets in Resources */,
				D5324BAC239F7AF2008701A5 /* ShareSDKConfigFile.bundle in Resources */,
				D5324B95239F7AF2008701A5 /* README.md in Resources */,
				D5324BA1239F7AF2008701A5 /* HTMLResource.bundle in Resources */,
				D5324B96239F7AF2008701A5 /* AccountKitStrings.bundle in Resources */,
				D5324BA6239F7AF2008701A5 /* ShareSDK.bundle in Resources */,
				D5324B92239F7AF2008701A5 /* README.txt in Resources */,
				DEE33CF31BE7380300B1089C /* Main.storyboard in Resources */,
			);
			runOnlyForDeploymentPostprocessing = 0;
		};
/* End PBXResourcesBuildPhase section */

/* Begin PBXSourcesBuildPhase section */
		DEE33CE11BE7380300B1089C /* Sources */ = {
			isa = PBXSourcesBuildPhase;
			buildActionMask = 2147483647;
			files = (
				0B85BDFD21A806D700029EFA /* ShareSDKJSBridge.m in Sources */,
				0B45F5772277FD7D0008F97D /* ShareSDKHybrid.m in Sources */,
				DEE33CF01BE7380300B1089C /* ViewController.m in Sources */,
				DEE33CED1BE7380300B1089C /* AppDelegate.m in Sources */,
				DEE33CEA1BE7380300B1089C /* main.m in Sources */,
			);
			runOnlyForDeploymentPostprocessing = 0;
		};
/* End PBXSourcesBuildPhase section */

/* Begin PBXVariantGroup section */
		DEE33CF11BE7380300B1089C /* Main.storyboard */ = {
			isa = PBXVariantGroup;
			children = (
				DEE33CF21BE7380300B1089C /* Base */,
			);
			name = Main.storyboard;
			sourceTree = "<group>";
		};
		DEE33CF61BE7380300B1089C /* LaunchScreen.storyboard */ = {
			isa = PBXVariantGroup;
			children = (
				DEE33CF71BE7380300B1089C /* Base */,
			);
			name = LaunchScreen.storyboard;
			sourceTree = "<group>";
		};
/* End PBXVariantGroup section */

/* Begin XCBuildConfiguration section */
		DEE33CFA1BE7380300B1089C /* Debug */ = {
			isa = XCBuildConfiguration;
			buildSettings = {
				ALWAYS_SEARCH_USER_PATHS = NO;
				CLANG_CXX_LANGUAGE_STANDARD = "gnu++0x";
				CLANG_CXX_LIBRARY = "libc++";
				CLANG_ENABLE_MODULES = YES;
				CLANG_ENABLE_OBJC_ARC = YES;
				CLANG_WARN_BOOL_CONVERSION = YES;
				CLANG_WARN_CONSTANT_CONVERSION = YES;
				CLANG_WARN_DIRECT_OBJC_ISA_USAGE = YES_ERROR;
				CLANG_WARN_EMPTY_BODY = YES;
				CLANG_WARN_ENUM_CONVERSION = YES;
				CLANG_WARN_INT_CONVERSION = YES;
				CLANG_WARN_OBJC_ROOT_CLASS = YES_ERROR;
				CLANG_WARN_UNREACHABLE_CODE = YES;
				CLANG_WARN__DUPLICATE_METHOD_MATCH = YES;
				"CODE_SIGN_IDENTITY[sdk=iphoneos*]" = "iPhone Developer";
				COPY_PHASE_STRIP = NO;
				DEBUG_INFORMATION_FORMAT = dwarf;
				ENABLE_STRICT_OBJC_MSGSEND = YES;
				ENABLE_TESTABILITY = YES;
				GCC_C_LANGUAGE_STANDARD = gnu99;
				GCC_DYNAMIC_NO_PIC = NO;
				GCC_NO_COMMON_BLOCKS = YES;
				GCC_OPTIMIZATION_LEVEL = 0;
				GCC_PREPROCESSOR_DEFINITIONS = (
					"DEBUG=1",
					"$(inherited)",
				);
				GCC_WARN_64_TO_32_BIT_CONVERSION = YES;
				GCC_WARN_ABOUT_RETURN_TYPE = YES_ERROR;
				GCC_WARN_UNDECLARED_SELECTOR = YES;
				GCC_WARN_UNINITIALIZED_AUTOS = YES_AGGRESSIVE;
				GCC_WARN_UNUSED_FUNCTION = YES;
				GCC_WARN_UNUSED_VARIABLE = YES;
				IPHONEOS_DEPLOYMENT_TARGET = 8.0;
				MTL_ENABLE_DEBUG_INFO = YES;
				ONLY_ACTIVE_ARCH = YES;
				SDKROOT = iphoneos;
				TARGETED_DEVICE_FAMILY = "1,2";
			};
			name = Debug;
		};
		DEE33CFB1BE7380300B1089C /* Release */ = {
			isa = XCBuildConfiguration;
			buildSettings = {
				ALWAYS_SEARCH_USER_PATHS = NO;
				CLANG_CXX_LANGUAGE_STANDARD = "gnu++0x";
				CLANG_CXX_LIBRARY = "libc++";
				CLANG_ENABLE_MODULES = YES;
				CLANG_ENABLE_OBJC_ARC = YES;
				CLANG_WARN_BOOL_CONVERSION = YES;
				CLANG_WARN_CONSTANT_CONVERSION = YES;
				CLANG_WARN_DIRECT_OBJC_ISA_USAGE = YES_ERROR;
				CLANG_WARN_EMPTY_BODY = YES;
				CLANG_WARN_ENUM_CONVERSION = YES;
				CLANG_WARN_INT_CONVERSION = YES;
				CLANG_WARN_OBJC_ROOT_CLASS = YES_ERROR;
				CLANG_WARN_UNREACHABLE_CODE = YES;
				CLANG_WARN__DUPLICATE_METHOD_MATCH = YES;
				"CODE_SIGN_IDENTITY[sdk=iphoneos*]" = "iPhone Developer";
				COPY_PHASE_STRIP = NO;
				DEBUG_INFORMATION_FORMAT = "dwarf-with-dsym";
				ENABLE_NS_ASSERTIONS = NO;
				ENABLE_STRICT_OBJC_MSGSEND = YES;
				GCC_C_LANGUAGE_STANDARD = gnu99;
				GCC_NO_COMMON_BLOCKS = YES;
				GCC_WARN_64_TO_32_BIT_CONVERSION = YES;
				GCC_WARN_ABOUT_RETURN_TYPE = YES_ERROR;
				GCC_WARN_UNDECLARED_SELECTOR = YES;
				GCC_WARN_UNINITIALIZED_AUTOS = YES_AGGRESSIVE;
				GCC_WARN_UNUSED_FUNCTION = YES;
				GCC_WARN_UNUSED_VARIABLE = YES;
				IPHONEOS_DEPLOYMENT_TARGET = 8.0;
				MTL_ENABLE_DEBUG_INFO = NO;
				SDKROOT = iphoneos;
				TARGETED_DEVICE_FAMILY = "1,2";
				VALIDATE_PRODUCT = YES;
			};
			name = Release;
		};
		DEE33CFD1BE7380300B1089C /* Debug */ = {
			isa = XCBuildConfiguration;
			buildSettings = {
				ASSETCATALOG_COMPILER_APPICON_NAME = AppIcon;
				CODE_SIGN_ENTITLEMENTS = ShareSDKForJavaScript/ShareSDKForJavaScript.entitlements;
				CODE_SIGN_IDENTITY = "iPhone Developer";
				CODE_SIGN_STYLE = Manual;
				DEVELOPMENT_TEAM = LW5266U92D;
				ENABLE_BITCODE = NO;
				FRAMEWORK_SEARCH_PATHS = (
					"$(inherited)",
					"$(PROJECT_DIR)/SDK/Required",
					"$(PROJECT_DIR)/SDK/ShareSDK",
					"$(PROJECT_DIR)/SDK/ShareSDK/Support/Optional",
					"$(PROJECT_DIR)/SDK/ShareSDK/Support/PlatformConnector",
					"$(PROJECT_DIR)/SDK/ShareSDK/Support/PlatformSDK/DingTalkSDK",
					"$(PROJECT_DIR)/SDK/ShareSDK/Support/PlatformSDK/FacebookMessengerSDK",
					"$(PROJECT_DIR)/SDK/ShareSDK/Support/PlatformSDK/KaKaoSDK",
					"$(PROJECT_DIR)/SDK/ShareSDK/Support/PlatformSDK/LineSDK",
					"$(PROJECT_DIR)/SDK/ShareSDK/Support/PlatformSDK/MPShareSDK",
					"$(PROJECT_DIR)/SDK/ShareSDK/Support/PlatformSDK/QQSDK",
					"$(PROJECT_DIR)/SDK/ShareSDK/Support/PlatformSDK/RenRenSDK",
					"$(PROJECT_DIR)/SDK/ShareSDK/Support/Required",
					"$(PROJECT_DIR)/ShareSDK",
					"$(PROJECT_DIR)/ShareSDK/Support/Optional",
					"$(PROJECT_DIR)/ShareSDK/Support/PlatformConnector",
					"$(PROJECT_DIR)/ShareSDK/Support/PlatformSDK/DingTalkSDK",
					"$(PROJECT_DIR)/ShareSDK/Support/PlatformSDK/FacebookMessengerSDK",
					"$(PROJECT_DIR)/ShareSDK/Support/PlatformSDK/KaKaoSDK",
					"$(PROJECT_DIR)/ShareSDK/Support/PlatformSDK/LineSDK",
					"$(PROJECT_DIR)/ShareSDK/Support/PlatformSDK/MPShareSDK",
					"$(PROJECT_DIR)/ShareSDK/Support/PlatformSDK/QQSDK",
					"$(PROJECT_DIR)/ShareSDK/Support/PlatformSDK/RenRenSDK",
					"$(PROJECT_DIR)/ShareSDK/Support/Required",
					"$(PROJECT_DIR)/SDK/ShareSDK/Support/PlatformSDK/CMCCSDK",
					"$(PROJECT_DIR)/SDK/ShareSDK/Support/PlatformSDK/FacebookAccountSDK",
					"$(PROJECT_DIR)/SDK/ShareSDK/Support/PlatformSDK/ESurfingSDK",
					"$(PROJECT_DIR)/SDK/ShareSDK/Support/PlatformSDK/DouyinOpenSDK",
				);
				HEADER_SEARCH_PATHS = "";
				INFOPLIST_FILE = ShareSDKForJavaScript/Info.plist;
				IPHONEOS_DEPLOYMENT_TARGET = 8.0;
				LD_RUNPATH_SEARCH_PATHS = "$(inherited) @executable_path/Frameworks";
				LIBRARY_SEARCH_PATHS = (
					"$(inherited)",
					"$(PROJECT_DIR)/SDK/ShareSDK/Support/PlatformSDK/APSocialSDK",
					"$(PROJECT_DIR)/SDK/ShareSDK/Support/PlatformSDK/SinaWeiboSDK",
					"$(PROJECT_DIR)/SDK/ShareSDK/Support/PlatformSDK/WeChatSDK",
					"$(PROJECT_DIR)/SDK/ShareSDK/Support/PlatformSDK/YiXinSDK",
					"$(PROJECT_DIR)/ShareSDK/Support/PlatformSDK/APSocialSDK",
					"$(PROJECT_DIR)/ShareSDK/Support/PlatformSDK/SinaWeiboSDK",
					"$(PROJECT_DIR)/ShareSDK/Support/PlatformSDK/WeChatSDK",
					"$(PROJECT_DIR)/ShareSDK/Support/PlatformSDK/YiXinSDK",
					"$(PROJECT_DIR)/SDK/ShareSDK/Support/PlatformSDK/DouyinOpenSDK",
					"$(PROJECT_DIR)/SDK/ShareSDK/Support/PlatformSDK/WXWorkSDK",
				);
				OTHER_LDFLAGS = "-ObjC";
				PRODUCT_BUNDLE_IDENTIFIER = com.mob.product.ShareSDK;
				PRODUCT_NAME = "$(TARGET_NAME)";
				PROVISIONING_PROFILE = "";
				PROVISIONING_PROFILE_SPECIFIER = ShareSDKDomainDev;
				TARGETED_DEVICE_FAMILY = "1,2";
			};
			name = Debug;
		};
		DEE33CFE1BE7380300B1089C /* Release */ = {
			isa = XCBuildConfiguration;
			buildSettings = {
				ASSETCATALOG_COMPILER_APPICON_NAME = AppIcon;
				CODE_SIGN_ENTITLEMENTS = ShareSDKForJavaScript/ShareSDKForJavaScript.entitlements;
				CODE_SIGN_IDENTITY = "iPhone Distribution";
				CODE_SIGN_STYLE = Manual;
				DEVELOPMENT_TEAM = LW5266U92D;
				ENABLE_BITCODE = NO;
				FRAMEWORK_SEARCH_PATHS = (
					"$(inherited)",
					"$(PROJECT_DIR)/SDK/Required",
					"$(PROJECT_DIR)/SDK/ShareSDK",
					"$(PROJECT_DIR)/SDK/ShareSDK/Support/Optional",
					"$(PROJECT_DIR)/SDK/ShareSDK/Support/PlatformConnector",
					"$(PROJECT_DIR)/SDK/ShareSDK/Support/PlatformSDK/DingTalkSDK",
					"$(PROJECT_DIR)/SDK/ShareSDK/Support/PlatformSDK/FacebookMessengerSDK",
					"$(PROJECT_DIR)/SDK/ShareSDK/Support/PlatformSDK/KaKaoSDK",
					"$(PROJECT_DIR)/SDK/ShareSDK/Support/PlatformSDK/LineSDK",
					"$(PROJECT_DIR)/SDK/ShareSDK/Support/PlatformSDK/MPShareSDK",
					"$(PROJECT_DIR)/SDK/ShareSDK/Support/PlatformSDK/QQSDK",
					"$(PROJECT_DIR)/SDK/ShareSDK/Support/PlatformSDK/RenRenSDK",
					"$(PROJECT_DIR)/SDK/ShareSDK/Support/Required",
					"$(PROJECT_DIR)/ShareSDK",
					"$(PROJECT_DIR)/ShareSDK/Support/Optional",
					"$(PROJECT_DIR)/ShareSDK/Support/PlatformConnector",
					"$(PROJECT_DIR)/ShareSDK/Support/PlatformSDK/DingTalkSDK",
					"$(PROJECT_DIR)/ShareSDK/Support/PlatformSDK/FacebookMessengerSDK",
					"$(PROJECT_DIR)/ShareSDK/Support/PlatformSDK/KaKaoSDK",
					"$(PROJECT_DIR)/ShareSDK/Support/PlatformSDK/LineSDK",
					"$(PROJECT_DIR)/ShareSDK/Support/PlatformSDK/MPShareSDK",
					"$(PROJECT_DIR)/ShareSDK/Support/PlatformSDK/QQSDK",
					"$(PROJECT_DIR)/ShareSDK/Support/PlatformSDK/RenRenSDK",
					"$(PROJECT_DIR)/ShareSDK/Support/Required",
					"$(PROJECT_DIR)/SDK/ShareSDK/Support/PlatformSDK/CMCCSDK",
					"$(PROJECT_DIR)/SDK/ShareSDK/Support/PlatformSDK/FacebookAccountSDK",
					"$(PROJECT_DIR)/SDK/ShareSDK/Support/PlatformSDK/ESurfingSDK",
					"$(PROJECT_DIR)/SDK/ShareSDK/Support/PlatformSDK/DouyinOpenSDK",
				);
				HEADER_SEARCH_PATHS = "";
				INFOPLIST_FILE = ShareSDKForJavaScript/Info.plist;
				IPHONEOS_DEPLOYMENT_TARGET = 8.0;
				LD_RUNPATH_SEARCH_PATHS = "$(inherited) @executable_path/Frameworks";
				LIBRARY_SEARCH_PATHS = (
					"$(inherited)",
					"$(PROJECT_DIR)/SDK/ShareSDK/Support/PlatformSDK/APSocialSDK",
					"$(PROJECT_DIR)/SDK/ShareSDK/Support/PlatformSDK/SinaWeiboSDK",
					"$(PROJECT_DIR)/SDK/ShareSDK/Support/PlatformSDK/WeChatSDK",
					"$(PROJECT_DIR)/SDK/ShareSDK/Support/PlatformSDK/YiXinSDK",
					"$(PROJECT_DIR)/ShareSDK/Support/PlatformSDK/APSocialSDK",
					"$(PROJECT_DIR)/ShareSDK/Support/PlatformSDK/SinaWeiboSDK",
					"$(PROJECT_DIR)/ShareSDK/Support/PlatformSDK/WeChatSDK",
					"$(PROJECT_DIR)/ShareSDK/Support/PlatformSDK/YiXinSDK",
					"$(PROJECT_DIR)/SDK/ShareSDK/Support/PlatformSDK/DouyinOpenSDK",
					"$(PROJECT_DIR)/SDK/ShareSDK/Support/PlatformSDK/WXWorkSDK",
				);
				OTHER_LDFLAGS = "-ObjC";
				PRODUCT_BUNDLE_IDENTIFIER = com.mob.product.ShareSDK;
				PRODUCT_NAME = "$(TARGET_NAME)";
				PROVISIONING_PROFILE = "";
				PROVISIONING_PROFILE_SPECIFIER = ShareSDK;
				TARGETED_DEVICE_FAMILY = "1,2";
			};
			name = Release;
		};
/* End XCBuildConfiguration section */

/* Begin XCConfigurationList section */
		DEE33CE01BE7380300B1089C /* Build configuration list for PBXProject "ShareSDKForJavaScript" */ = {
			isa = XCConfigurationList;
			buildConfigurations = (
				DEE33CFA1BE7380300B1089C /* Debug */,
				DEE33CFB1BE7380300B1089C /* Release */,
			);
			defaultConfigurationIsVisible = 0;
			defaultConfigurationName = Release;
		};
		DEE33CFC1BE7380300B1089C /* Build configuration list for PBXNativeTarget "ShareSDKForJavaScript" */ = {
			isa = XCConfigurationList;
			buildConfigurations = (
				DEE33CFD1BE7380300B1089C /* Debug */,
				DEE33CFE1BE7380300B1089C /* Release */,
			);
			defaultConfigurationIsVisible = 0;
			defaultConfigurationName = Release;
		};
/* End XCConfigurationList section */
	};
	rootObject = DEE33CDD1BE7380300B1089C /* Project object */;
}
