// !$*UTF8*$!
{
	archiveVersion = 1;
	classes = {
	};
	objectVersion = 46;
	objects = {

/* Begin PBXBuildFile section */
		0B85BDF221A8047B00029EFA /* AccountKitStrings.bundle in Resources */ = {isa = PBXBuildFile; fileRef = 0B85BDED21A8047B00029EFA /* AccountKitStrings.bundle */; };
		0B85BDF321A8047B00029EFA /* AccountKit.framework in Frameworks */ = {isa = PBXBuildFile; fileRef = 0B85BDEE21A8047B00029EFA /* AccountKit.framework */; };
		0B85BDF421A8047B00029EFA /* HTMLResource.bundle in Resources */ = {isa = PBXBuildFile; fileRef = 0B85BDF021A8047B00029EFA /* HTMLResource.bundle */; };
		0B85BDF521A8047B00029EFA /* EAccountSDKArchive.framework in Frameworks */ = {isa = PBXBuildFile; fileRef = 0B85BDF121A8047B00029EFA /* EAccountSDKArchive.framework */; };
		0B85BDFD21A806D700029EFA /* ShareSDKJSBridge.m in Sources */ = {isa = PBXBuildFile; fileRef = 0B85BDFB21A806D700029EFA /* ShareSDKJSBridge.m */; };
		0B85BDFE21A806D700029EFA /* ShareSDK.js in Resources */ = {isa = PBXBuildFile; fileRef = 0B85BDFC21A806D700029EFA /* ShareSDK.js */; };
		504A5ECA215C735200A8362F /* RennSDK.bundle in Resources */ = {isa = PBXBuildFile; fileRef = 504A5E72215C735100A8362F /* RennSDK.bundle */; };
		504A5ECB215C735200A8362F /* RennSDK.framework in Frameworks */ = {isa = PBXBuildFile; fileRef = 504A5E73215C735100A8362F /* RennSDK.framework */; };
		504A5ECC215C735200A8362F /* WeiboSDK.bundle in Resources */ = {isa = PBXBuildFile; fileRef = 504A5E75215C735100A8362F /* WeiboSDK.bundle */; };
		504A5ECD215C735200A8362F /* libWeiboSDK.a in Frameworks */ = {isa = PBXBuildFile; fileRef = 504A5E76215C735100A8362F /* libWeiboSDK.a */; };
		504A5ECE215C735200A8362F /* README.txt in Resources */ = {isa = PBXBuildFile; fileRef = 504A5E7C215C735100A8362F /* README.txt */; };
		504A5ECF215C735200A8362F /* libWeChatSDK.a in Frameworks */ = {isa = PBXBuildFile; fileRef = 504A5E7E215C735100A8362F /* libWeChatSDK.a */; };
		504A5ED0215C735200A8362F /* libAPOpenSdk.a in Frameworks */ = {isa = PBXBuildFile; fileRef = 504A5E80215C735100A8362F /* libAPOpenSdk.a */; };
		504A5ED1215C735200A8362F /* README.md in Resources */ = {isa = PBXBuildFile; fileRef = 504A5E81215C735100A8362F /* README.md */; };
		504A5ED2215C735200A8362F /* TYRZSDK.framework in Frameworks */ = {isa = PBXBuildFile; fileRef = 504A5E85215C735100A8362F /* TYRZSDK.framework */; };
		504A5ED3215C735200A8362F /* Resource.bundle in Resources */ = {isa = PBXBuildFile; fileRef = 504A5E86215C735100A8362F /* Resource.bundle */; };
		504A5ED4215C735200A8362F /* LineSDK.framework in Frameworks */ = {isa = PBXBuildFile; fileRef = 504A5E88215C735100A8362F /* LineSDK.framework */; };
		504A5ED5215C735200A8362F /* MPShareSDK.framework in Frameworks */ = {isa = PBXBuildFile; fileRef = 504A5E8A215C735100A8362F /* MPShareSDK.framework */; };
		504A5ED6215C735200A8362F /* TencentOpenAPI.framework in Frameworks */ = {isa = PBXBuildFile; fileRef = 504A5E8C215C735100A8362F /* TencentOpenAPI.framework */; };
		504A5ED7215C735200A8362F /* KakaoCommon.framework in Frameworks */ = {isa = PBXBuildFile; fileRef = 504A5E8E215C735100A8362F /* KakaoCommon.framework */; };
		504A5ED8215C735200A8362F /* KakaoLink.framework in Frameworks */ = {isa = PBXBuildFile; fileRef = 504A5E8F215C735100A8362F /* KakaoLink.framework */; };
		504A5ED9215C735200A8362F /* KakaoOpenSDK.framework in Frameworks */ = {isa = PBXBuildFile; fileRef = 504A5E90215C735100A8362F /* KakaoOpenSDK.framework */; };
		504A5EDA215C735200A8362F /* DTShareKit.framework in Frameworks */ = {isa = PBXBuildFile; fileRef = 504A5E92215C735100A8362F /* DTShareKit.framework */; };
		504A5EDB215C735200A8362F /* libYixinSDK.a in Frameworks */ = {isa = PBXBuildFile; fileRef = 504A5E94215C735100A8362F /* libYixinSDK.a */; };
		504A5EDC215C735200A8362F /* ShareSDKConnector.framework in Frameworks */ = {isa = PBXBuildFile; fileRef = 504A5E98215C735100A8362F /* ShareSDKConnector.framework */; };
		504A5EDD215C735200A8362F /* ShareSDK.bundle in Resources */ = {isa = PBXBuildFile; fileRef = 504A5E99215C735100A8362F /* ShareSDK.bundle */; };
		504A5EDE215C735200A8362F /* ShareSDKUI.bundle in Resources */ = {isa = PBXBuildFile; fileRef = 504A5E9B215C735100A8362F /* ShareSDKUI.bundle */; };
		504A5EDF215C735200A8362F /* ShareSDKConfigFile.framework in Frameworks */ = {isa = PBXBuildFile; fileRef = 504A5E9C215C735100A8362F /* ShareSDKConfigFile.framework */; };
		504A5EE0215C735200A8362F /* ShareSDKExtension.framework in Frameworks */ = {isa = PBXBuildFile; fileRef = 504A5E9D215C735100A8362F /* ShareSDKExtension.framework */; };
		504A5EE1215C735200A8362F /* ShareSDKUI.framework in Frameworks */ = {isa = PBXBuildFile; fileRef = 504A5E9E215C735100A8362F /* ShareSDKUI.framework */; };
		504A5EE2215C735200A8362F /* ShareSDKConfigFile.bundle in Resources */ = {isa = PBXBuildFile; fileRef = 504A5E9F215C735100A8362F /* ShareSDKConfigFile.bundle */; };
		504A5EE3215C735200A8362F /* PrintConnector.framework in Frameworks */ = {isa = PBXBuildFile; fileRef = 504A5EA1215C735100A8362F /* PrintConnector.framework */; };
		504A5EE4215C735200A8362F /* SMSConnector.framework in Frameworks */ = {isa = PBXBuildFile; fileRef = 504A5EA2215C735100A8362F /* SMSConnector.framework */; };
		504A5EE5215C735200A8362F /* DropboxConnector.framework in Frameworks */ = {isa = PBXBuildFile; fileRef = 504A5EA3215C735100A8362F /* DropboxConnector.framework */; };
		504A5EE6215C735200A8362F /* RedditConnector.framework in Frameworks */ = {isa = PBXBuildFile; fileRef = 504A5EA4215C735100A8362F /* RedditConnector.framework */; };
		504A5EE7215C735200A8362F /* FacebookMessengerConnector.framework in Frameworks */ = {isa = PBXBuildFile; fileRef = 504A5EA5215C735100A8362F /* FacebookMessengerConnector.framework */; };
		504A5EE8215C735200A8362F /* WhatsAppConnector.framework in Frameworks */ = {isa = PBXBuildFile; fileRef = 504A5EA6215C735100A8362F /* WhatsAppConnector.framework */; };
		504A5EE9215C735200A8362F /* TelegramConnector.framework in Frameworks */ = {isa = PBXBuildFile; fileRef = 504A5EA7215C735100A8362F /* TelegramConnector.framework */; };
		504A5EEA215C735200A8362F /* EasyChatConnector.framework in Frameworks */ = {isa = PBXBuildFile; fileRef = 504A5EA8215C735100A8362F /* EasyChatConnector.framework */; };
		504A5EEB215C735200A8362F /* CMCCConnector.framework in Frameworks */ = {isa = PBXBuildFile; fileRef = 504A5EA9215C735100A8362F /* CMCCConnector.framework */; };
		504A5EEC215C735200A8362F /* AliSocialConnector.framework in Frameworks */ = {isa = PBXBuildFile; fileRef = 504A5EAA215C735100A8362F /* AliSocialConnector.framework */; };
		504A5EED215C735200A8362F /* KaiXinConnector.framework in Frameworks */ = {isa = PBXBuildFile; fileRef = 504A5EAB215C735100A8362F /* KaiXinConnector.framework */; };
		504A5EEE215C735200A8362F /* MailConnector.framework in Frameworks */ = {isa = PBXBuildFile; fileRef = 504A5EAC215C735100A8362F /* MailConnector.framework */; };
		504A5EEF215C735200A8362F /* QQConnector.framework in Frameworks */ = {isa = PBXBuildFile; fileRef = 504A5EAD215C735100A8362F /* QQConnector.framework */; };
		504A5EF0215C735200A8362F /* TumblrConnector.framework in Frameworks */ = {isa = PBXBuildFile; fileRef = 504A5EAE215C735100A8362F /* TumblrConnector.framework */; };
		504A5EF1215C735200A8362F /* VKontakteConnector.framework in Frameworks */ = {isa = PBXBuildFile; fileRef = 504A5EAF215C735100A8362F /* VKontakteConnector.framework */; };
		504A5EF2215C735200A8362F /* PocketConnector.framework in Frameworks */ = {isa = PBXBuildFile; fileRef = 504A5EB0215C735100A8362F /* PocketConnector.framework */; };
		504A5EF3215C735200A8362F /* MingDaoConnector.framework in Frameworks */ = {isa = PBXBuildFile; fileRef = 504A5EB1215C735100A8362F /* MingDaoConnector.framework */; };
		504A5EF4215C735200A8362F /* GooglePlusConnector.framework in Frameworks */ = {isa = PBXBuildFile; fileRef = 504A5EB2215C735100A8362F /* GooglePlusConnector.framework */; };
		504A5EF5215C735200A8362F /* TencentWeiboConnector.framework in Frameworks */ = {isa = PBXBuildFile; fileRef = 504A5EB3215C735100A8362F /* TencentWeiboConnector.framework */; };
		504A5EF6215C735200A8362F /* LineConnector.framework in Frameworks */ = {isa = PBXBuildFile; fileRef = 504A5EB4215C735100A8362F /* LineConnector.framework */; };
		504A5EF7215C735200A8362F /* MeiPaiConnector.framework in Frameworks */ = {isa = PBXBuildFile; fileRef = 504A5EB5215C735100A8362F /* MeiPaiConnector.framework */; };
		504A5EF8215C735200A8362F /* CopyConnector.framework in Frameworks */ = {isa = PBXBuildFile; fileRef = 504A5EB6215C735100A8362F /* CopyConnector.framework */; };
		504A5EF9215C735200A8362F /* EvernoteConnector.framework in Frameworks */ = {isa = PBXBuildFile; fileRef = 504A5EB7215C735100A8362F /* EvernoteConnector.framework */; };
		504A5EFA215C735200A8362F /* InstapaperConnector.framework in Frameworks */ = {isa = PBXBuildFile; fileRef = 504A5EB8215C735100A8362F /* InstapaperConnector.framework */; };
		504A5EFB215C735200A8362F /* LinkedInConnector.framework in Frameworks */ = {isa = PBXBuildFile; fileRef = 504A5EB9215C735100A8362F /* LinkedInConnector.framework */; };
		504A5EFC215C735200A8362F /* FlickrConnector.framework in Frameworks */ = {isa = PBXBuildFile; fileRef = 504A5EBA215C735100A8362F /* FlickrConnector.framework */; };
		504A5EFD215C735200A8362F /* DingTalkConnector.framework in Frameworks */ = {isa = PBXBuildFile; fileRef = 504A5EBB215C735100A8362F /* DingTalkConnector.framework */; };
		504A5EFE215C735200A8362F /* YouTubeConnector.framework in Frameworks */ = {isa = PBXBuildFile; fileRef = 504A5EBC215C735100A8362F /* YouTubeConnector.framework */; };
		504A5EFF215C735200A8362F /* TwitterConnector.framework in Frameworks */ = {isa = PBXBuildFile; fileRef = 504A5EBD215C735100A8362F /* TwitterConnector.framework */; };
		504A5F00215C735200A8362F /* FacebookConnector.framework in Frameworks */ = {isa = PBXBuildFile; fileRef = 504A5EBE215C735100A8362F /* FacebookConnector.framework */; };
		504A5F01215C735200A8362F /* WechatConnector.framework in Frameworks */ = {isa = PBXBuildFile; fileRef = 504A5EBF215C735100A8362F /* WechatConnector.framework */; };
		504A5F02215C735200A8362F /* YouDaoNoteConnector.framework in Frameworks */ = {isa = PBXBuildFile; fileRef = 504A5EC0215C735100A8362F /* YouDaoNoteConnector.framework */; };
		504A5F03215C735200A8362F /* RenrenConnector.framework in Frameworks */ = {isa = PBXBuildFile; fileRef = 504A5EC1215C735100A8362F /* RenrenConnector.framework */; };
		504A5F04215C735200A8362F /* PinterestConnector.framework in Frameworks */ = {isa = PBXBuildFile; fileRef = 504A5EC2215C735100A8362F /* PinterestConnector.framework */; };
		504A5F05215C735200A8362F /* InstagramConnector.framework in Frameworks */ = {isa = PBXBuildFile; fileRef = 504A5EC3215C735200A8362F /* InstagramConnector.framework */; };
		504A5F06215C735200A8362F /* KakaoConnector.framework in Frameworks */ = {isa = PBXBuildFile; fileRef = 504A5EC4215C735200A8362F /* KakaoConnector.framework */; };
		504A5F07215C735200A8362F /* SinaWeiboConnector.framework in Frameworks */ = {isa = PBXBuildFile; fileRef = 504A5EC5215C735200A8362F /* SinaWeiboConnector.framework */; };
		504A5F08215C735200A8362F /* DouBanConnector.framework in Frameworks */ = {isa = PBXBuildFile; fileRef = 504A5EC6215C735200A8362F /* DouBanConnector.framework */; };
		504A5F09215C735200A8362F /* ShareSDK.framework in Frameworks */ = {isa = PBXBuildFile; fileRef = 504A5EC7215C735200A8362F /* ShareSDK.framework */; };
		504A5F0A215C735200A8362F /* MOBFoundation.framework in Frameworks */ = {isa = PBXBuildFile; fileRef = 504A5EC9215C735200A8362F /* MOBFoundation.framework */; };
		DE9902511BECAB2F00F3AD45 /* Sample.html in Resources */ = {isa = PBXBuildFile; fileRef = DE99024F1BECAB2F00F3AD45 /* Sample.html */; };
		DEC9E6781BFDA71A007C3848 /* ImageIO.framework in Frameworks */ = {isa = PBXBuildFile; fileRef = DEDD3BB61BF9BA2A00575AF7 /* ImageIO.framework */; };
		DEDD3BAF1BF9BA0D00575AF7 /* libicucore.dylib in Frameworks */ = {isa = PBXBuildFile; fileRef = DEDD3BAE1BF9BA0D00575AF7 /* libicucore.dylib */; };
		DEDD3BB11BF9BA1600575AF7 /* libz.dylib in Frameworks */ = {isa = PBXBuildFile; fileRef = DEDD3BB01BF9BA1600575AF7 /* libz.dylib */; };
		DEDD3BB31BF9BA1F00575AF7 /* libstdc++.dylib in Frameworks */ = {isa = PBXBuildFile; fileRef = DEDD3BB21BF9BA1F00575AF7 /* libstdc++.dylib */; };
		DEDD3BB51BF9BA2400575AF7 /* JavaScriptCore.framework in Frameworks */ = {isa = PBXBuildFile; fileRef = DEDD3BB41BF9BA2400575AF7 /* JavaScriptCore.framework */; };
		DEDD3BB91BF9BA3100575AF7 /* AdSupport.framework in Frameworks */ = {isa = PBXBuildFile; fileRef = DEDD3BB81BF9BA3100575AF7 /* AdSupport.framework */; };
		DEDD3BBB1BF9BA3B00575AF7 /* libsqlite3.dylib in Frameworks */ = {isa = PBXBuildFile; fileRef = DEDD3BBA1BF9BA3B00575AF7 /* libsqlite3.dylib */; };
		DEE33CEA1BE7380300B1089C /* main.m in Sources */ = {isa = PBXBuildFile; fileRef = DEE33CE91BE7380300B1089C /* main.m */; };
		DEE33CED1BE7380300B1089C /* AppDelegate.m in Sources */ = {isa = PBXBuildFile; fileRef = DEE33CEC1BE7380300B1089C /* AppDelegate.m */; };
		DEE33CF01BE7380300B1089C /* ViewController.m in Sources */ = {isa = PBXBuildFile; fileRef = DEE33CEF1BE7380300B1089C /* ViewController.m */; };
		DEE33CF31BE7380300B1089C /* Main.storyboard in Resources */ = {isa = PBXBuildFile; fileRef = DEE33CF11BE7380300B1089C /* Main.storyboard */; };
		DEE33CF51BE7380300B1089C /* Assets.xcassets in Resources */ = {isa = PBXBuildFile; fileRef = DEE33CF41BE7380300B1089C /* Assets.xcassets */; };
		DEE33CF81BE7380300B1089C /* LaunchScreen.storyboard in Resources */ = {isa = PBXBuildFile; fileRef = DEE33CF61BE7380300B1089C /* LaunchScreen.storyboard */; };
/* End PBXBuildFile section */

/* Begin PBXFileReference section */
		0B85BDED21A8047B00029EFA /* AccountKitStrings.bundle */ = {isa = PBXFileReference; lastKnownFileType = "wrapper.plug-in"; path = AccountKitStrings.bundle; sourceTree = "<group>"; };
		0B85BDEE21A8047B00029EFA /* AccountKit.framework */ = {isa = PBXFileReference; lastKnownFileType = wrapper.framework; path = AccountKit.framework; sourceTree = "<group>"; };
		0B85BDF021A8047B00029EFA /* HTMLResource.bundle */ = {isa = PBXFileReference; lastKnownFileType = "wrapper.plug-in"; path = HTMLResource.bundle; sourceTree = "<group>"; };
		0B85BDF121A8047B00029EFA /* EAccountSDKArchive.framework */ = {isa = PBXFileReference; lastKnownFileType = wrapper.framework; path = EAccountSDKArchive.framework; sourceTree = "<group>"; };
		0B85BDFA21A806D700029EFA /* ShareSDKJSBridge.h */ = {isa = PBXFileReference; fileEncoding = 4; lastKnownFileType = sourcecode.c.h; path = ShareSDKJSBridge.h; sourceTree = "<group>"; };
		0B85BDFB21A806D700029EFA /* ShareSDKJSBridge.m */ = {isa = PBXFileReference; fileEncoding = 4; lastKnownFileType = sourcecode.c.objc; path = ShareSDKJSBridge.m; sourceTree = "<group>"; };
		0B85BDFC21A806D700029EFA /* ShareSDK.js */ = {isa = PBXFileReference; fileEncoding = 4; lastKnownFileType = sourcecode.javascript; path = ShareSDK.js; sourceTree = "<group>"; };
		504A5E72215C735100A8362F /* RennSDK.bundle */ = {isa = PBXFileReference; lastKnownFileType = "wrapper.plug-in"; path = RennSDK.bundle; sourceTree = "<group>"; };
		504A5E73215C735100A8362F /* RennSDK.framework */ = {isa = PBXFileReference; lastKnownFileType = wrapper.framework; path = RennSDK.framework; sourceTree = "<group>"; };
		504A5E75215C735100A8362F /* WeiboSDK.bundle */ = {isa = PBXFileReference; lastKnownFileType = "wrapper.plug-in"; path = WeiboSDK.bundle; sourceTree = "<group>"; };
		504A5E76215C735100A8362F /* libWeiboSDK.a */ = {isa = PBXFileReference; lastKnownFileType = archive.ar; path = libWeiboSDK.a; sourceTree = "<group>"; };
		504A5E77215C735100A8362F /* WBHttpRequest.h */ = {isa = PBXFileReference; fileEncoding = 4; lastKnownFileType = sourcecode.c.h; path = WBHttpRequest.h; sourceTree = "<group>"; };
		504A5E78215C735100A8362F /* WeiboSDK.h */ = {isa = PBXFileReference; fileEncoding = 4; lastKnownFileType = sourcecode.c.h; path = WeiboSDK.h; sourceTree = "<group>"; };
		504A5E7A215C735100A8362F /* WXApi.h */ = {isa = PBXFileReference; fileEncoding = 4; lastKnownFileType = sourcecode.c.h; path = WXApi.h; sourceTree = "<group>"; };
		504A5E7B215C735100A8362F /* WXApiObject.h */ = {isa = PBXFileReference; fileEncoding = 4; lastKnownFileType = sourcecode.c.h; path = WXApiObject.h; sourceTree = "<group>"; };
		504A5E7C215C735100A8362F /* README.txt */ = {isa = PBXFileReference; fileEncoding = 4; lastKnownFileType = text; path = README.txt; sourceTree = "<group>"; };
		504A5E7D215C735100A8362F /* WechatAuthSDK.h */ = {isa = PBXFileReference; fileEncoding = 4; lastKnownFileType = sourcecode.c.h; path = WechatAuthSDK.h; sourceTree = "<group>"; };
		504A5E7E215C735100A8362F /* libWeChatSDK.a */ = {isa = PBXFileReference; lastKnownFileType = archive.ar; path = libWeChatSDK.a; sourceTree = "<group>"; };
		504A5E80215C735100A8362F /* libAPOpenSdk.a */ = {isa = PBXFileReference; lastKnownFileType = archive.ar; path = libAPOpenSdk.a; sourceTree = "<group>"; };
		504A5E81215C735100A8362F /* README.md */ = {isa = PBXFileReference; fileEncoding = 4; lastKnownFileType = net.daringfireball.markdown; path = README.md; sourceTree = "<group>"; };
		504A5E82215C735100A8362F /* APOpenAPIObject.h */ = {isa = PBXFileReference; fileEncoding = 4; lastKnownFileType = sourcecode.c.h; path = APOpenAPIObject.h; sourceTree = "<group>"; };
		504A5E83215C735100A8362F /* APOpenAPI.h */ = {isa = PBXFileReference; fileEncoding = 4; lastKnownFileType = sourcecode.c.h; path = APOpenAPI.h; sourceTree = "<group>"; };
		504A5E85215C735100A8362F /* TYRZSDK.framework */ = {isa = PBXFileReference; lastKnownFileType = wrapper.framework; path = TYRZSDK.framework; sourceTree = "<group>"; };
		504A5E86215C735100A8362F /* Resource.bundle */ = {isa = PBXFileReference; lastKnownFileType = "wrapper.plug-in"; path = Resource.bundle; sourceTree = "<group>"; };
		504A5E88215C735100A8362F /* LineSDK.framework */ = {isa = PBXFileReference; lastKnownFileType = wrapper.framework; path = LineSDK.framework; sourceTree = "<group>"; };
		504A5E8A215C735100A8362F /* MPShareSDK.framework */ = {isa = PBXFileReference; lastKnownFileType = wrapper.framework; path = MPShareSDK.framework; sourceTree = "<group>"; };
		504A5E8C215C735100A8362F /* TencentOpenAPI.framework */ = {isa = PBXFileReference; lastKnownFileType = wrapper.framework; path = TencentOpenAPI.framework; sourceTree = "<group>"; };
		504A5E8E215C735100A8362F /* KakaoCommon.framework */ = {isa = PBXFileReference; lastKnownFileType = wrapper.framework; path = KakaoCommon.framework; sourceTree = "<group>"; };
		504A5E8F215C735100A8362F /* KakaoLink.framework */ = {isa = PBXFileReference; lastKnownFileType = wrapper.framework; path = KakaoLink.framework; sourceTree = "<group>"; };
		504A5E90215C735100A8362F /* KakaoOpenSDK.framework */ = {isa = PBXFileReference; lastKnownFileType = wrapper.framework; path = KakaoOpenSDK.framework; sourceTree = "<group>"; };
		504A5E92215C735100A8362F /* DTShareKit.framework */ = {isa = PBXFileReference; lastKnownFileType = wrapper.framework; path = DTShareKit.framework; sourceTree = "<group>"; };
		504A5E94215C735100A8362F /* libYixinSDK.a */ = {isa = PBXFileReference; lastKnownFileType = archive.ar; path = libYixinSDK.a; sourceTree = "<group>"; };
		504A5E95215C735100A8362F /* YXApiObject.h */ = {isa = PBXFileReference; fileEncoding = 4; lastKnownFileType = sourcecode.c.h; path = YXApiObject.h; sourceTree = "<group>"; };
		504A5E96215C735100A8362F /* YXApi.h */ = {isa = PBXFileReference; fileEncoding = 4; lastKnownFileType = sourcecode.c.h; path = YXApi.h; sourceTree = "<group>"; };
		504A5E98215C735100A8362F /* ShareSDKConnector.framework */ = {isa = PBXFileReference; lastKnownFileType = wrapper.framework; path = ShareSDKConnector.framework; sourceTree = "<group>"; };
		504A5E99215C735100A8362F /* ShareSDK.bundle */ = {isa = PBXFileReference; lastKnownFileType = "wrapper.plug-in"; path = ShareSDK.bundle; sourceTree = "<group>"; };
		504A5E9B215C735100A8362F /* ShareSDKUI.bundle */ = {isa = PBXFileReference; lastKnownFileType = "wrapper.plug-in"; path = ShareSDKUI.bundle; sourceTree = "<group>"; };
		504A5E9C215C735100A8362F /* ShareSDKConfigFile.framework */ = {isa = PBXFileReference; lastKnownFileType = wrapper.framework; path = ShareSDKConfigFile.framework; sourceTree = "<group>"; };
		504A5E9D215C735100A8362F /* ShareSDKExtension.framework */ = {isa = PBXFileReference; lastKnownFileType = wrapper.framework; path = ShareSDKExtension.framework; sourceTree = "<group>"; };
		504A5E9E215C735100A8362F /* ShareSDKUI.framework */ = {isa = PBXFileReference; lastKnownFileType = wrapper.framework; path = ShareSDKUI.framework; sourceTree = "<group>"; };
		504A5E9F215C735100A8362F /* ShareSDKConfigFile.bundle */ = {isa = PBXFileReference; lastKnownFileType = "wrapper.plug-in"; path = ShareSDKConfigFile.bundle; sourceTree = "<group>"; };
		504A5EA1215C735100A8362F /* PrintConnector.framework */ = {isa = PBXFileReference; lastKnownFileType = wrapper.framework; path = PrintConnector.framework; sourceTree = "<group>"; };
		504A5EA2215C735100A8362F /* SMSConnector.framework */ = {isa = PBXFileReference; lastKnownFileType = wrapper.framework; path = SMSConnector.framework; sourceTree = "<group>"; };
		504A5EA3215C735100A8362F /* DropboxConnector.framework */ = {isa = PBXFileReference; lastKnownFileType = wrapper.framework; path = DropboxConnector.framework; sourceTree = "<group>"; };
		504A5EA4215C735100A8362F /* RedditConnector.framework */ = {isa = PBXFileReference; lastKnownFileType = wrapper.framework; path = RedditConnector.framework; sourceTree = "<group>"; };
		504A5EA5215C735100A8362F /* FacebookMessengerConnector.framework */ = {isa = PBXFileReference; lastKnownFileType = wrapper.framework; path = FacebookMessengerConnector.framework; sourceTree = "<group>"; };
		504A5EA6215C735100A8362F /* WhatsAppConnector.framework */ = {isa = PBXFileReference; lastKnownFileType = wrapper.framework; path = WhatsAppConnector.framework; sourceTree = "<group>"; };
		504A5EA7215C735100A8362F /* TelegramConnector.framework */ = {isa = PBXFileReference; lastKnownFileType = wrapper.framework; path = TelegramConnector.framework; sourceTree = "<group>"; };
		504A5EA8215C735100A8362F /* EasyChatConnector.framework */ = {isa = PBXFileReference; lastKnownFileType = wrapper.framework; path = EasyChatConnector.framework; sourceTree = "<group>"; };
		504A5EA9215C735100A8362F /* CMCCConnector.framework */ = {isa = PBXFileReference; lastKnownFileType = wrapper.framework; path = CMCCConnector.framework; sourceTree = "<group>"; };
		504A5EAA215C735100A8362F /* AliSocialConnector.framework */ = {isa = PBXFileReference; lastKnownFileType = wrapper.framework; path = AliSocialConnector.framework; sourceTree = "<group>"; };
		504A5EAB215C735100A8362F /* KaiXinConnector.framework */ = {isa = PBXFileReference; lastKnownFileType = wrapper.framework; path = KaiXinConnector.framework; sourceTree = "<group>"; };
		504A5EAC215C735100A8362F /* MailConnector.framework */ = {isa = PBXFileReference; lastKnownFileType = wrapper.framework; path = MailConnector.framework; sourceTree = "<group>"; };
		504A5EAD215C735100A8362F /* QQConnector.framework */ = {isa = PBXFileReference; lastKnownFileType = wrapper.framework; path = QQConnector.framework; sourceTree = "<group>"; };
		504A5EAE215C735100A8362F /* TumblrConnector.framework */ = {isa = PBXFileReference; lastKnownFileType = wrapper.framework; path = TumblrConnector.framework; sourceTree = "<group>"; };
		504A5EAF215C735100A8362F /* VKontakteConnector.framework */ = {isa = PBXFileReference; lastKnownFileType = wrapper.framework; path = VKontakteConnector.framework; sourceTree = "<group>"; };
		504A5EB0215C735100A8362F /* PocketConnector.framework */ = {isa = PBXFileReference; lastKnownFileType = wrapper.framework; path = PocketConnector.framework; sourceTree = "<group>"; };
		504A5EB1215C735100A8362F /* MingDaoConnector.framework */ = {isa = PBXFileReference; lastKnownFileType = wrapper.framework; path = MingDaoConnector.framework; sourceTree = "<group>"; };
		504A5EB2215C735100A8362F /* GooglePlusConnector.framework */ = {isa = PBXFileReference; lastKnownFileType = wrapper.framework; path = GooglePlusConnector.framework; sourceTree = "<group>"; };
		504A5EB3215C735100A8362F /* TencentWeiboConnector.framework */ = {isa = PBXFileReference; lastKnownFileType = wrapper.framework; path = TencentWeiboConnector.framework; sourceTree = "<group>"; };
		504A5EB4215C735100A8362F /* LineConnector.framework */ = {isa = PBXFileReference; lastKnownFileType = wrapper.framework; path = LineConnector.framework; sourceTree = "<group>"; };
		504A5EB5215C735100A8362F /* MeiPaiConnector.framework */ = {isa = PBXFileReference; lastKnownFileType = wrapper.framework; path = MeiPaiConnector.framework; sourceTree = "<group>"; };
		504A5EB6215C735100A8362F /* CopyConnector.framework */ = {isa = PBXFileReference; lastKnownFileType = wrapper.framework; path = CopyConnector.framework; sourceTree = "<group>"; };
		504A5EB7215C735100A8362F /* EvernoteConnector.framework */ = {isa = PBXFileReference; lastKnownFileType = wrapper.framework; path = EvernoteConnector.framework; sourceTree = "<group>"; };
		504A5EB8215C735100A8362F /* InstapaperConnector.framework */ = {isa = PBXFileReference; lastKnownFileType = wrapper.framework; path = InstapaperConnector.framework; sourceTree = "<group>"; };
		504A5EB9215C735100A8362F /* LinkedInConnector.framework */ = {isa = PBXFileReference; lastKnownFileType = wrapper.framework; path = LinkedInConnector.framework; sourceTree = "<group>"; };
		504A5EBA215C735100A8362F /* FlickrConnector.framework */ = {isa = PBXFileReference; lastKnownFileType = wrapper.framework; path = FlickrConnector.framework; sourceTree = "<group>"; };
		504A5EBB215C735100A8362F /* DingTalkConnector.framework */ = {isa = PBXFileReference; lastKnownFileType = wrapper.framework; path = DingTalkConnector.framework; sourceTree = "<group>"; };
		504A5EBC215C735100A8362F /* YouTubeConnector.framework */ = {isa = PBXFileReference; lastKnownFileType = wrapper.framework; path = YouTubeConnector.framework; sourceTree = "<group>"; };
		504A5EBD215C735100A8362F /* TwitterConnector.framework */ = {isa = PBXFileReference; lastKnownFileType = wrapper.framework; path = TwitterConnector.framework; sourceTree = "<group>"; };
		504A5EBE215C735100A8362F /* FacebookConnector.framework */ = {isa = PBXFileReference; lastKnownFileType = wrapper.framework; path = FacebookConnector.framework; sourceTree = "<group>"; };
		504A5EBF215C735100A8362F /* WechatConnector.framework */ = {isa = PBXFileReference; lastKnownFileType = wrapper.framework; path = WechatConnector.framework; sourceTree = "<group>"; };
		504A5EC0215C735100A8362F /* YouDaoNoteConnector.framework */ = {isa = PBXFileReference; lastKnownFileType = wrapper.framework; path = YouDaoNoteConnector.framework; sourceTree = "<group>"; };
		504A5EC1215C735100A8362F /* RenrenConnector.framework */ = {isa = PBXFileReference; lastKnownFileType = wrapper.framework; path = RenrenConnector.framework; sourceTree = "<group>"; };
		504A5EC2215C735100A8362F /* PinterestConnector.framework */ = {isa = PBXFileReference; lastKnownFileType = wrapper.framework; path = PinterestConnector.framework; sourceTree = "<group>"; };
		504A5EC3215C735200A8362F /* InstagramConnector.framework */ = {isa = PBXFileReference; lastKnownFileType = wrapper.framework; path = InstagramConnector.framework; sourceTree = "<group>"; };
		504A5EC4215C735200A8362F /* KakaoConnector.framework */ = {isa = PBXFileReference; lastKnownFileType = wrapper.framework; path = KakaoConnector.framework; sourceTree = "<group>"; };
		504A5EC5215C735200A8362F /* SinaWeiboConnector.framework */ = {isa = PBXFileReference; lastKnownFileType = wrapper.framework; path = SinaWeiboConnector.framework; sourceTree = "<group>"; };
		504A5EC6215C735200A8362F /* DouBanConnector.framework */ = {isa = PBXFileReference; lastKnownFileType = wrapper.framework; path = DouBanConnector.framework; sourceTree = "<group>"; };
		504A5EC7215C735200A8362F /* ShareSDK.framework */ = {isa = PBXFileReference; lastKnownFileType = wrapper.framework; path = ShareSDK.framework; sourceTree = "<group>"; };
		504A5EC9215C735200A8362F /* MOBFoundation.framework */ = {isa = PBXFileReference; lastKnownFileType = wrapper.framework; path = MOBFoundation.framework; sourceTree = "<group>"; };
		DE99024F1BECAB2F00F3AD45 /* Sample.html */ = {isa = PBXFileReference; fileEncoding = 4; lastKnownFileType = text.html; path = Sample.html; sourceTree = "<group>"; };
		DEDD3BAE1BF9BA0D00575AF7 /* libicucore.dylib */ = {isa = PBXFileReference; lastKnownFileType = "compiled.mach-o.dylib"; name = libicucore.dylib; path = usr/lib/libicucore.dylib; sourceTree = SDKROOT; };
		DEDD3BB01BF9BA1600575AF7 /* libz.dylib */ = {isa = PBXFileReference; lastKnownFileType = "compiled.mach-o.dylib"; name = libz.dylib; path = usr/lib/libz.dylib; sourceTree = SDKROOT; };
		DEDD3BB21BF9BA1F00575AF7 /* libstdc++.dylib */ = {isa = PBXFileReference; lastKnownFileType = "compiled.mach-o.dylib"; name = "libstdc++.dylib"; path = "usr/lib/libstdc++.dylib"; sourceTree = SDKROOT; };
		DEDD3BB41BF9BA2400575AF7 /* JavaScriptCore.framework */ = {isa = PBXFileReference; lastKnownFileType = wrapper.framework; name = JavaScriptCore.framework; path = System/Library/Frameworks/JavaScriptCore.framework; sourceTree = SDKROOT; };
		DEDD3BB61BF9BA2A00575AF7 /* ImageIO.framework */ = {isa = PBXFileReference; lastKnownFileType = wrapper.framework; name = ImageIO.framework; path = System/Library/Frameworks/ImageIO.framework; sourceTree = SDKROOT; };
		DEDD3BB81BF9BA3100575AF7 /* AdSupport.framework */ = {isa = PBXFileReference; lastKnownFileType = wrapper.framework; name = AdSupport.framework; path = System/Library/Frameworks/AdSupport.framework; sourceTree = SDKROOT; };
		DEDD3BBA1BF9BA3B00575AF7 /* libsqlite3.dylib */ = {isa = PBXFileReference; lastKnownFileType = "compiled.mach-o.dylib"; name = libsqlite3.dylib; path = usr/lib/libsqlite3.dylib; sourceTree = SDKROOT; };
		DEE33CE51BE7380300B1089C /* ShareSDKForJavaScript.app */ = {isa = PBXFileReference; explicitFileType = wrapper.application; includeInIndex = 0; path = ShareSDKForJavaScript.app; sourceTree = BUILT_PRODUCTS_DIR; };
		DEE33CE91BE7380300B1089C /* main.m */ = {isa = PBXFileReference; lastKnownFileType = sourcecode.c.objc; path = main.m; sourceTree = "<group>"; };
		DEE33CEB1BE7380300B1089C /* AppDelegate.h */ = {isa = PBXFileReference; lastKnownFileType = sourcecode.c.h; path = AppDelegate.h; sourceTree = "<group>"; };
		DEE33CEC1BE7380300B1089C /* AppDelegate.m */ = {isa = PBXFileReference; lastKnownFileType = sourcecode.c.objc; path = AppDelegate.m; sourceTree = "<group>"; };
		DEE33CEE1BE7380300B1089C /* ViewController.h */ = {isa = PBXFileReference; lastKnownFileType = sourcecode.c.h; path = ViewController.h; sourceTree = "<group>"; };
		DEE33CEF1BE7380300B1089C /* ViewController.m */ = {isa = PBXFileReference; lastKnownFileType = sourcecode.c.objc; path = ViewController.m; sourceTree = "<group>"; };
		DEE33CF21BE7380300B1089C /* Base */ = {isa = PBXFileReference; lastKnownFileType = file.storyboard; name = Base; path = Base.lproj/Main.storyboard; sourceTree = "<group>"; };
		DEE33CF41BE7380300B1089C /* Assets.xcassets */ = {isa = PBXFileReference; lastKnownFileType = folder.assetcatalog; path = Assets.xcassets; sourceTree = "<group>"; };
		DEE33CF71BE7380300B1089C /* Base */ = {isa = PBXFileReference; lastKnownFileType = file.storyboard; name = Base; path = Base.lproj/LaunchScreen.storyboard; sourceTree = "<group>"; };
		DEE33CF91BE7380300B1089C /* Info.plist */ = {isa = PBXFileReference; lastKnownFileType = text.plist.xml; path = Info.plist; sourceTree = "<group>"; };
/* End PBXFileReference section */

/* Begin PBXFrameworksBuildPhase section */
		DEE33CE21BE7380300B1089C /* Frameworks */ = {
			isa = PBXFrameworksBuildPhase;
			buildActionMask = 2147483647;
			files = (
				504A5F01215C735200A8362F /* WechatConnector.framework in Frameworks */,
				504A5EFD215C735200A8362F /* DingTalkConnector.framework in Frameworks */,
				504A5F07215C735200A8362F /* SinaWeiboConnector.framework in Frameworks */,
				504A5EFB215C735200A8362F /* LinkedInConnector.framework in Frameworks */,
				504A5EFE215C735200A8362F /* YouTubeConnector.framework in Frameworks */,
				504A5ED5215C735200A8362F /* MPShareSDK.framework in Frameworks */,
				504A5EDF215C735200A8362F /* ShareSDKConfigFile.framework in Frameworks */,
				504A5EDA215C735200A8362F /* DTShareKit.framework in Frameworks */,
				504A5F0A215C735200A8362F /* MOBFoundation.framework in Frameworks */,
				504A5ED7215C735200A8362F /* KakaoCommon.framework in Frameworks */,
				504A5EE8215C735200A8362F /* WhatsAppConnector.framework in Frameworks */,
				DEC9E6781BFDA71A007C3848 /* ImageIO.framework in Frameworks */,
				0B85BDF321A8047B00029EFA /* AccountKit.framework in Frameworks */,
				504A5EFC215C735200A8362F /* FlickrConnector.framework in Frameworks */,
				504A5EEB215C735200A8362F /* CMCCConnector.framework in Frameworks */,
				504A5EFF215C735200A8362F /* TwitterConnector.framework in Frameworks */,
				504A5EE7215C735200A8362F /* FacebookMessengerConnector.framework in Frameworks */,
				DEDD3BBB1BF9BA3B00575AF7 /* libsqlite3.dylib in Frameworks */,
				504A5F04215C735200A8362F /* PinterestConnector.framework in Frameworks */,
				504A5EF4215C735200A8362F /* GooglePlusConnector.framework in Frameworks */,
				504A5ED4215C735200A8362F /* LineSDK.framework in Frameworks */,
				504A5EFA215C735200A8362F /* InstapaperConnector.framework in Frameworks */,
				504A5ECB215C735200A8362F /* RennSDK.framework in Frameworks */,
				DEDD3BB91BF9BA3100575AF7 /* AdSupport.framework in Frameworks */,
				504A5EF7215C735200A8362F /* MeiPaiConnector.framework in Frameworks */,
				504A5EEC215C735200A8362F /* AliSocialConnector.framework in Frameworks */,
				504A5ED2215C735200A8362F /* TYRZSDK.framework in Frameworks */,
				504A5F05215C735200A8362F /* InstagramConnector.framework in Frameworks */,
				0B85BDF521A8047B00029EFA /* EAccountSDKArchive.framework in Frameworks */,
				504A5ECF215C735200A8362F /* libWeChatSDK.a in Frameworks */,
				504A5F08215C735200A8362F /* DouBanConnector.framework in Frameworks */,
				504A5EDC215C735200A8362F /* ShareSDKConnector.framework in Frameworks */,
				504A5EE9215C735200A8362F /* TelegramConnector.framework in Frameworks */,
				504A5ECD215C735200A8362F /* libWeiboSDK.a in Frameworks */,
				504A5ED8215C735200A8362F /* KakaoLink.framework in Frameworks */,
				504A5F06215C735200A8362F /* KakaoConnector.framework in Frameworks */,
				504A5EF8215C735200A8362F /* CopyConnector.framework in Frameworks */,
				504A5ED0215C735200A8362F /* libAPOpenSdk.a in Frameworks */,
				504A5EF5215C735200A8362F /* TencentWeiboConnector.framework in Frameworks */,
				504A5ED6215C735200A8362F /* TencentOpenAPI.framework in Frameworks */,
				504A5EE4215C735200A8362F /* SMSConnector.framework in Frameworks */,
				504A5EEA215C735200A8362F /* EasyChatConnector.framework in Frameworks */,
				504A5EDB215C735200A8362F /* libYixinSDK.a in Frameworks */,
				504A5F02215C735200A8362F /* YouDaoNoteConnector.framework in Frameworks */,
				504A5EF6215C735200A8362F /* LineConnector.framework in Frameworks */,
				504A5EEF215C735200A8362F /* QQConnector.framework in Frameworks */,
				DEDD3BB51BF9BA2400575AF7 /* JavaScriptCore.framework in Frameworks */,
				504A5EE0215C735200A8362F /* ShareSDKExtension.framework in Frameworks */,
				504A5EF3215C735200A8362F /* MingDaoConnector.framework in Frameworks */,
				504A5EE5215C735200A8362F /* DropboxConnector.framework in Frameworks */,
				504A5EE3215C735200A8362F /* PrintConnector.framework in Frameworks */,
				504A5EE1215C735200A8362F /* ShareSDKUI.framework in Frameworks */,
				504A5EF2215C735200A8362F /* PocketConnector.framework in Frameworks */,
				504A5EED215C735200A8362F /* KaiXinConnector.framework in Frameworks */,
				504A5F09215C735200A8362F /* ShareSDK.framework in Frameworks */,
				DEDD3BB31BF9BA1F00575AF7 /* libstdc++.dylib in Frameworks */,
				504A5EF1215C735200A8362F /* VKontakteConnector.framework in Frameworks */,
				504A5EE6215C735200A8362F /* RedditConnector.framework in Frameworks */,
				DEDD3BB11BF9BA1600575AF7 /* libz.dylib in Frameworks */,
				504A5EEE215C735200A8362F /* MailConnector.framework in Frameworks */,
				504A5EF9215C735200A8362F /* EvernoteConnector.framework in Frameworks */,
				504A5F03215C735200A8362F /* RenrenConnector.framework in Frameworks */,
				504A5F00215C735200A8362F /* FacebookConnector.framework in Frameworks */,
				DEDD3BAF1BF9BA0D00575AF7 /* libicucore.dylib in Frameworks */,
				504A5EF0215C735200A8362F /* TumblrConnector.framework in Frameworks */,
				504A5ED9215C735200A8362F /* KakaoOpenSDK.framework in Frameworks */,
			);
			runOnlyForDeploymentPostprocessing = 0;
		};
/* End PBXFrameworksBuildPhase section */

/* Begin PBXGroup section */
		0B85BDEC21A8047B00029EFA /* FacebookAccountSDK */ = {
			isa = PBXGroup;
			children = (
				0B85BDED21A8047B00029EFA /* AccountKitStrings.bundle */,
				0B85BDEE21A8047B00029EFA /* AccountKit.framework */,
			);
			path = FacebookAccountSDK;
			sourceTree = "<group>";
		};
		0B85BDEF21A8047B00029EFA /* ESurfingSDK */ = {
			isa = PBXGroup;
			children = (
				0B85BDF021A8047B00029EFA /* HTMLResource.bundle */,
				0B85BDF121A8047B00029EFA /* EAccountSDKArchive.framework */,
			);
			path = ESurfingSDK;
			sourceTree = "<group>";
		};
		0B85BDF821A806D700029EFA /* JSApi */ = {
			isa = PBXGroup;
			children = (
				0B85BDF921A806D700029EFA /* iOS */,
				0B85BDFC21A806D700029EFA /* ShareSDK.js */,
			);
			name = JSApi;
			path = ../../JSApi;
			sourceTree = "<group>";
		};
		0B85BDF921A806D700029EFA /* iOS */ = {
			isa = PBXGroup;
			children = (
				0B85BDFA21A806D700029EFA /* ShareSDKJSBridge.h */,
				0B85BDFB21A806D700029EFA /* ShareSDKJSBridge.m */,
			);
			path = iOS;
			sourceTree = "<group>";
		};
		504A5E6D215C735100A8362F /* SDK */ = {
			isa = PBXGroup;
			children = (
				504A5E6E215C735100A8362F /* ShareSDK */,
				504A5EC8215C735200A8362F /* Required */,
			);
			path = SDK;
			sourceTree = SOURCE_ROOT;
		};
		504A5E6E215C735100A8362F /* ShareSDK */ = {
			isa = PBXGroup;
			children = (
				504A5E6F215C735100A8362F /* Support */,
				504A5EC7215C735200A8362F /* ShareSDK.framework */,
			);
			path = ShareSDK;
			sourceTree = "<group>";
		};
		504A5E6F215C735100A8362F /* Support */ = {
			isa = PBXGroup;
			children = (
				504A5E70215C735100A8362F /* PlatformSDK */,
				504A5E97215C735100A8362F /* Required */,
				504A5E9A215C735100A8362F /* Optional */,
				504A5EA0215C735100A8362F /* PlatformConnector */,
			);
			path = Support;
			sourceTree = "<group>";
		};
		504A5E70215C735100A8362F /* PlatformSDK */ = {
			isa = PBXGroup;
			children = (
				0B85BDEF21A8047B00029EFA /* ESurfingSDK */,
				0B85BDEC21A8047B00029EFA /* FacebookAccountSDK */,
				504A5E71215C735100A8362F /* RenRenSDK */,
				504A5E74215C735100A8362F /* SinaWeiboSDK */,
				504A5E79215C735100A8362F /* WeChatSDK */,
				504A5E7F215C735100A8362F /* APSocialSDK */,
				504A5E84215C735100A8362F /* CMCCSDK */,
				504A5E87215C735100A8362F /* LineSDK */,
				504A5E89215C735100A8362F /* MPShareSDK */,
				504A5E8B215C735100A8362F /* QQSDK */,
				504A5E8D215C735100A8362F /* KaKaoSDK */,
				504A5E91215C735100A8362F /* DingTalkSDK */,
				504A5E93215C735100A8362F /* YiXinSDK */,
			);
			path = PlatformSDK;
			sourceTree = "<group>";
		};
		504A5E71215C735100A8362F /* RenRenSDK */ = {
			isa = PBXGroup;
			children = (
				504A5E72215C735100A8362F /* RennSDK.bundle */,
				504A5E73215C735100A8362F /* RennSDK.framework */,
			);
			path = RenRenSDK;
			sourceTree = "<group>";
		};
		504A5E74215C735100A8362F /* SinaWeiboSDK */ = {
			isa = PBXGroup;
			children = (
				504A5E75215C735100A8362F /* WeiboSDK.bundle */,
				504A5E76215C735100A8362F /* libWeiboSDK.a */,
				504A5E77215C735100A8362F /* WBHttpRequest.h */,
				504A5E78215C735100A8362F /* WeiboSDK.h */,
			);
			path = SinaWeiboSDK;
			sourceTree = "<group>";
		};
		504A5E79215C735100A8362F /* WeChatSDK */ = {
			isa = PBXGroup;
			children = (
				504A5E7A215C735100A8362F /* WXApi.h */,
				504A5E7B215C735100A8362F /* WXApiObject.h */,
				504A5E7C215C735100A8362F /* README.txt */,
				504A5E7D215C735100A8362F /* WechatAuthSDK.h */,
				504A5E7E215C735100A8362F /* libWeChatSDK.a */,
			);
			path = WeChatSDK;
			sourceTree = "<group>";
		};
		504A5E7F215C735100A8362F /* APSocialSDK */ = {
			isa = PBXGroup;
			children = (
				504A5E80215C735100A8362F /* libAPOpenSdk.a */,
				504A5E81215C735100A8362F /* README.md */,
				504A5E82215C735100A8362F /* APOpenAPIObject.h */,
				504A5E83215C735100A8362F /* APOpenAPI.h */,
			);
			path = APSocialSDK;
			sourceTree = "<group>";
		};
		504A5E84215C735100A8362F /* CMCCSDK */ = {
			isa = PBXGroup;
			children = (
				504A5E85215C735100A8362F /* TYRZSDK.framework */,
				504A5E86215C735100A8362F /* Resource.bundle */,
			);
			path = CMCCSDK;
			sourceTree = "<group>";
		};
		504A5E87215C735100A8362F /* LineSDK */ = {
			isa = PBXGroup;
			children = (
				504A5E88215C735100A8362F /* LineSDK.framework */,
			);
			path = LineSDK;
			sourceTree = "<group>";
		};
		504A5E89215C735100A8362F /* MPShareSDK */ = {
			isa = PBXGroup;
			children = (
				504A5E8A215C735100A8362F /* MPShareSDK.framework */,
			);
			path = MPShareSDK;
			sourceTree = "<group>";
		};
		504A5E8B215C735100A8362F /* QQSDK */ = {
			isa = PBXGroup;
			children = (
				504A5E8C215C735100A8362F /* TencentOpenAPI.framework */,
			);
			path = QQSDK;
			sourceTree = "<group>";
		};
		504A5E8D215C735100A8362F /* KaKaoSDK */ = {
			isa = PBXGroup;
			children = (
				504A5E8E215C735100A8362F /* KakaoCommon.framework */,
				504A5E8F215C735100A8362F /* KakaoLink.framework */,
				504A5E90215C735100A8362F /* KakaoOpenSDK.framework */,
			);
			path = KaKaoSDK;
			sourceTree = "<group>";
		};
		504A5E91215C735100A8362F /* DingTalkSDK */ = {
			isa = PBXGroup;
			children = (
				504A5E92215C735100A8362F /* DTShareKit.framework */,
			);
			path = DingTalkSDK;
			sourceTree = "<group>";
		};
		504A5E93215C735100A8362F /* YiXinSDK */ = {
			isa = PBXGroup;
			children = (
				504A5E94215C735100A8362F /* libYixinSDK.a */,
				504A5E95215C735100A8362F /* YXApiObject.h */,
				504A5E96215C735100A8362F /* YXApi.h */,
			);
			path = YiXinSDK;
			sourceTree = "<group>";
		};
		504A5E97215C735100A8362F /* Required */ = {
			isa = PBXGroup;
			children = (
				504A5E98215C735100A8362F /* ShareSDKConnector.framework */,
				504A5E99215C735100A8362F /* ShareSDK.bundle */,
			);
			path = Required;
			sourceTree = "<group>";
		};
		504A5E9A215C735100A8362F /* Optional */ = {
			isa = PBXGroup;
			children = (
				504A5E9B215C735100A8362F /* ShareSDKUI.bundle */,
				504A5E9C215C735100A8362F /* ShareSDKConfigFile.framework */,
				504A5E9D215C735100A8362F /* ShareSDKExtension.framework */,
				504A5E9E215C735100A8362F /* ShareSDKUI.framework */,
				504A5E9F215C735100A8362F /* ShareSDKConfigFile.bundle */,
			);
			path = Optional;
			sourceTree = "<group>";
		};
		504A5EA0215C735100A8362F /* PlatformConnector */ = {
			isa = PBXGroup;
			children = (
				504A5EA1215C735100A8362F /* PrintConnector.framework */,
				504A5EA2215C735100A8362F /* SMSConnector.framework */,
				504A5EA3215C735100A8362F /* DropboxConnector.framework */,
				504A5EA4215C735100A8362F /* RedditConnector.framework */,
				504A5EA5215C735100A8362F /* FacebookMessengerConnector.framework */,
				504A5EA6215C735100A8362F /* WhatsAppConnector.framework */,
				504A5EA7215C735100A8362F /* TelegramConnector.framework */,
				504A5EA8215C735100A8362F /* EasyChatConnector.framework */,
				504A5EA9215C735100A8362F /* CMCCConnector.framework */,
				504A5EAA215C735100A8362F /* AliSocialConnector.framework */,
				504A5EAB215C735100A8362F /* KaiXinConnector.framework */,
				504A5EAC215C735100A8362F /* MailConnector.framework */,
				504A5EAD215C735100A8362F /* QQConnector.framework */,
				504A5EAE215C735100A8362F /* TumblrConnector.framework */,
				504A5EAF215C735100A8362F /* VKontakteConnector.framework */,
				504A5EB0215C735100A8362F /* PocketConnector.framework */,
				504A5EB1215C735100A8362F /* MingDaoConnector.framework */,
				504A5EB2215C735100A8362F /* GooglePlusConnector.framework */,
				504A5EB3215C735100A8362F /* TencentWeiboConnector.framework */,
				504A5EB4215C735100A8362F /* LineConnector.framework */,
				504A5EB5215C735100A8362F /* MeiPaiConnector.framework */,
				504A5EB6215C735100A8362F /* CopyConnector.framework */,
				504A5EB7215C735100A8362F /* EvernoteConnector.framework */,
				504A5EB8215C735100A8362F /* InstapaperConnector.framework */,
				504A5EB9215C735100A8362F /* LinkedInConnector.framework */,
				504A5EBA215C735100A8362F /* FlickrConnector.framework */,
				504A5EBB215C735100A8362F /* DingTalkConnector.framework */,
				504A5EBC215C735100A8362F /* YouTubeConnector.framework */,
				504A5EBD215C735100A8362F /* TwitterConnector.framework */,
				504A5EBE215C735100A8362F /* FacebookConnector.framework */,
				504A5EBF215C735100A8362F /* WechatConnector.framework */,
				504A5EC0215C735100A8362F /* YouDaoNoteConnector.framework */,
				504A5EC1215C735100A8362F /* RenrenConnector.framework */,
				504A5EC2215C735100A8362F /* PinterestConnector.framework */,
				504A5EC3215C735200A8362F /* InstagramConnector.framework */,
				504A5EC4215C735200A8362F /* KakaoConnector.framework */,
				504A5EC5215C735200A8362F /* SinaWeiboConnector.framework */,
				504A5EC6215C735200A8362F /* DouBanConnector.framework */,
			);
			path = PlatformConnector;
			sourceTree = "<group>";
		};
		504A5EC8215C735200A8362F /* Required */ = {
			isa = PBXGroup;
			children = (
				504A5EC9215C735200A8362F /* MOBFoundation.framework */,
			);
			path = Required;
			sourceTree = "<group>";
		};
		DEE33CDC1BE7380300B1089C = {
			isa = PBXGroup;
			children = (
				DEE33CE71BE7380300B1089C /* ShareSDKForJavaScript */,
				DEE33CE61BE7380300B1089C /* Products */,
			);
			sourceTree = "<group>";
		};
		DEE33CE61BE7380300B1089C /* Products */ = {
			isa = PBXGroup;
			children = (
				DEE33CE51BE7380300B1089C /* ShareSDKForJavaScript.app */,
			);
			name = Products;
			sourceTree = "<group>";
		};
		DEE33CE71BE7380300B1089C /* ShareSDKForJavaScript */ = {
			isa = PBXGroup;
			children = (
				0B85BDF821A806D700029EFA /* JSApi */,
				504A5E6D215C735100A8362F /* SDK */,
				DE99024F1BECAB2F00F3AD45 /* Sample.html */,
				DEE33CEB1BE7380300B1089C /* AppDelegate.h */,
				DEE33CEC1BE7380300B1089C /* AppDelegate.m */,
				DEE33CEE1BE7380300B1089C /* ViewController.h */,
				DEE33CEF1BE7380300B1089C /* ViewController.m */,
				DEE33CF11BE7380300B1089C /* Main.storyboard */,
				DEE33CF41BE7380300B1089C /* Assets.xcassets */,
				DEE33CF61BE7380300B1089C /* LaunchScreen.storyboard */,
				DEE33CF91BE7380300B1089C /* Info.plist */,
				DEE33CE81BE7380300B1089C /* Supporting Files */,
			);
			path = ShareSDKForJavaScript;
			sourceTree = "<group>";
		};
		DEE33CE81BE7380300B1089C /* Supporting Files */ = {
			isa = PBXGroup;
			children = (
				DEDD3BBA1BF9BA3B00575AF7 /* libsqlite3.dylib */,
				DEDD3BB81BF9BA3100575AF7 /* AdSupport.framework */,
				DEDD3BB61BF9BA2A00575AF7 /* ImageIO.framework */,
				DEDD3BB41BF9BA2400575AF7 /* JavaScriptCore.framework */,
				DEDD3BB21BF9BA1F00575AF7 /* libstdc++.dylib */,
				DEDD3BB01BF9BA1600575AF7 /* libz.dylib */,
				DEDD3BAE1BF9BA0D00575AF7 /* libicucore.dylib */,
				DEE33CE91BE7380300B1089C /* main.m */,
			);
			name = "Supporting Files";
			sourceTree = "<group>";
		};
/* End PBXGroup section */

/* Begin PBXNativeTarget section */
		DEE33CE41BE7380300B1089C /* ShareSDKForJavaScript */ = {
			isa = PBXNativeTarget;
			buildConfigurationList = DEE33CFC1BE7380300B1089C /* Build configuration list for PBXNativeTarget "ShareSDKForJavaScript" */;
			buildPhases = (
				DEE33CE11BE7380300B1089C /* Sources */,
				DEE33CE21BE7380300B1089C /* Frameworks */,
				DEE33CE31BE7380300B1089C /* Resources */,
			);
			buildRules = (
			);
			dependencies = (
			);
			name = ShareSDKForJavaScript;
			productName = ShareSDKForJavaScript;
			productReference = DEE33CE51BE7380300B1089C /* ShareSDKForJavaScript.app */;
			productType = "com.apple.product-type.application";
		};
/* End PBXNativeTarget section */

/* Begin PBXProject section */
		DEE33CDD1BE7380300B1089C /* Project object */ = {
			isa = PBXProject;
			attributes = {
				LastUpgradeCheck = 0700;
				ORGANIZATIONNAME = mob.com;
				TargetAttributes = {
					DEE33CE41BE7380300B1089C = {
						CreatedOnToolsVersion = 7.0.1;
						DevelopmentTeam = LW5266U92D;
						ProvisioningStyle = Automatic;
					};
				};
			};
			buildConfigurationList = DEE33CE01BE7380300B1089C /* Build configuration list for PBXProject "ShareSDKForJavaScript" */;
			compatibilityVersion = "Xcode 3.2";
			developmentRegion = English;
			hasScannedForEncodings = 0;
			knownRegions = (
				en,
				Base,
			);
			mainGroup = DEE33CDC1BE7380300B1089C;
			productRefGroup = DEE33CE61BE7380300B1089C /* Products */;
			projectDirPath = "";
			projectRoot = "";
			targets = (
				DEE33CE41BE7380300B1089C /* ShareSDKForJavaScript */,
			);
		};
/* End PBXProject section */

/* Begin PBXResourcesBuildPhase section */
		DEE33CE31BE7380300B1089C /* Resources */ = {
			isa = PBXResourcesBuildPhase;
			buildActionMask = 2147483647;
			files = (
				DE9902511BECAB2F00F3AD45 /* Sample.html in Resources */,
				0B85BDF221A8047B00029EFA /* AccountKitStrings.bundle in Resources */,
				0B85BDF421A8047B00029EFA /* HTMLResource.bundle in Resources */,
				504A5ECA215C735200A8362F /* RennSDK.bundle in Resources */,
				0B85BDFE21A806D700029EFA /* ShareSDK.js in Resources */,
				DEE33CF81BE7380300B1089C /* LaunchScreen.storyboard in Resources */,
				504A5EE2215C735200A8362F /* ShareSDKConfigFile.bundle in Resources */,
				DEE33CF51BE7380300B1089C /* Assets.xcassets in Resources */,
				504A5EDE215C735200A8362F /* ShareSDKUI.bundle in Resources */,
				504A5EDD215C735200A8362F /* ShareSDK.bundle in Resources */,
				504A5ECC215C735200A8362F /* WeiboSDK.bundle in Resources */,
				DEE33CF31BE7380300B1089C /* Main.storyboard in Resources */,
				504A5ED1215C735200A8362F /* README.md in Resources */,
				504A5ECE215C735200A8362F /* README.txt in Resources */,
				504A5ED3215C735200A8362F /* Resource.bundle in Resources */,
			);
			runOnlyForDeploymentPostprocessing = 0;
		};
/* End PBXResourcesBuildPhase section */

/* Begin PBXSourcesBuildPhase section */
		DEE33CE11BE7380300B1089C /* Sources */ = {
			isa = PBXSourcesBuildPhase;
			buildActionMask = 2147483647;
			files = (
				0B85BDFD21A806D700029EFA /* ShareSDKJSBridge.m in Sources */,
				DEE33CF01BE7380300B1089C /* ViewController.m in Sources */,
				DEE33CED1BE7380300B1089C /* AppDelegate.m in Sources */,
				DEE33CEA1BE7380300B1089C /* main.m in Sources */,
			);
			runOnlyForDeploymentPostprocessing = 0;
		};
/* End PBXSourcesBuildPhase section */

/* Begin PBXVariantGroup section */
		DEE33CF11BE7380300B1089C /* Main.storyboard */ = {
			isa = PBXVariantGroup;
			children = (
				DEE33CF21BE7380300B1089C /* Base */,
			);
			name = Main.storyboard;
			sourceTree = "<group>";
		};
		DEE33CF61BE7380300B1089C /* LaunchScreen.storyboard */ = {
			isa = PBXVariantGroup;
			children = (
				DEE33CF71BE7380300B1089C /* Base */,
			);
			name = LaunchScreen.storyboard;
			sourceTree = "<group>";
		};
/* End PBXVariantGroup section */

/* Begin XCBuildConfiguration section */
		DEE33CFA1BE7380300B1089C /* Debug */ = {
			isa = XCBuildConfiguration;
			buildSettings = {
				ALWAYS_SEARCH_USER_PATHS = NO;
				CLANG_CXX_LANGUAGE_STANDARD = "gnu++0x";
				CLANG_CXX_LIBRARY = "libc++";
				CLANG_ENABLE_MODULES = YES;
				CLANG_ENABLE_OBJC_ARC = YES;
				CLANG_WARN_BOOL_CONVERSION = YES;
				CLANG_WARN_CONSTANT_CONVERSION = YES;
				CLANG_WARN_DIRECT_OBJC_ISA_USAGE = YES_ERROR;
				CLANG_WARN_EMPTY_BODY = YES;
				CLANG_WARN_ENUM_CONVERSION = YES;
				CLANG_WARN_INT_CONVERSION = YES;
				CLANG_WARN_OBJC_ROOT_CLASS = YES_ERROR;
				CLANG_WARN_UNREACHABLE_CODE = YES;
				CLANG_WARN__DUPLICATE_METHOD_MATCH = YES;
				"CODE_SIGN_IDENTITY[sdk=iphoneos*]" = "iPhone Developer";
				COPY_PHASE_STRIP = NO;
				DEBUG_INFORMATION_FORMAT = dwarf;
				ENABLE_STRICT_OBJC_MSGSEND = YES;
				ENABLE_TESTABILITY = YES;
				GCC_C_LANGUAGE_STANDARD = gnu99;
				GCC_DYNAMIC_NO_PIC = NO;
				GCC_NO_COMMON_BLOCKS = YES;
				GCC_OPTIMIZATION_LEVEL = 0;
				GCC_PREPROCESSOR_DEFINITIONS = (
					"DEBUG=1",
					"$(inherited)",
				);
				GCC_WARN_64_TO_32_BIT_CONVERSION = YES;
				GCC_WARN_ABOUT_RETURN_TYPE = YES_ERROR;
				GCC_WARN_UNDECLARED_SELECTOR = YES;
				GCC_WARN_UNINITIALIZED_AUTOS = YES_AGGRESSIVE;
				GCC_WARN_UNUSED_FUNCTION = YES;
				GCC_WARN_UNUSED_VARIABLE = YES;
				IPHONEOS_DEPLOYMENT_TARGET = 8.0;
				MTL_ENABLE_DEBUG_INFO = YES;
				ONLY_ACTIVE_ARCH = YES;
				SDKROOT = iphoneos;
				TARGETED_DEVICE_FAMILY = "1,2";
			};
			name = Debug;
		};
		DEE33CFB1BE7380300B1089C /* Release */ = {
			isa = XCBuildConfiguration;
			buildSettings = {
				ALWAYS_SEARCH_USER_PATHS = NO;
				CLANG_CXX_LANGUAGE_STANDARD = "gnu++0x";
				CLANG_CXX_LIBRARY = "libc++";
				CLANG_ENABLE_MODULES = YES;
				CLANG_ENABLE_OBJC_ARC = YES;
				CLANG_WARN_BOOL_CONVERSION = YES;
				CLANG_WARN_CONSTANT_CONVERSION = YES;
				CLANG_WARN_DIRECT_OBJC_ISA_USAGE = YES_ERROR;
				CLANG_WARN_EMPTY_BODY = YES;
				CLANG_WARN_ENUM_CONVERSION = YES;
				CLANG_WARN_INT_CONVERSION = YES;
				CLANG_WARN_OBJC_ROOT_CLASS = YES_ERROR;
				CLANG_WARN_UNREACHABLE_CODE = YES;
				CLANG_WARN__DUPLICATE_METHOD_MATCH = YES;
				"CODE_SIGN_IDENTITY[sdk=iphoneos*]" = "iPhone Developer";
				COPY_PHASE_STRIP = NO;
				DEBUG_INFORMATION_FORMAT = "dwarf-with-dsym";
				ENABLE_NS_ASSERTIONS = NO;
				ENABLE_STRICT_OBJC_MSGSEND = YES;
				GCC_C_LANGUAGE_STANDARD = gnu99;
				GCC_NO_COMMON_BLOCKS = YES;
				GCC_WARN_64_TO_32_BIT_CONVERSION = YES;
				GCC_WARN_ABOUT_RETURN_TYPE = YES_ERROR;
				GCC_WARN_UNDECLARED_SELECTOR = YES;
				GCC_WARN_UNINITIALIZED_AUTOS = YES_AGGRESSIVE;
				GCC_WARN_UNUSED_FUNCTION = YES;
				GCC_WARN_UNUSED_VARIABLE = YES;
				IPHONEOS_DEPLOYMENT_TARGET = 8.0;
				MTL_ENABLE_DEBUG_INFO = NO;
				SDKROOT = iphoneos;
				TARGETED_DEVICE_FAMILY = "1,2";
				VALIDATE_PRODUCT = YES;
			};
			name = Release;
		};
		DEE33CFD1BE7380300B1089C /* Debug */ = {
			isa = XCBuildConfiguration;
			buildSettings = {
				ASSETCATALOG_COMPILER_APPICON_NAME = AppIcon;
				CODE_SIGN_IDENTITY = "iPhone Developer";
				CODE_SIGN_STYLE = Automatic;
				DEVELOPMENT_TEAM = LW5266U92D;
				ENABLE_BITCODE = NO;
				FRAMEWORK_SEARCH_PATHS = (
					"$(inherited)",
					"$(PROJECT_DIR)/SDK/Required",
					"$(PROJECT_DIR)/SDK/ShareSDK",
					"$(PROJECT_DIR)/SDK/ShareSDK/Support/Optional",
					"$(PROJECT_DIR)/SDK/ShareSDK/Support/PlatformConnector",
					"$(PROJECT_DIR)/SDK/ShareSDK/Support/PlatformSDK/DingTalkSDK",
					"$(PROJECT_DIR)/SDK/ShareSDK/Support/PlatformSDK/FacebookMessengerSDK",
					"$(PROJECT_DIR)/SDK/ShareSDK/Support/PlatformSDK/KaKaoSDK",
					"$(PROJECT_DIR)/SDK/ShareSDK/Support/PlatformSDK/LineSDK",
					"$(PROJECT_DIR)/SDK/ShareSDK/Support/PlatformSDK/MPShareSDK",
					"$(PROJECT_DIR)/SDK/ShareSDK/Support/PlatformSDK/QQSDK",
					"$(PROJECT_DIR)/SDK/ShareSDK/Support/PlatformSDK/RenRenSDK",
					"$(PROJECT_DIR)/SDK/ShareSDK/Support/Required",
					"$(PROJECT_DIR)/ShareSDK",
					"$(PROJECT_DIR)/ShareSDK/Support/Optional",
					"$(PROJECT_DIR)/ShareSDK/Support/PlatformConnector",
					"$(PROJECT_DIR)/ShareSDK/Support/PlatformSDK/DingTalkSDK",
					"$(PROJECT_DIR)/ShareSDK/Support/PlatformSDK/FacebookMessengerSDK",
					"$(PROJECT_DIR)/ShareSDK/Support/PlatformSDK/KaKaoSDK",
					"$(PROJECT_DIR)/ShareSDK/Support/PlatformSDK/LineSDK",
					"$(PROJECT_DIR)/ShareSDK/Support/PlatformSDK/MPShareSDK",
					"$(PROJECT_DIR)/ShareSDK/Support/PlatformSDK/QQSDK",
					"$(PROJECT_DIR)/ShareSDK/Support/PlatformSDK/RenRenSDK",
					"$(PROJECT_DIR)/ShareSDK/Support/Required",
					"$(PROJECT_DIR)/SDK/ShareSDK/Support/PlatformSDK/CMCCSDK",
					"$(PROJECT_DIR)/SDK/ShareSDK/Support/PlatformSDK/FacebookAccountSDK",
					"$(PROJECT_DIR)/SDK/ShareSDK/Support/PlatformSDK/ESurfingSDK",
				);
				HEADER_SEARCH_PATHS = "";
				INFOPLIST_FILE = ShareSDKForJavaScript/Info.plist;
				IPHONEOS_DEPLOYMENT_TARGET = 8.0;
				LD_RUNPATH_SEARCH_PATHS = "$(inherited) @executable_path/Frameworks";
				LIBRARY_SEARCH_PATHS = (
					"$(inherited)",
					"$(PROJECT_DIR)/SDK/ShareSDK/Support/PlatformSDK/APSocialSDK",
					"$(PROJECT_DIR)/SDK/ShareSDK/Support/PlatformSDK/SinaWeiboSDK",
					"$(PROJECT_DIR)/SDK/ShareSDK/Support/PlatformSDK/WeChatSDK",
					"$(PROJECT_DIR)/SDK/ShareSDK/Support/PlatformSDK/YiXinSDK",
					"$(PROJECT_DIR)/ShareSDK/Support/PlatformSDK/APSocialSDK",
					"$(PROJECT_DIR)/ShareSDK/Support/PlatformSDK/SinaWeiboSDK",
					"$(PROJECT_DIR)/ShareSDK/Support/PlatformSDK/WeChatSDK",
					"$(PROJECT_DIR)/ShareSDK/Support/PlatformSDK/YiXinSDK",
				);
				OTHER_LDFLAGS = "-ObjC";
				PRODUCT_BUNDLE_IDENTIFIER = com.mob.demoJs;
				PRODUCT_NAME = "$(TARGET_NAME)";
				PROVISIONING_PROFILE = "";
				PROVISIONING_PROFILE_SPECIFIER = "";
				TARGETED_DEVICE_FAMILY = "1,2";
			};
			name = Debug;
		};
		DEE33CFE1BE7380300B1089C /* Release */ = {
			isa = XCBuildConfiguration;
			buildSettings = {
				ASSETCATALOG_COMPILER_APPICON_NAME = AppIcon;
				CODE_SIGN_IDENTITY = "iPhone Developer";
				CODE_SIGN_STYLE = Automatic;
				DEVELOPMENT_TEAM = LW5266U92D;
				ENABLE_BITCODE = NO;
				FRAMEWORK_SEARCH_PATHS = (
					"$(inherited)",
					"$(PROJECT_DIR)/SDK/Required",
					"$(PROJECT_DIR)/SDK/ShareSDK",
					"$(PROJECT_DIR)/SDK/ShareSDK/Support/Optional",
					"$(PROJECT_DIR)/SDK/ShareSDK/Support/PlatformConnector",
					"$(PROJECT_DIR)/SDK/ShareSDK/Support/PlatformSDK/DingTalkSDK",
					"$(PROJECT_DIR)/SDK/ShareSDK/Support/PlatformSDK/FacebookMessengerSDK",
					"$(PROJECT_DIR)/SDK/ShareSDK/Support/PlatformSDK/KaKaoSDK",
					"$(PROJECT_DIR)/SDK/ShareSDK/Support/PlatformSDK/LineSDK",
					"$(PROJECT_DIR)/SDK/ShareSDK/Support/PlatformSDK/MPShareSDK",
					"$(PROJECT_DIR)/SDK/ShareSDK/Support/PlatformSDK/QQSDK",
					"$(PROJECT_DIR)/SDK/ShareSDK/Support/PlatformSDK/RenRenSDK",
					"$(PROJECT_DIR)/SDK/ShareSDK/Support/Required",
					"$(PROJECT_DIR)/ShareSDK",
					"$(PROJECT_DIR)/ShareSDK/Support/Optional",
					"$(PROJECT_DIR)/ShareSDK/Support/PlatformConnector",
					"$(PROJECT_DIR)/ShareSDK/Support/PlatformSDK/DingTalkSDK",
					"$(PROJECT_DIR)/ShareSDK/Support/PlatformSDK/FacebookMessengerSDK",
					"$(PROJECT_DIR)/ShareSDK/Support/PlatformSDK/KaKaoSDK",
					"$(PROJECT_DIR)/ShareSDK/Support/PlatformSDK/LineSDK",
					"$(PROJECT_DIR)/ShareSDK/Support/PlatformSDK/MPShareSDK",
					"$(PROJECT_DIR)/ShareSDK/Support/PlatformSDK/QQSDK",
					"$(PROJECT_DIR)/ShareSDK/Support/PlatformSDK/RenRenSDK",
					"$(PROJECT_DIR)/ShareSDK/Support/Required",
					"$(PROJECT_DIR)/SDK/ShareSDK/Support/PlatformSDK/CMCCSDK",
					"$(PROJECT_DIR)/SDK/ShareSDK/Support/PlatformSDK/FacebookAccountSDK",
					"$(PROJECT_DIR)/SDK/ShareSDK/Support/PlatformSDK/ESurfingSDK",
				);
				HEADER_SEARCH_PATHS = "";
				INFOPLIST_FILE = ShareSDKForJavaScript/Info.plist;
				IPHONEOS_DEPLOYMENT_TARGET = 8.0;
				LD_RUNPATH_SEARCH_PATHS = "$(inherited) @executable_path/Frameworks";
				LIBRARY_SEARCH_PATHS = (
					"$(inherited)",
					"$(PROJECT_DIR)/SDK/ShareSDK/Support/PlatformSDK/APSocialSDK",
					"$(PROJECT_DIR)/SDK/ShareSDK/Support/PlatformSDK/SinaWeiboSDK",
					"$(PROJECT_DIR)/SDK/ShareSDK/Support/PlatformSDK/WeChatSDK",
					"$(PROJECT_DIR)/SDK/ShareSDK/Support/PlatformSDK/YiXinSDK",
					"$(PROJECT_DIR)/ShareSDK/Support/PlatformSDK/APSocialSDK",
					"$(PROJECT_DIR)/ShareSDK/Support/PlatformSDK/SinaWeiboSDK",
					"$(PROJECT_DIR)/ShareSDK/Support/PlatformSDK/WeChatSDK",
					"$(PROJECT_DIR)/ShareSDK/Support/PlatformSDK/YiXinSDK",
				);
				OTHER_LDFLAGS = "-ObjC";
				PRODUCT_BUNDLE_IDENTIFIER = com.mob.demoJs;
				PRODUCT_NAME = "$(TARGET_NAME)";
				PROVISIONING_PROFILE = "";
				PROVISIONING_PROFILE_SPECIFIER = "";
				TARGETED_DEVICE_FAMILY = "1,2";
			};
			name = Release;
		};
/* End XCBuildConfiguration section */

/* Begin XCConfigurationList section */
		DEE33CE01BE7380300B1089C /* Build configuration list for PBXProject "ShareSDKForJavaScript" */ = {
			isa = XCConfigurationList;
			buildConfigurations = (
				DEE33CFA1BE7380300B1089C /* Debug */,
				DEE33CFB1BE7380300B1089C /* Release */,
			);
			defaultConfigurationIsVisible = 0;
			defaultConfigurationName = Release;
		};
		DEE33CFC1BE7380300B1089C /* Build configuration list for PBXNativeTarget "ShareSDKForJavaScript" */ = {
			isa = XCConfigurationList;
			buildConfigurations = (
				DEE33CFD1BE7380300B1089C /* Debug */,
				DEE33CFE1BE7380300B1089C /* Release */,
			);
			defaultConfigurationIsVisible = 0;
			defaultConfigurationName = Release;
		};
/* End XCConfigurationList section */
	};
	rootObject = DEE33CDD1BE7380300B1089C /* Project object */;
}
