// !$*UTF8*$!
{
	archiveVersion = 1;
	classes = {
	};
	objectVersion = 46;
	objects = {

/* Begin PBXBuildFile section */
		443837701ED804DD00A43603 /* MOBFoundation.framework in Frameworks */ = {isa = PBXBuildFile; fileRef = 4438371B1ED804DD00A43603 /* MOBFoundation.framework */; };
		443837711ED804DD00A43603 /* ShareSDK.framework in Frameworks */ = {isa = PBXBuildFile; fileRef = 4438371D1ED804DD00A43603 /* ShareSDK.framework */; };
		443837721ED804DD00A43603 /* ShareSDKConfigFile.bundle in Resources */ = {isa = PBXBuildFile; fileRef = 443837201ED804DD00A43603 /* ShareSDKConfigFile.bundle */; };
		443837731ED804DD00A43603 /* ShareSDKConfigFile.framework in Frameworks */ = {isa = PBXBuildFile; fileRef = 443837211ED804DD00A43603 /* ShareSDKConfigFile.framework */; };
		443837741ED804DD00A43603 /* ShareSDKExtension.framework in Frameworks */ = {isa = PBXBuildFile; fileRef = 443837221ED804DD00A43603 /* ShareSDKExtension.framework */; };
		443837751ED804DD00A43603 /* ShareSDKUI.bundle in Resources */ = {isa = PBXBuildFile; fileRef = 443837231ED804DD00A43603 /* ShareSDKUI.bundle */; };
		443837761ED804DD00A43603 /* ShareSDKUI.framework in Frameworks */ = {isa = PBXBuildFile; fileRef = 443837241ED804DD00A43603 /* ShareSDKUI.framework */; };
		443837771ED804DD00A43603 /* AliPayConnector.framework in Frameworks */ = {isa = PBXBuildFile; fileRef = 443837261ED804DD00A43603 /* AliPayConnector.framework */; };
		443837781ED804DD00A43603 /* CopyConnector.framework in Frameworks */ = {isa = PBXBuildFile; fileRef = 443837271ED804DD00A43603 /* CopyConnector.framework */; };
		443837791ED804DD00A43603 /* DingTalkConnector.framework in Frameworks */ = {isa = PBXBuildFile; fileRef = 443837281ED804DD00A43603 /* DingTalkConnector.framework */; };
		4438377A1ED804DD00A43603 /* DropboxConnector.framework in Frameworks */ = {isa = PBXBuildFile; fileRef = 443837291ED804DD00A43603 /* DropboxConnector.framework */; };
		4438377B1ED804DD00A43603 /* EvernoteConnector.framework in Frameworks */ = {isa = PBXBuildFile; fileRef = 4438372A1ED804DD00A43603 /* EvernoteConnector.framework */; };
		4438377C1ED804DD00A43603 /* FacebookConnector.framework in Frameworks */ = {isa = PBXBuildFile; fileRef = 4438372B1ED804DD00A43603 /* FacebookConnector.framework */; };
		4438377D1ED804DD00A43603 /* GooglePlusConnector.framework in Frameworks */ = {isa = PBXBuildFile; fileRef = 4438372C1ED804DD00A43603 /* GooglePlusConnector.framework */; };
		4438377E1ED804DD00A43603 /* InstagramConnector.framework in Frameworks */ = {isa = PBXBuildFile; fileRef = 4438372D1ED804DD00A43603 /* InstagramConnector.framework */; };
		4438377F1ED804DD00A43603 /* InstapaperConnector.framework in Frameworks */ = {isa = PBXBuildFile; fileRef = 4438372E1ED804DD00A43603 /* InstapaperConnector.framework */; };
		443837801ED804DD00A43603 /* KakaoConnector.framework in Frameworks */ = {isa = PBXBuildFile; fileRef = 4438372F1ED804DD00A43603 /* KakaoConnector.framework */; };
		443837811ED804DD00A43603 /* LineConnector.framework in Frameworks */ = {isa = PBXBuildFile; fileRef = 443837301ED804DD00A43603 /* LineConnector.framework */; };
		443837821ED804DD00A43603 /* MailConnector.framework in Frameworks */ = {isa = PBXBuildFile; fileRef = 443837311ED804DD00A43603 /* MailConnector.framework */; };
		443837831ED804DD00A43603 /* MeiPaiConnector.framework in Frameworks */ = {isa = PBXBuildFile; fileRef = 443837321ED804DD00A43603 /* MeiPaiConnector.framework */; };
		443837841ED804DD00A43603 /* PrintConnector.framework in Frameworks */ = {isa = PBXBuildFile; fileRef = 443837331ED804DD00A43603 /* PrintConnector.framework */; };
		443837851ED804DD00A43603 /* QQConnector.framework in Frameworks */ = {isa = PBXBuildFile; fileRef = 443837341ED804DD00A43603 /* QQConnector.framework */; };
		443837861ED804DD00A43603 /* RenrenConnector.framework in Frameworks */ = {isa = PBXBuildFile; fileRef = 443837351ED804DD00A43603 /* RenrenConnector.framework */; };
		443837871ED804DD00A43603 /* SinaWeiboConnector.framework in Frameworks */ = {isa = PBXBuildFile; fileRef = 443837361ED804DD00A43603 /* SinaWeiboConnector.framework */; };
		443837881ED804DD00A43603 /* SMSConnector.framework in Frameworks */ = {isa = PBXBuildFile; fileRef = 443837371ED804DD00A43603 /* SMSConnector.framework */; };
		443837891ED804DD00A43603 /* TwitterConnector.framework in Frameworks */ = {isa = PBXBuildFile; fileRef = 443837381ED804DD00A43603 /* TwitterConnector.framework */; };
		4438378A1ED804DD00A43603 /* WechatConnector.framework in Frameworks */ = {isa = PBXBuildFile; fileRef = 443837391ED804DD00A43603 /* WechatConnector.framework */; };
		4438378B1ED804DD00A43603 /* WhatsAppConnector.framework in Frameworks */ = {isa = PBXBuildFile; fileRef = 4438373A1ED804DD00A43603 /* WhatsAppConnector.framework */; };
		4438378C1ED804DD00A43603 /* YiXinConnector.framework in Frameworks */ = {isa = PBXBuildFile; fileRef = 4438373B1ED804DD00A43603 /* YiXinConnector.framework */; };
		4438378D1ED804DD00A43603 /* YouTubeConnector.framework in Frameworks */ = {isa = PBXBuildFile; fileRef = 4438373C1ED804DD00A43603 /* YouTubeConnector.framework */; };
		4438378E1ED804DD00A43603 /* libAPOpenSdk.a in Frameworks */ = {isa = PBXBuildFile; fileRef = 443837411ED804DD00A43603 /* libAPOpenSdk.a */; };
		443837901ED804DD00A43603 /* DTShareKit.framework in Frameworks */ = {isa = PBXBuildFile; fileRef = 443837441ED804DD00A43603 /* DTShareKit.framework */; };
		443837911ED804DD00A43603 /* Bolts.framework in Frameworks */ = {isa = PBXBuildFile; fileRef = 443837461ED804DD00A43603 /* Bolts.framework */; };
		443837921ED804DD00A43603 /* FBSDKCoreKit.framework in Frameworks */ = {isa = PBXBuildFile; fileRef = 443837471ED804DD00A43603 /* FBSDKCoreKit.framework */; };
		443837931ED804DD00A43603 /* FBSDKMessengerShareKit.framework in Frameworks */ = {isa = PBXBuildFile; fileRef = 443837481ED804DD00A43603 /* FBSDKMessengerShareKit.framework */; };
		443837941ED804DD00A43603 /* KakaoOpenSDK.framework in Frameworks */ = {isa = PBXBuildFile; fileRef = 4438374A1ED804DD00A43603 /* KakaoOpenSDK.framework */; };
		443837951ED804DD00A43603 /* LineSDK.framework in Frameworks */ = {isa = PBXBuildFile; fileRef = 4438374C1ED804DD00A43603 /* LineSDK.framework */; };
		443837961ED804DD00A43603 /* MPShareSDK.framework in Frameworks */ = {isa = PBXBuildFile; fileRef = 4438374E1ED804DD00A43603 /* MPShareSDK.framework */; };
		443837971ED804DD00A43603 /* TencentOpenAPI.framework in Frameworks */ = {isa = PBXBuildFile; fileRef = 443837501ED804DD00A43603 /* TencentOpenAPI.framework */; };
		443837991ED804DD00A43603 /* RennSDK.bundle in Resources */ = {isa = PBXBuildFile; fileRef = 443837531ED804DD00A43603 /* RennSDK.bundle */; };
		4438379A1ED804DD00A43603 /* RennSDK.framework in Frameworks */ = {isa = PBXBuildFile; fileRef = 443837541ED804DD00A43603 /* RennSDK.framework */; };
		4438379D1ED804DD00A43603 /* libWeChatSDK.a in Frameworks */ = {isa = PBXBuildFile; fileRef = 443837641ED804DD00A43603 /* libWeChatSDK.a */; };
		4438379E1ED804DD00A43603 /* README.txt in Resources */ = {isa = PBXBuildFile; fileRef = 443837651ED804DD00A43603 /* README.txt */; };
		4438379F1ED804DD00A43603 /* libYixinSDK.a in Frameworks */ = {isa = PBXBuildFile; fileRef = 4438376A1ED804DD00A43603 /* libYixinSDK.a */; };
		443837A01ED804DD00A43603 /* ShareSDK.bundle in Resources */ = {isa = PBXBuildFile; fileRef = 4438376E1ED804DD00A43603 /* ShareSDK.bundle */; };
		443837A11ED804DD00A43603 /* ShareSDKConnector.framework in Frameworks */ = {isa = PBXBuildFile; fileRef = 4438376F1ED804DD00A43603 /* ShareSDKConnector.framework */; };
		4499DEB91EF0F0D000EC17BA /* libWeiboSDK.a in Frameworks */ = {isa = PBXBuildFile; fileRef = 4499DEB31EF0F0D000EC17BA /* libWeiboSDK.a */; };
		4499DEBA1EF0F0D000EC17BA /* WeiboSDK.bundle in Resources */ = {isa = PBXBuildFile; fileRef = 4499DEB71EF0F0D000EC17BA /* WeiboSDK.bundle */; };
		DE9902511BECAB2F00F3AD45 /* Sample.html in Resources */ = {isa = PBXBuildFile; fileRef = DE99024F1BECAB2F00F3AD45 /* Sample.html */; };
		DEC9E6771BFDA700007C3848 /* AddressBook.framework in Frameworks */ = {isa = PBXBuildFile; fileRef = DEC9E6761BFDA700007C3848 /* AddressBook.framework */; };
		DEC9E6781BFDA71A007C3848 /* ImageIO.framework in Frameworks */ = {isa = PBXBuildFile; fileRef = DEDD3BB61BF9BA2A00575AF7 /* ImageIO.framework */; };
		DEC9E67A1BFDA739007C3848 /* MediaPlayer.framework in Frameworks */ = {isa = PBXBuildFile; fileRef = DEC9E6791BFDA739007C3848 /* MediaPlayer.framework */; };
		DEC9E67C1BFDA74A007C3848 /* AssetsLibrary.framework in Frameworks */ = {isa = PBXBuildFile; fileRef = DEC9E67B1BFDA74A007C3848 /* AssetsLibrary.framework */; };
		DEDD3BAF1BF9BA0D00575AF7 /* libicucore.dylib in Frameworks */ = {isa = PBXBuildFile; fileRef = DEDD3BAE1BF9BA0D00575AF7 /* libicucore.dylib */; };
		DEDD3BB11BF9BA1600575AF7 /* libz.dylib in Frameworks */ = {isa = PBXBuildFile; fileRef = DEDD3BB01BF9BA1600575AF7 /* libz.dylib */; };
		DEDD3BB31BF9BA1F00575AF7 /* libstdc++.dylib in Frameworks */ = {isa = PBXBuildFile; fileRef = DEDD3BB21BF9BA1F00575AF7 /* libstdc++.dylib */; };
		DEDD3BB51BF9BA2400575AF7 /* JavaScriptCore.framework in Frameworks */ = {isa = PBXBuildFile; fileRef = DEDD3BB41BF9BA2400575AF7 /* JavaScriptCore.framework */; };
		DEDD3BB91BF9BA3100575AF7 /* AdSupport.framework in Frameworks */ = {isa = PBXBuildFile; fileRef = DEDD3BB81BF9BA3100575AF7 /* AdSupport.framework */; };
		DEDD3BBB1BF9BA3B00575AF7 /* libsqlite3.dylib in Frameworks */ = {isa = PBXBuildFile; fileRef = DEDD3BBA1BF9BA3B00575AF7 /* libsqlite3.dylib */; };
		DEE33CEA1BE7380300B1089C /* main.m in Sources */ = {isa = PBXBuildFile; fileRef = DEE33CE91BE7380300B1089C /* main.m */; };
		DEE33CED1BE7380300B1089C /* AppDelegate.m in Sources */ = {isa = PBXBuildFile; fileRef = DEE33CEC1BE7380300B1089C /* AppDelegate.m */; };
		DEE33CF01BE7380300B1089C /* ViewController.m in Sources */ = {isa = PBXBuildFile; fileRef = DEE33CEF1BE7380300B1089C /* ViewController.m */; };
		DEE33CF31BE7380300B1089C /* Main.storyboard in Resources */ = {isa = PBXBuildFile; fileRef = DEE33CF11BE7380300B1089C /* Main.storyboard */; };
		DEE33CF51BE7380300B1089C /* Assets.xcassets in Resources */ = {isa = PBXBuildFile; fileRef = DEE33CF41BE7380300B1089C /* Assets.xcassets */; };
		DEE33CF81BE7380300B1089C /* LaunchScreen.storyboard in Resources */ = {isa = PBXBuildFile; fileRef = DEE33CF61BE7380300B1089C /* LaunchScreen.storyboard */; };
		DEF93ACB1C2BF6E600295FBA /* ShareSDKJSBridge.m in Sources */ = {isa = PBXBuildFile; fileRef = DEF93ABF1C2BF6E600295FBA /* ShareSDKJSBridge.m */; };
		DEF93ACC1C2BF6E600295FBA /* ShareSDK.js in Resources */ = {isa = PBXBuildFile; fileRef = DEF93AC01C2BF6E600295FBA /* ShareSDK.js */; };
/* End PBXBuildFile section */

/* Begin PBXFileReference section */
		4438371B1ED804DD00A43603 /* MOBFoundation.framework */ = {isa = PBXFileReference; lastKnownFileType = wrapper.framework; path = MOBFoundation.framework; sourceTree = "<group>"; };
		4438371D1ED804DD00A43603 /* ShareSDK.framework */ = {isa = PBXFileReference; lastKnownFileType = wrapper.framework; path = ShareSDK.framework; sourceTree = "<group>"; };
		443837201ED804DD00A43603 /* ShareSDKConfigFile.bundle */ = {isa = PBXFileReference; lastKnownFileType = "wrapper.plug-in"; path = ShareSDKConfigFile.bundle; sourceTree = "<group>"; };
		443837211ED804DD00A43603 /* ShareSDKConfigFile.framework */ = {isa = PBXFileReference; lastKnownFileType = wrapper.framework; path = ShareSDKConfigFile.framework; sourceTree = "<group>"; };
		443837221ED804DD00A43603 /* ShareSDKExtension.framework */ = {isa = PBXFileReference; lastKnownFileType = wrapper.framework; path = ShareSDKExtension.framework; sourceTree = "<group>"; };
		443837231ED804DD00A43603 /* ShareSDKUI.bundle */ = {isa = PBXFileReference; lastKnownFileType = "wrapper.plug-in"; path = ShareSDKUI.bundle; sourceTree = "<group>"; };
		443837241ED804DD00A43603 /* ShareSDKUI.framework */ = {isa = PBXFileReference; lastKnownFileType = wrapper.framework; path = ShareSDKUI.framework; sourceTree = "<group>"; };
		443837261ED804DD00A43603 /* AliPayConnector.framework */ = {isa = PBXFileReference; lastKnownFileType = wrapper.framework; path = AliPayConnector.framework; sourceTree = "<group>"; };
		443837271ED804DD00A43603 /* CopyConnector.framework */ = {isa = PBXFileReference; lastKnownFileType = wrapper.framework; path = CopyConnector.framework; sourceTree = "<group>"; };
		443837281ED804DD00A43603 /* DingTalkConnector.framework */ = {isa = PBXFileReference; lastKnownFileType = wrapper.framework; path = DingTalkConnector.framework; sourceTree = "<group>"; };
		443837291ED804DD00A43603 /* DropboxConnector.framework */ = {isa = PBXFileReference; lastKnownFileType = wrapper.framework; path = DropboxConnector.framework; sourceTree = "<group>"; };
		4438372A1ED804DD00A43603 /* EvernoteConnector.framework */ = {isa = PBXFileReference; lastKnownFileType = wrapper.framework; path = EvernoteConnector.framework; sourceTree = "<group>"; };
		4438372B1ED804DD00A43603 /* FacebookConnector.framework */ = {isa = PBXFileReference; lastKnownFileType = wrapper.framework; path = FacebookConnector.framework; sourceTree = "<group>"; };
		4438372C1ED804DD00A43603 /* GooglePlusConnector.framework */ = {isa = PBXFileReference; lastKnownFileType = wrapper.framework; path = GooglePlusConnector.framework; sourceTree = "<group>"; };
		4438372D1ED804DD00A43603 /* InstagramConnector.framework */ = {isa = PBXFileReference; lastKnownFileType = wrapper.framework; path = InstagramConnector.framework; sourceTree = "<group>"; };
		4438372E1ED804DD00A43603 /* InstapaperConnector.framework */ = {isa = PBXFileReference; lastKnownFileType = wrapper.framework; path = InstapaperConnector.framework; sourceTree = "<group>"; };
		4438372F1ED804DD00A43603 /* KakaoConnector.framework */ = {isa = PBXFileReference; lastKnownFileType = wrapper.framework; path = KakaoConnector.framework; sourceTree = "<group>"; };
		443837301ED804DD00A43603 /* LineConnector.framework */ = {isa = PBXFileReference; lastKnownFileType = wrapper.framework; path = LineConnector.framework; sourceTree = "<group>"; };
		443837311ED804DD00A43603 /* MailConnector.framework */ = {isa = PBXFileReference; lastKnownFileType = wrapper.framework; path = MailConnector.framework; sourceTree = "<group>"; };
		443837321ED804DD00A43603 /* MeiPaiConnector.framework */ = {isa = PBXFileReference; lastKnownFileType = wrapper.framework; path = MeiPaiConnector.framework; sourceTree = "<group>"; };
		443837331ED804DD00A43603 /* PrintConnector.framework */ = {isa = PBXFileReference; lastKnownFileType = wrapper.framework; path = PrintConnector.framework; sourceTree = "<group>"; };
		443837341ED804DD00A43603 /* QQConnector.framework */ = {isa = PBXFileReference; lastKnownFileType = wrapper.framework; path = QQConnector.framework; sourceTree = "<group>"; };
		443837351ED804DD00A43603 /* RenrenConnector.framework */ = {isa = PBXFileReference; lastKnownFileType = wrapper.framework; path = RenrenConnector.framework; sourceTree = "<group>"; };
		443837361ED804DD00A43603 /* SinaWeiboConnector.framework */ = {isa = PBXFileReference; lastKnownFileType = wrapper.framework; path = SinaWeiboConnector.framework; sourceTree = "<group>"; };
		443837371ED804DD00A43603 /* SMSConnector.framework */ = {isa = PBXFileReference; lastKnownFileType = wrapper.framework; path = SMSConnector.framework; sourceTree = "<group>"; };
		443837381ED804DD00A43603 /* TwitterConnector.framework */ = {isa = PBXFileReference; lastKnownFileType = wrapper.framework; path = TwitterConnector.framework; sourceTree = "<group>"; };
		443837391ED804DD00A43603 /* WechatConnector.framework */ = {isa = PBXFileReference; lastKnownFileType = wrapper.framework; path = WechatConnector.framework; sourceTree = "<group>"; };
		4438373A1ED804DD00A43603 /* WhatsAppConnector.framework */ = {isa = PBXFileReference; lastKnownFileType = wrapper.framework; path = WhatsAppConnector.framework; sourceTree = "<group>"; };
		4438373B1ED804DD00A43603 /* YiXinConnector.framework */ = {isa = PBXFileReference; lastKnownFileType = wrapper.framework; path = YiXinConnector.framework; sourceTree = "<group>"; };
		4438373C1ED804DD00A43603 /* YouTubeConnector.framework */ = {isa = PBXFileReference; lastKnownFileType = wrapper.framework; path = YouTubeConnector.framework; sourceTree = "<group>"; };
		4438373F1ED804DD00A43603 /* APOpenAPI.h */ = {isa = PBXFileReference; fileEncoding = 4; lastKnownFileType = sourcecode.c.h; path = APOpenAPI.h; sourceTree = "<group>"; };
		443837401ED804DD00A43603 /* APOpenAPIObject.h */ = {isa = PBXFileReference; fileEncoding = 4; lastKnownFileType = sourcecode.c.h; path = APOpenAPIObject.h; sourceTree = "<group>"; };
		443837411ED804DD00A43603 /* libAPOpenSdk.a */ = {isa = PBXFileReference; lastKnownFileType = archive.ar; path = libAPOpenSdk.a; sourceTree = "<group>"; };
		443837421ED804DD00A43603 /* README.md */ = {isa = PBXFileReference; fileEncoding = 4; lastKnownFileType = net.daringfireball.markdown; path = README.md; sourceTree = "<group>"; };
		443837441ED804DD00A43603 /* DTShareKit.framework */ = {isa = PBXFileReference; lastKnownFileType = wrapper.framework; path = DTShareKit.framework; sourceTree = "<group>"; };
		443837461ED804DD00A43603 /* Bolts.framework */ = {isa = PBXFileReference; lastKnownFileType = wrapper.framework; path = Bolts.framework; sourceTree = "<group>"; };
		443837471ED804DD00A43603 /* FBSDKCoreKit.framework */ = {isa = PBXFileReference; lastKnownFileType = wrapper.framework; path = FBSDKCoreKit.framework; sourceTree = "<group>"; };
		443837481ED804DD00A43603 /* FBSDKMessengerShareKit.framework */ = {isa = PBXFileReference; lastKnownFileType = wrapper.framework; path = FBSDKMessengerShareKit.framework; sourceTree = "<group>"; };
		4438374A1ED804DD00A43603 /* KakaoOpenSDK.framework */ = {isa = PBXFileReference; lastKnownFileType = wrapper.framework; path = KakaoOpenSDK.framework; sourceTree = "<group>"; };
		4438374C1ED804DD00A43603 /* LineSDK.framework */ = {isa = PBXFileReference; lastKnownFileType = wrapper.framework; path = LineSDK.framework; sourceTree = "<group>"; };
		4438374E1ED804DD00A43603 /* MPShareSDK.framework */ = {isa = PBXFileReference; lastKnownFileType = wrapper.framework; path = MPShareSDK.framework; sourceTree = "<group>"; };
		443837501ED804DD00A43603 /* TencentOpenAPI.framework */ = {isa = PBXFileReference; lastKnownFileType = wrapper.framework; path = TencentOpenAPI.framework; sourceTree = "<group>"; };
		443837511ED804DD00A43603 /* TencentOpenApi_IOS_Bundle.bundle */ = {isa = PBXFileReference; lastKnownFileType = "wrapper.plug-in"; path = TencentOpenApi_IOS_Bundle.bundle; sourceTree = "<group>"; };
		443837531ED804DD00A43603 /* RennSDK.bundle */ = {isa = PBXFileReference; lastKnownFileType = "wrapper.plug-in"; path = RennSDK.bundle; sourceTree = "<group>"; };
		443837541ED804DD00A43603 /* RennSDK.framework */ = {isa = PBXFileReference; lastKnownFileType = wrapper.framework; path = RennSDK.framework; sourceTree = "<group>"; };
		443837641ED804DD00A43603 /* libWeChatSDK.a */ = {isa = PBXFileReference; lastKnownFileType = archive.ar; path = libWeChatSDK.a; sourceTree = "<group>"; };
		443837651ED804DD00A43603 /* README.txt */ = {isa = PBXFileReference; fileEncoding = 4; lastKnownFileType = text; path = README.txt; sourceTree = "<group>"; };
		443837661ED804DD00A43603 /* WechatAuthSDK.h */ = {isa = PBXFileReference; fileEncoding = 4; lastKnownFileType = sourcecode.c.h; path = WechatAuthSDK.h; sourceTree = "<group>"; };
		443837671ED804DD00A43603 /* WXApi.h */ = {isa = PBXFileReference; fileEncoding = 4; lastKnownFileType = sourcecode.c.h; path = WXApi.h; sourceTree = "<group>"; };
		443837681ED804DD00A43603 /* WXApiObject.h */ = {isa = PBXFileReference; fileEncoding = 4; lastKnownFileType = sourcecode.c.h; path = WXApiObject.h; sourceTree = "<group>"; };
		4438376A1ED804DD00A43603 /* libYixinSDK.a */ = {isa = PBXFileReference; lastKnownFileType = archive.ar; path = libYixinSDK.a; sourceTree = "<group>"; };
		4438376B1ED804DD00A43603 /* YXApi.h */ = {isa = PBXFileReference; fileEncoding = 4; lastKnownFileType = sourcecode.c.h; path = YXApi.h; sourceTree = "<group>"; };
		4438376C1ED804DD00A43603 /* YXApiObject.h */ = {isa = PBXFileReference; fileEncoding = 4; lastKnownFileType = sourcecode.c.h; path = YXApiObject.h; sourceTree = "<group>"; };
		4438376E1ED804DD00A43603 /* ShareSDK.bundle */ = {isa = PBXFileReference; lastKnownFileType = "wrapper.plug-in"; path = ShareSDK.bundle; sourceTree = "<group>"; };
		4438376F1ED804DD00A43603 /* ShareSDKConnector.framework */ = {isa = PBXFileReference; lastKnownFileType = wrapper.framework; path = ShareSDKConnector.framework; sourceTree = "<group>"; };
		4499DEB31EF0F0D000EC17BA /* libWeiboSDK.a */ = {isa = PBXFileReference; lastKnownFileType = archive.ar; path = libWeiboSDK.a; sourceTree = "<group>"; };
		4499DEB41EF0F0D000EC17BA /* WBHttpRequest+WeiboToken.h */ = {isa = PBXFileReference; fileEncoding = 4; lastKnownFileType = sourcecode.c.h; path = "WBHttpRequest+WeiboToken.h"; sourceTree = "<group>"; };
		4499DEB51EF0F0D000EC17BA /* WBHttpRequest.h */ = {isa = PBXFileReference; fileEncoding = 4; lastKnownFileType = sourcecode.c.h; path = WBHttpRequest.h; sourceTree = "<group>"; };
		4499DEB61EF0F0D000EC17BA /* WeiboSDK+Statistics.h */ = {isa = PBXFileReference; fileEncoding = 4; lastKnownFileType = sourcecode.c.h; path = "WeiboSDK+Statistics.h"; sourceTree = "<group>"; };
		4499DEB71EF0F0D000EC17BA /* WeiboSDK.bundle */ = {isa = PBXFileReference; lastKnownFileType = "wrapper.plug-in"; path = WeiboSDK.bundle; sourceTree = "<group>"; };
		4499DEB81EF0F0D000EC17BA /* WeiboSDK.h */ = {isa = PBXFileReference; fileEncoding = 4; lastKnownFileType = sourcecode.c.h; path = WeiboSDK.h; sourceTree = "<group>"; };
		DE99024F1BECAB2F00F3AD45 /* Sample.html */ = {isa = PBXFileReference; fileEncoding = 4; lastKnownFileType = text.html; path = Sample.html; sourceTree = "<group>"; };
		DEC9E6761BFDA700007C3848 /* AddressBook.framework */ = {isa = PBXFileReference; lastKnownFileType = wrapper.framework; name = AddressBook.framework; path = System/Library/Frameworks/AddressBook.framework; sourceTree = SDKROOT; };
		DEC9E6791BFDA739007C3848 /* MediaPlayer.framework */ = {isa = PBXFileReference; lastKnownFileType = wrapper.framework; name = MediaPlayer.framework; path = System/Library/Frameworks/MediaPlayer.framework; sourceTree = SDKROOT; };
		DEC9E67B1BFDA74A007C3848 /* AssetsLibrary.framework */ = {isa = PBXFileReference; lastKnownFileType = wrapper.framework; name = AssetsLibrary.framework; path = System/Library/Frameworks/AssetsLibrary.framework; sourceTree = SDKROOT; };
		DEDD3BAE1BF9BA0D00575AF7 /* libicucore.dylib */ = {isa = PBXFileReference; lastKnownFileType = "compiled.mach-o.dylib"; name = libicucore.dylib; path = usr/lib/libicucore.dylib; sourceTree = SDKROOT; };
		DEDD3BB01BF9BA1600575AF7 /* libz.dylib */ = {isa = PBXFileReference; lastKnownFileType = "compiled.mach-o.dylib"; name = libz.dylib; path = usr/lib/libz.dylib; sourceTree = SDKROOT; };
		DEDD3BB21BF9BA1F00575AF7 /* libstdc++.dylib */ = {isa = PBXFileReference; lastKnownFileType = "compiled.mach-o.dylib"; name = "libstdc++.dylib"; path = "usr/lib/libstdc++.dylib"; sourceTree = SDKROOT; };
		DEDD3BB41BF9BA2400575AF7 /* JavaScriptCore.framework */ = {isa = PBXFileReference; lastKnownFileType = wrapper.framework; name = JavaScriptCore.framework; path = System/Library/Frameworks/JavaScriptCore.framework; sourceTree = SDKROOT; };
		DEDD3BB61BF9BA2A00575AF7 /* ImageIO.framework */ = {isa = PBXFileReference; lastKnownFileType = wrapper.framework; name = ImageIO.framework; path = System/Library/Frameworks/ImageIO.framework; sourceTree = SDKROOT; };
		DEDD3BB81BF9BA3100575AF7 /* AdSupport.framework */ = {isa = PBXFileReference; lastKnownFileType = wrapper.framework; name = AdSupport.framework; path = System/Library/Frameworks/AdSupport.framework; sourceTree = SDKROOT; };
		DEDD3BBA1BF9BA3B00575AF7 /* libsqlite3.dylib */ = {isa = PBXFileReference; lastKnownFileType = "compiled.mach-o.dylib"; name = libsqlite3.dylib; path = usr/lib/libsqlite3.dylib; sourceTree = SDKROOT; };
		DEE33CE51BE7380300B1089C /* ShareSDKForJavaScript.app */ = {isa = PBXFileReference; explicitFileType = wrapper.application; includeInIndex = 0; path = ShareSDKForJavaScript.app; sourceTree = BUILT_PRODUCTS_DIR; };
		DEE33CE91BE7380300B1089C /* main.m */ = {isa = PBXFileReference; lastKnownFileType = sourcecode.c.objc; path = main.m; sourceTree = "<group>"; };
		DEE33CEB1BE7380300B1089C /* AppDelegate.h */ = {isa = PBXFileReference; lastKnownFileType = sourcecode.c.h; path = AppDelegate.h; sourceTree = "<group>"; };
		DEE33CEC1BE7380300B1089C /* AppDelegate.m */ = {isa = PBXFileReference; lastKnownFileType = sourcecode.c.objc; path = AppDelegate.m; sourceTree = "<group>"; };
		DEE33CEE1BE7380300B1089C /* ViewController.h */ = {isa = PBXFileReference; lastKnownFileType = sourcecode.c.h; path = ViewController.h; sourceTree = "<group>"; };
		DEE33CEF1BE7380300B1089C /* ViewController.m */ = {isa = PBXFileReference; lastKnownFileType = sourcecode.c.objc; path = ViewController.m; sourceTree = "<group>"; };
		DEE33CF21BE7380300B1089C /* Base */ = {isa = PBXFileReference; lastKnownFileType = file.storyboard; name = Base; path = Base.lproj/Main.storyboard; sourceTree = "<group>"; };
		DEE33CF41BE7380300B1089C /* Assets.xcassets */ = {isa = PBXFileReference; lastKnownFileType = folder.assetcatalog; path = Assets.xcassets; sourceTree = "<group>"; };
		DEE33CF71BE7380300B1089C /* Base */ = {isa = PBXFileReference; lastKnownFileType = file.storyboard; name = Base; path = Base.lproj/LaunchScreen.storyboard; sourceTree = "<group>"; };
		DEE33CF91BE7380300B1089C /* Info.plist */ = {isa = PBXFileReference; lastKnownFileType = text.plist.xml; path = Info.plist; sourceTree = "<group>"; };
		DEF93ABE1C2BF6E600295FBA /* ShareSDKJSBridge.h */ = {isa = PBXFileReference; fileEncoding = 4; lastKnownFileType = sourcecode.c.h; path = ShareSDKJSBridge.h; sourceTree = "<group>"; };
		DEF93ABF1C2BF6E600295FBA /* ShareSDKJSBridge.m */ = {isa = PBXFileReference; fileEncoding = 4; lastKnownFileType = sourcecode.c.objc; path = ShareSDKJSBridge.m; sourceTree = "<group>"; };
		DEF93AC01C2BF6E600295FBA /* ShareSDK.js */ = {isa = PBXFileReference; fileEncoding = 4; lastKnownFileType = sourcecode.javascript; path = ShareSDK.js; sourceTree = "<group>"; };
/* End PBXFileReference section */

/* Begin PBXFrameworksBuildPhase section */
		DEE33CE21BE7380300B1089C /* Frameworks */ = {
			isa = PBXFrameworksBuildPhase;
			buildActionMask = 2147483647;
			files = (
				4438378C1ED804DD00A43603 /* YiXinConnector.framework in Frameworks */,
				443837771ED804DD00A43603 /* AliPayConnector.framework in Frameworks */,
				443837841ED804DD00A43603 /* PrintConnector.framework in Frameworks */,
				443837851ED804DD00A43603 /* QQConnector.framework in Frameworks */,
				443837831ED804DD00A43603 /* MeiPaiConnector.framework in Frameworks */,
				443837951ED804DD00A43603 /* LineSDK.framework in Frameworks */,
				443837871ED804DD00A43603 /* SinaWeiboConnector.framework in Frameworks */,
				443837881ED804DD00A43603 /* SMSConnector.framework in Frameworks */,
				DEC9E67C1BFDA74A007C3848 /* AssetsLibrary.framework in Frameworks */,
				443837701ED804DD00A43603 /* MOBFoundation.framework in Frameworks */,
				4438379F1ED804DD00A43603 /* libYixinSDK.a in Frameworks */,
				443837961ED804DD00A43603 /* MPShareSDK.framework in Frameworks */,
				DEC9E67A1BFDA739007C3848 /* MediaPlayer.framework in Frameworks */,
				443837711ED804DD00A43603 /* ShareSDK.framework in Frameworks */,
				4438377D1ED804DD00A43603 /* GooglePlusConnector.framework in Frameworks */,
				443837821ED804DD00A43603 /* MailConnector.framework in Frameworks */,
				443837731ED804DD00A43603 /* ShareSDKConfigFile.framework in Frameworks */,
				443837791ED804DD00A43603 /* DingTalkConnector.framework in Frameworks */,
				443837811ED804DD00A43603 /* LineConnector.framework in Frameworks */,
				4438379A1ED804DD00A43603 /* RennSDK.framework in Frameworks */,
				4438378A1ED804DD00A43603 /* WechatConnector.framework in Frameworks */,
				DEC9E6781BFDA71A007C3848 /* ImageIO.framework in Frameworks */,
				DEC9E6771BFDA700007C3848 /* AddressBook.framework in Frameworks */,
				DEDD3BBB1BF9BA3B00575AF7 /* libsqlite3.dylib in Frameworks */,
				443837891ED804DD00A43603 /* TwitterConnector.framework in Frameworks */,
				4438377F1ED804DD00A43603 /* InstapaperConnector.framework in Frameworks */,
				4438378D1ED804DD00A43603 /* YouTubeConnector.framework in Frameworks */,
				4438377B1ED804DD00A43603 /* EvernoteConnector.framework in Frameworks */,
				DEDD3BB91BF9BA3100575AF7 /* AdSupport.framework in Frameworks */,
				443837941ED804DD00A43603 /* KakaoOpenSDK.framework in Frameworks */,
				443837921ED804DD00A43603 /* FBSDKCoreKit.framework in Frameworks */,
				DEDD3BB51BF9BA2400575AF7 /* JavaScriptCore.framework in Frameworks */,
				443837861ED804DD00A43603 /* RenrenConnector.framework in Frameworks */,
				443837901ED804DD00A43603 /* DTShareKit.framework in Frameworks */,
				443837911ED804DD00A43603 /* Bolts.framework in Frameworks */,
				443837781ED804DD00A43603 /* CopyConnector.framework in Frameworks */,
				4438377C1ED804DD00A43603 /* FacebookConnector.framework in Frameworks */,
				443837761ED804DD00A43603 /* ShareSDKUI.framework in Frameworks */,
				DEDD3BB31BF9BA1F00575AF7 /* libstdc++.dylib in Frameworks */,
				4438377E1ED804DD00A43603 /* InstagramConnector.framework in Frameworks */,
				443837801ED804DD00A43603 /* KakaoConnector.framework in Frameworks */,
				443837741ED804DD00A43603 /* ShareSDKExtension.framework in Frameworks */,
				443837931ED804DD00A43603 /* FBSDKMessengerShareKit.framework in Frameworks */,
				4438377A1ED804DD00A43603 /* DropboxConnector.framework in Frameworks */,
				4438379D1ED804DD00A43603 /* libWeChatSDK.a in Frameworks */,
				DEDD3BB11BF9BA1600575AF7 /* libz.dylib in Frameworks */,
				4438378E1ED804DD00A43603 /* libAPOpenSdk.a in Frameworks */,
				4499DEB91EF0F0D000EC17BA /* libWeiboSDK.a in Frameworks */,
				4438378B1ED804DD00A43603 /* WhatsAppConnector.framework in Frameworks */,
				443837971ED804DD00A43603 /* TencentOpenAPI.framework in Frameworks */,
				DEDD3BAF1BF9BA0D00575AF7 /* libicucore.dylib in Frameworks */,
				443837A11ED804DD00A43603 /* ShareSDKConnector.framework in Frameworks */,
			);
			runOnlyForDeploymentPostprocessing = 0;
		};
/* End PBXFrameworksBuildPhase section */

/* Begin PBXGroup section */
		443837191ED804DD00A43603 /* SDK */ = {
			isa = PBXGroup;
			children = (
				4438371A1ED804DD00A43603 /* Required */,
				4438371C1ED804DD00A43603 /* ShareSDK */,
			);
			path = SDK;
			sourceTree = "<group>";
		};
		4438371A1ED804DD00A43603 /* Required */ = {
			isa = PBXGroup;
			children = (
				4438371B1ED804DD00A43603 /* MOBFoundation.framework */,
			);
			path = Required;
			sourceTree = "<group>";
		};
		4438371C1ED804DD00A43603 /* ShareSDK */ = {
			isa = PBXGroup;
			children = (
				4438371D1ED804DD00A43603 /* ShareSDK.framework */,
				4438371E1ED804DD00A43603 /* Support */,
			);
			path = ShareSDK;
			sourceTree = "<group>";
		};
		4438371E1ED804DD00A43603 /* Support */ = {
			isa = PBXGroup;
			children = (
				4438371F1ED804DD00A43603 /* Optional */,
				443837251ED804DD00A43603 /* PlatformConnector */,
				4438373D1ED804DD00A43603 /* PlatformSDK */,
				4438376D1ED804DD00A43603 /* Required */,
			);
			path = Support;
			sourceTree = "<group>";
		};
		4438371F1ED804DD00A43603 /* Optional */ = {
			isa = PBXGroup;
			children = (
				443837201ED804DD00A43603 /* ShareSDKConfigFile.bundle */,
				443837211ED804DD00A43603 /* ShareSDKConfigFile.framework */,
				443837221ED804DD00A43603 /* ShareSDKExtension.framework */,
				443837231ED804DD00A43603 /* ShareSDKUI.bundle */,
				443837241ED804DD00A43603 /* ShareSDKUI.framework */,
			);
			path = Optional;
			sourceTree = "<group>";
		};
		443837251ED804DD00A43603 /* PlatformConnector */ = {
			isa = PBXGroup;
			children = (
				443837261ED804DD00A43603 /* AliPayConnector.framework */,
				443837271ED804DD00A43603 /* CopyConnector.framework */,
				443837281ED804DD00A43603 /* DingTalkConnector.framework */,
				443837291ED804DD00A43603 /* DropboxConnector.framework */,
				4438372A1ED804DD00A43603 /* EvernoteConnector.framework */,
				4438372B1ED804DD00A43603 /* FacebookConnector.framework */,
				4438372C1ED804DD00A43603 /* GooglePlusConnector.framework */,
				4438372D1ED804DD00A43603 /* InstagramConnector.framework */,
				4438372E1ED804DD00A43603 /* InstapaperConnector.framework */,
				4438372F1ED804DD00A43603 /* KakaoConnector.framework */,
				443837301ED804DD00A43603 /* LineConnector.framework */,
				443837311ED804DD00A43603 /* MailConnector.framework */,
				443837321ED804DD00A43603 /* MeiPaiConnector.framework */,
				443837331ED804DD00A43603 /* PrintConnector.framework */,
				443837341ED804DD00A43603 /* QQConnector.framework */,
				443837351ED804DD00A43603 /* RenrenConnector.framework */,
				443837361ED804DD00A43603 /* SinaWeiboConnector.framework */,
				443837371ED804DD00A43603 /* SMSConnector.framework */,
				443837381ED804DD00A43603 /* TwitterConnector.framework */,
				443837391ED804DD00A43603 /* WechatConnector.framework */,
				4438373A1ED804DD00A43603 /* WhatsAppConnector.framework */,
				4438373B1ED804DD00A43603 /* YiXinConnector.framework */,
				4438373C1ED804DD00A43603 /* YouTubeConnector.framework */,
			);
			path = PlatformConnector;
			sourceTree = "<group>";
		};
		4438373D1ED804DD00A43603 /* PlatformSDK */ = {
			isa = PBXGroup;
			children = (
				4499DEB21EF0F0D000EC17BA /* SinaWeiboSDK */,
				4438373E1ED804DD00A43603 /* APSocialSDK */,
				443837431ED804DD00A43603 /* DingTalkSDK */,
				443837451ED804DD00A43603 /* FacebookMessengerSDK */,
				443837491ED804DD00A43603 /* KaKaoSDK */,
				4438374B1ED804DD00A43603 /* LineSDK */,
				4438374D1ED804DD00A43603 /* MPShareSDK */,
				4438374F1ED804DD00A43603 /* QQSDK */,
				443837521ED804DD00A43603 /* RenRenSDK */,
				443837631ED804DD00A43603 /* WeChatSDK */,
				443837691ED804DD00A43603 /* YiXinSDK */,
			);
			path = PlatformSDK;
			sourceTree = "<group>";
		};
		4438373E1ED804DD00A43603 /* APSocialSDK */ = {
			isa = PBXGroup;
			children = (
				4438373F1ED804DD00A43603 /* APOpenAPI.h */,
				443837401ED804DD00A43603 /* APOpenAPIObject.h */,
				443837411ED804DD00A43603 /* libAPOpenSdk.a */,
				443837421ED804DD00A43603 /* README.md */,
			);
			path = APSocialSDK;
			sourceTree = "<group>";
		};
		443837431ED804DD00A43603 /* DingTalkSDK */ = {
			isa = PBXGroup;
			children = (
				443837441ED804DD00A43603 /* DTShareKit.framework */,
			);
			path = DingTalkSDK;
			sourceTree = "<group>";
		};
		443837451ED804DD00A43603 /* FacebookMessengerSDK */ = {
			isa = PBXGroup;
			children = (
				443837461ED804DD00A43603 /* Bolts.framework */,
				443837471ED804DD00A43603 /* FBSDKCoreKit.framework */,
				443837481ED804DD00A43603 /* FBSDKMessengerShareKit.framework */,
			);
			path = FacebookMessengerSDK;
			sourceTree = "<group>";
		};
		443837491ED804DD00A43603 /* KaKaoSDK */ = {
			isa = PBXGroup;
			children = (
				4438374A1ED804DD00A43603 /* KakaoOpenSDK.framework */,
			);
			path = KaKaoSDK;
			sourceTree = "<group>";
		};
		4438374B1ED804DD00A43603 /* LineSDK */ = {
			isa = PBXGroup;
			children = (
				4438374C1ED804DD00A43603 /* LineSDK.framework */,
			);
			path = LineSDK;
			sourceTree = "<group>";
		};
		4438374D1ED804DD00A43603 /* MPShareSDK */ = {
			isa = PBXGroup;
			children = (
				4438374E1ED804DD00A43603 /* MPShareSDK.framework */,
			);
			path = MPShareSDK;
			sourceTree = "<group>";
		};
		4438374F1ED804DD00A43603 /* QQSDK */ = {
			isa = PBXGroup;
			children = (
				443837501ED804DD00A43603 /* TencentOpenAPI.framework */,
				443837511ED804DD00A43603 /* TencentOpenApi_IOS_Bundle.bundle */,
			);
			path = QQSDK;
			sourceTree = "<group>";
		};
		443837521ED804DD00A43603 /* RenRenSDK */ = {
			isa = PBXGroup;
			children = (
				443837531ED804DD00A43603 /* RennSDK.bundle */,
				443837541ED804DD00A43603 /* RennSDK.framework */,
			);
			path = RenRenSDK;
			sourceTree = "<group>";
		};
		443837631ED804DD00A43603 /* WeChatSDK */ = {
			isa = PBXGroup;
			children = (
				443837641ED804DD00A43603 /* libWeChatSDK.a */,
				443837651ED804DD00A43603 /* README.txt */,
				443837661ED804DD00A43603 /* WechatAuthSDK.h */,
				443837671ED804DD00A43603 /* WXApi.h */,
				443837681ED804DD00A43603 /* WXApiObject.h */,
			);
			path = WeChatSDK;
			sourceTree = "<group>";
		};
		443837691ED804DD00A43603 /* YiXinSDK */ = {
			isa = PBXGroup;
			children = (
				4438376A1ED804DD00A43603 /* libYixinSDK.a */,
				4438376B1ED804DD00A43603 /* YXApi.h */,
				4438376C1ED804DD00A43603 /* YXApiObject.h */,
			);
			path = YiXinSDK;
			sourceTree = "<group>";
		};
		4438376D1ED804DD00A43603 /* Required */ = {
			isa = PBXGroup;
			children = (
				4438376E1ED804DD00A43603 /* ShareSDK.bundle */,
				4438376F1ED804DD00A43603 /* ShareSDKConnector.framework */,
			);
			path = Required;
			sourceTree = "<group>";
		};
		4499DEB21EF0F0D000EC17BA /* SinaWeiboSDK */ = {
			isa = PBXGroup;
			children = (
				4499DEB31EF0F0D000EC17BA /* libWeiboSDK.a */,
				4499DEB41EF0F0D000EC17BA /* WBHttpRequest+WeiboToken.h */,
				4499DEB51EF0F0D000EC17BA /* WBHttpRequest.h */,
				4499DEB61EF0F0D000EC17BA /* WeiboSDK+Statistics.h */,
				4499DEB71EF0F0D000EC17BA /* WeiboSDK.bundle */,
				4499DEB81EF0F0D000EC17BA /* WeiboSDK.h */,
			);
			path = SinaWeiboSDK;
			sourceTree = "<group>";
		};
		DEE33CDC1BE7380300B1089C = {
			isa = PBXGroup;
			children = (
				443837191ED804DD00A43603 /* SDK */,
				DEC9E67B1BFDA74A007C3848 /* AssetsLibrary.framework */,
				DEC9E6791BFDA739007C3848 /* MediaPlayer.framework */,
				DEC9E6761BFDA700007C3848 /* AddressBook.framework */,
				DEE33CE71BE7380300B1089C /* ShareSDKForJavaScript */,
				DEE33CE61BE7380300B1089C /* Products */,
			);
			sourceTree = "<group>";
		};
		DEE33CE61BE7380300B1089C /* Products */ = {
			isa = PBXGroup;
			children = (
				DEE33CE51BE7380300B1089C /* ShareSDKForJavaScript.app */,
			);
			name = Products;
			sourceTree = "<group>";
		};
		DEE33CE71BE7380300B1089C /* ShareSDKForJavaScript */ = {
			isa = PBXGroup;
			children = (
				DEF93AAF1C2BF6E600295FBA /* JSApi */,
				DE99024F1BECAB2F00F3AD45 /* Sample.html */,
				DEE33CEB1BE7380300B1089C /* AppDelegate.h */,
				DEE33CEC1BE7380300B1089C /* AppDelegate.m */,
				DEE33CEE1BE7380300B1089C /* ViewController.h */,
				DEE33CEF1BE7380300B1089C /* ViewController.m */,
				DEE33CF11BE7380300B1089C /* Main.storyboard */,
				DEE33CF41BE7380300B1089C /* Assets.xcassets */,
				DEE33CF61BE7380300B1089C /* LaunchScreen.storyboard */,
				DEE33CF91BE7380300B1089C /* Info.plist */,
				DEE33CE81BE7380300B1089C /* Supporting Files */,
			);
			path = ShareSDKForJavaScript;
			sourceTree = "<group>";
		};
		DEE33CE81BE7380300B1089C /* Supporting Files */ = {
			isa = PBXGroup;
			children = (
				DEDD3BBA1BF9BA3B00575AF7 /* libsqlite3.dylib */,
				DEDD3BB81BF9BA3100575AF7 /* AdSupport.framework */,
				DEDD3BB61BF9BA2A00575AF7 /* ImageIO.framework */,
				DEDD3BB41BF9BA2400575AF7 /* JavaScriptCore.framework */,
				DEDD3BB21BF9BA1F00575AF7 /* libstdc++.dylib */,
				DEDD3BB01BF9BA1600575AF7 /* libz.dylib */,
				DEDD3BAE1BF9BA0D00575AF7 /* libicucore.dylib */,
				DEE33CE91BE7380300B1089C /* main.m */,
			);
			name = "Supporting Files";
			sourceTree = "<group>";
		};
		DEF93AAF1C2BF6E600295FBA /* JSApi */ = {
			isa = PBXGroup;
			children = (
				DEF93ABD1C2BF6E600295FBA /* iOS */,
				DEF93AC01C2BF6E600295FBA /* ShareSDK.js */,
			);
			name = JSApi;
			path = ../../JSApi;
			sourceTree = "<group>";
		};
		DEF93ABD1C2BF6E600295FBA /* iOS */ = {
			isa = PBXGroup;
			children = (
				DEF93ABE1C2BF6E600295FBA /* ShareSDKJSBridge.h */,
				DEF93ABF1C2BF6E600295FBA /* ShareSDKJSBridge.m */,
			);
			path = iOS;
			sourceTree = "<group>";
		};
/* End PBXGroup section */

/* Begin PBXNativeTarget section */
		DEE33CE41BE7380300B1089C /* ShareSDKForJavaScript */ = {
			isa = PBXNativeTarget;
			buildConfigurationList = DEE33CFC1BE7380300B1089C /* Build configuration list for PBXNativeTarget "ShareSDKForJavaScript" */;
			buildPhases = (
				DEE33CE11BE7380300B1089C /* Sources */,
				DEE33CE21BE7380300B1089C /* Frameworks */,
				DEE33CE31BE7380300B1089C /* Resources */,
			);
			buildRules = (
			);
			dependencies = (
			);
			name = ShareSDKForJavaScript;
			productName = ShareSDKForJavaScript;
			productReference = DEE33CE51BE7380300B1089C /* ShareSDKForJavaScript.app */;
			productType = "com.apple.product-type.application";
		};
/* End PBXNativeTarget section */

/* Begin PBXProject section */
		DEE33CDD1BE7380300B1089C /* Project object */ = {
			isa = PBXProject;
			attributes = {
				LastUpgradeCheck = 0700;
				ORGANIZATIONNAME = mob.com;
				TargetAttributes = {
					DEE33CE41BE7380300B1089C = {
						CreatedOnToolsVersion = 7.0.1;
						DevelopmentTeam = Q87QUX3533;
						ProvisioningStyle = Manual;
					};
				};
			};
			buildConfigurationList = DEE33CE01BE7380300B1089C /* Build configuration list for PBXProject "ShareSDKForJavaScript" */;
			compatibilityVersion = "Xcode 3.2";
			developmentRegion = English;
			hasScannedForEncodings = 0;
			knownRegions = (
				en,
				Base,
			);
			mainGroup = DEE33CDC1BE7380300B1089C;
			productRefGroup = DEE33CE61BE7380300B1089C /* Products */;
			projectDirPath = "";
			projectRoot = "";
			targets = (
				DEE33CE41BE7380300B1089C /* ShareSDKForJavaScript */,
			);
		};
/* End PBXProject section */

/* Begin PBXResourcesBuildPhase section */
		DEE33CE31BE7380300B1089C /* Resources */ = {
			isa = PBXResourcesBuildPhase;
			buildActionMask = 2147483647;
			files = (
				443837991ED804DD00A43603 /* RennSDK.bundle in Resources */,
				4438379E1ED804DD00A43603 /* README.txt in Resources */,
				DE9902511BECAB2F00F3AD45 /* Sample.html in Resources */,
				443837A01ED804DD00A43603 /* ShareSDK.bundle in Resources */,
				DEE33CF81BE7380300B1089C /* LaunchScreen.storyboard in Resources */,
				443837751ED804DD00A43603 /* ShareSDKUI.bundle in Resources */,
				443837721ED804DD00A43603 /* ShareSDKConfigFile.bundle in Resources */,
				DEE33CF51BE7380300B1089C /* Assets.xcassets in Resources */,
				DEE33CF31BE7380300B1089C /* Main.storyboard in Resources */,
				DEF93ACC1C2BF6E600295FBA /* ShareSDK.js in Resources */,
				4499DEBA1EF0F0D000EC17BA /* WeiboSDK.bundle in Resources */,
			);
			runOnlyForDeploymentPostprocessing = 0;
		};
/* End PBXResourcesBuildPhase section */

/* Begin PBXSourcesBuildPhase section */
		DEE33CE11BE7380300B1089C /* Sources */ = {
			isa = PBXSourcesBuildPhase;
			buildActionMask = 2147483647;
			files = (
				DEE33CF01BE7380300B1089C /* ViewController.m in Sources */,
				DEF93ACB1C2BF6E600295FBA /* ShareSDKJSBridge.m in Sources */,
				DEE33CED1BE7380300B1089C /* AppDelegate.m in Sources */,
				DEE33CEA1BE7380300B1089C /* main.m in Sources */,
			);
			runOnlyForDeploymentPostprocessing = 0;
		};
/* End PBXSourcesBuildPhase section */

/* Begin PBXVariantGroup section */
		DEE33CF11BE7380300B1089C /* Main.storyboard */ = {
			isa = PBXVariantGroup;
			children = (
				DEE33CF21BE7380300B1089C /* Base */,
			);
			name = Main.storyboard;
			sourceTree = "<group>";
		};
		DEE33CF61BE7380300B1089C /* LaunchScreen.storyboard */ = {
			isa = PBXVariantGroup;
			children = (
				DEE33CF71BE7380300B1089C /* Base */,
			);
			name = LaunchScreen.storyboard;
			sourceTree = "<group>";
		};
/* End PBXVariantGroup section */

/* Begin XCBuildConfiguration section */
		DEE33CFA1BE7380300B1089C /* Debug */ = {
			isa = XCBuildConfiguration;
			buildSettings = {
				ALWAYS_SEARCH_USER_PATHS = NO;
				CLANG_CXX_LANGUAGE_STANDARD = "gnu++0x";
				CLANG_CXX_LIBRARY = "libc++";
				CLANG_ENABLE_MODULES = YES;
				CLANG_ENABLE_OBJC_ARC = YES;
				CLANG_WARN_BOOL_CONVERSION = YES;
				CLANG_WARN_CONSTANT_CONVERSION = YES;
				CLANG_WARN_DIRECT_OBJC_ISA_USAGE = YES_ERROR;
				CLANG_WARN_EMPTY_BODY = YES;
				CLANG_WARN_ENUM_CONVERSION = YES;
				CLANG_WARN_INT_CONVERSION = YES;
				CLANG_WARN_OBJC_ROOT_CLASS = YES_ERROR;
				CLANG_WARN_UNREACHABLE_CODE = YES;
				CLANG_WARN__DUPLICATE_METHOD_MATCH = YES;
				"CODE_SIGN_IDENTITY[sdk=iphoneos*]" = "iPhone Developer";
				COPY_PHASE_STRIP = NO;
				DEBUG_INFORMATION_FORMAT = dwarf;
				ENABLE_STRICT_OBJC_MSGSEND = YES;
				ENABLE_TESTABILITY = YES;
				GCC_C_LANGUAGE_STANDARD = gnu99;
				GCC_DYNAMIC_NO_PIC = NO;
				GCC_NO_COMMON_BLOCKS = YES;
				GCC_OPTIMIZATION_LEVEL = 0;
				GCC_PREPROCESSOR_DEFINITIONS = (
					"DEBUG=1",
					"$(inherited)",
				);
				GCC_WARN_64_TO_32_BIT_CONVERSION = YES;
				GCC_WARN_ABOUT_RETURN_TYPE = YES_ERROR;
				GCC_WARN_UNDECLARED_SELECTOR = YES;
				GCC_WARN_UNINITIALIZED_AUTOS = YES_AGGRESSIVE;
				GCC_WARN_UNUSED_FUNCTION = YES;
				GCC_WARN_UNUSED_VARIABLE = YES;
				IPHONEOS_DEPLOYMENT_TARGET = 6.0;
				MTL_ENABLE_DEBUG_INFO = YES;
				ONLY_ACTIVE_ARCH = YES;
				SDKROOT = iphoneos;
				TARGETED_DEVICE_FAMILY = "1,2";
			};
			name = Debug;
		};
		DEE33CFB1BE7380300B1089C /* Release */ = {
			isa = XCBuildConfiguration;
			buildSettings = {
				ALWAYS_SEARCH_USER_PATHS = NO;
				CLANG_CXX_LANGUAGE_STANDARD = "gnu++0x";
				CLANG_CXX_LIBRARY = "libc++";
				CLANG_ENABLE_MODULES = YES;
				CLANG_ENABLE_OBJC_ARC = YES;
				CLANG_WARN_BOOL_CONVERSION = YES;
				CLANG_WARN_CONSTANT_CONVERSION = YES;
				CLANG_WARN_DIRECT_OBJC_ISA_USAGE = YES_ERROR;
				CLANG_WARN_EMPTY_BODY = YES;
				CLANG_WARN_ENUM_CONVERSION = YES;
				CLANG_WARN_INT_CONVERSION = YES;
				CLANG_WARN_OBJC_ROOT_CLASS = YES_ERROR;
				CLANG_WARN_UNREACHABLE_CODE = YES;
				CLANG_WARN__DUPLICATE_METHOD_MATCH = YES;
				"CODE_SIGN_IDENTITY[sdk=iphoneos*]" = "iPhone Developer";
				COPY_PHASE_STRIP = NO;
				DEBUG_INFORMATION_FORMAT = "dwarf-with-dsym";
				ENABLE_NS_ASSERTIONS = NO;
				ENABLE_STRICT_OBJC_MSGSEND = YES;
				GCC_C_LANGUAGE_STANDARD = gnu99;
				GCC_NO_COMMON_BLOCKS = YES;
				GCC_WARN_64_TO_32_BIT_CONVERSION = YES;
				GCC_WARN_ABOUT_RETURN_TYPE = YES_ERROR;
				GCC_WARN_UNDECLARED_SELECTOR = YES;
				GCC_WARN_UNINITIALIZED_AUTOS = YES_AGGRESSIVE;
				GCC_WARN_UNUSED_FUNCTION = YES;
				GCC_WARN_UNUSED_VARIABLE = YES;
				IPHONEOS_DEPLOYMENT_TARGET = 6.0;
				MTL_ENABLE_DEBUG_INFO = NO;
				SDKROOT = iphoneos;
				TARGETED_DEVICE_FAMILY = "1,2";
				VALIDATE_PRODUCT = YES;
			};
			name = Release;
		};
		DEE33CFD1BE7380300B1089C /* Debug */ = {
			isa = XCBuildConfiguration;
			buildSettings = {
				ASSETCATALOG_COMPILER_APPICON_NAME = AppIcon;
				DEVELOPMENT_TEAM = Q87QUX3533;
				ENABLE_BITCODE = NO;
				FRAMEWORK_SEARCH_PATHS = (
					"$(inherited)",
					"$(PROJECT_DIR)/SDK/Required",
					"$(PROJECT_DIR)/SDK/ShareSDK",
					"$(PROJECT_DIR)/SDK/ShareSDK/Support/Optional",
					"$(PROJECT_DIR)/SDK/ShareSDK/Support/PlatformConnector",
					"$(PROJECT_DIR)/SDK/ShareSDK/Support/PlatformSDK/DingTalkSDK",
					"$(PROJECT_DIR)/SDK/ShareSDK/Support/PlatformSDK/FacebookMessengerSDK",
					"$(PROJECT_DIR)/SDK/ShareSDK/Support/PlatformSDK/KaKaoSDK",
					"$(PROJECT_DIR)/SDK/ShareSDK/Support/PlatformSDK/LineSDK",
					"$(PROJECT_DIR)/SDK/ShareSDK/Support/PlatformSDK/MPShareSDK",
					"$(PROJECT_DIR)/SDK/ShareSDK/Support/PlatformSDK/QQSDK",
					"$(PROJECT_DIR)/SDK/ShareSDK/Support/PlatformSDK/RenRenSDK",
					"$(PROJECT_DIR)/SDK/ShareSDK/Support/Required",
					"$(PROJECT_DIR)/ShareSDK",
					"$(PROJECT_DIR)/ShareSDK/Support/Optional",
					"$(PROJECT_DIR)/ShareSDK/Support/PlatformConnector",
					"$(PROJECT_DIR)/ShareSDK/Support/PlatformSDK/DingTalkSDK",
					"$(PROJECT_DIR)/ShareSDK/Support/PlatformSDK/FacebookMessengerSDK",
					"$(PROJECT_DIR)/ShareSDK/Support/PlatformSDK/KaKaoSDK",
					"$(PROJECT_DIR)/ShareSDK/Support/PlatformSDK/LineSDK",
					"$(PROJECT_DIR)/ShareSDK/Support/PlatformSDK/MPShareSDK",
					"$(PROJECT_DIR)/ShareSDK/Support/PlatformSDK/QQSDK",
					"$(PROJECT_DIR)/ShareSDK/Support/PlatformSDK/RenRenSDK",
					"$(PROJECT_DIR)/ShareSDK/Support/Required",
				);
				INFOPLIST_FILE = ShareSDKForJavaScript/Info.plist;
				IPHONEOS_DEPLOYMENT_TARGET = 8.0;
				LD_RUNPATH_SEARCH_PATHS = "$(inherited) @executable_path/Frameworks";
				LIBRARY_SEARCH_PATHS = (
					"$(inherited)",
					"$(PROJECT_DIR)/SDK/ShareSDK/Support/PlatformSDK/APSocialSDK",
					"$(PROJECT_DIR)/SDK/ShareSDK/Support/PlatformSDK/SinaWeiboSDK",
					"$(PROJECT_DIR)/SDK/ShareSDK/Support/PlatformSDK/WeChatSDK",
					"$(PROJECT_DIR)/SDK/ShareSDK/Support/PlatformSDK/YiXinSDK",
					"$(PROJECT_DIR)/ShareSDK/Support/PlatformSDK/APSocialSDK",
					"$(PROJECT_DIR)/ShareSDK/Support/PlatformSDK/SinaWeiboSDK",
					"$(PROJECT_DIR)/ShareSDK/Support/PlatformSDK/WeChatSDK",
					"$(PROJECT_DIR)/ShareSDK/Support/PlatformSDK/YiXinSDK",
				);
				OTHER_LDFLAGS = "-ObjC";
				PRODUCT_BUNDLE_IDENTIFIER = com.mob.demoShareSDK;
				PRODUCT_NAME = "$(TARGET_NAME)";
				PROVISIONING_PROFILE = "37fd227a-3a52-4d9c-be14-74559828bdbd";
				PROVISIONING_PROFILE_SPECIFIER = MobProvisioningProfiles;
			};
			name = Debug;
		};
		DEE33CFE1BE7380300B1089C /* Release */ = {
			isa = XCBuildConfiguration;
			buildSettings = {
				ASSETCATALOG_COMPILER_APPICON_NAME = AppIcon;
				DEVELOPMENT_TEAM = Q87QUX3533;
				ENABLE_BITCODE = NO;
				FRAMEWORK_SEARCH_PATHS = (
					"$(inherited)",
					"$(PROJECT_DIR)/SDK/Required",
					"$(PROJECT_DIR)/SDK/ShareSDK",
					"$(PROJECT_DIR)/SDK/ShareSDK/Support/Optional",
					"$(PROJECT_DIR)/SDK/ShareSDK/Support/PlatformConnector",
					"$(PROJECT_DIR)/SDK/ShareSDK/Support/PlatformSDK/DingTalkSDK",
					"$(PROJECT_DIR)/SDK/ShareSDK/Support/PlatformSDK/FacebookMessengerSDK",
					"$(PROJECT_DIR)/SDK/ShareSDK/Support/PlatformSDK/KaKaoSDK",
					"$(PROJECT_DIR)/SDK/ShareSDK/Support/PlatformSDK/LineSDK",
					"$(PROJECT_DIR)/SDK/ShareSDK/Support/PlatformSDK/MPShareSDK",
					"$(PROJECT_DIR)/SDK/ShareSDK/Support/PlatformSDK/QQSDK",
					"$(PROJECT_DIR)/SDK/ShareSDK/Support/PlatformSDK/RenRenSDK",
					"$(PROJECT_DIR)/SDK/ShareSDK/Support/Required",
					"$(PROJECT_DIR)/ShareSDK",
					"$(PROJECT_DIR)/ShareSDK/Support/Optional",
					"$(PROJECT_DIR)/ShareSDK/Support/PlatformConnector",
					"$(PROJECT_DIR)/ShareSDK/Support/PlatformSDK/DingTalkSDK",
					"$(PROJECT_DIR)/ShareSDK/Support/PlatformSDK/FacebookMessengerSDK",
					"$(PROJECT_DIR)/ShareSDK/Support/PlatformSDK/KaKaoSDK",
					"$(PROJECT_DIR)/ShareSDK/Support/PlatformSDK/LineSDK",
					"$(PROJECT_DIR)/ShareSDK/Support/PlatformSDK/MPShareSDK",
					"$(PROJECT_DIR)/ShareSDK/Support/PlatformSDK/QQSDK",
					"$(PROJECT_DIR)/ShareSDK/Support/PlatformSDK/RenRenSDK",
					"$(PROJECT_DIR)/ShareSDK/Support/Required",
				);
				INFOPLIST_FILE = ShareSDKForJavaScript/Info.plist;
				IPHONEOS_DEPLOYMENT_TARGET = 8.0;
				LD_RUNPATH_SEARCH_PATHS = "$(inherited) @executable_path/Frameworks";
				LIBRARY_SEARCH_PATHS = (
					"$(inherited)",
					"$(PROJECT_DIR)/SDK/ShareSDK/Support/PlatformSDK/APSocialSDK",
					"$(PROJECT_DIR)/SDK/ShareSDK/Support/PlatformSDK/SinaWeiboSDK",
					"$(PROJECT_DIR)/SDK/ShareSDK/Support/PlatformSDK/WeChatSDK",
					"$(PROJECT_DIR)/SDK/ShareSDK/Support/PlatformSDK/YiXinSDK",
					"$(PROJECT_DIR)/ShareSDK/Support/PlatformSDK/APSocialSDK",
					"$(PROJECT_DIR)/ShareSDK/Support/PlatformSDK/SinaWeiboSDK",
					"$(PROJECT_DIR)/ShareSDK/Support/PlatformSDK/WeChatSDK",
					"$(PROJECT_DIR)/ShareSDK/Support/PlatformSDK/YiXinSDK",
				);
				OTHER_LDFLAGS = "-ObjC";
				PRODUCT_BUNDLE_IDENTIFIER = com.mob.demoShareSDK;
				PRODUCT_NAME = "$(TARGET_NAME)";
				PROVISIONING_PROFILE = "37fd227a-3a52-4d9c-be14-74559828bdbd";
				PROVISIONING_PROFILE_SPECIFIER = MobProvisioningProfiles;
			};
			name = Release;
		};
/* End XCBuildConfiguration section */

/* Begin XCConfigurationList section */
		DEE33CE01BE7380300B1089C /* Build configuration list for PBXProject "ShareSDKForJavaScript" */ = {
			isa = XCConfigurationList;
			buildConfigurations = (
				DEE33CFA1BE7380300B1089C /* Debug */,
				DEE33CFB1BE7380300B1089C /* Release */,
			);
			defaultConfigurationIsVisible = 0;
			defaultConfigurationName = Release;
		};
		DEE33CFC1BE7380300B1089C /* Build configuration list for PBXNativeTarget "ShareSDKForJavaScript" */ = {
			isa = XCConfigurationList;
			buildConfigurations = (
				DEE33CFD1BE7380300B1089C /* Debug */,
				DEE33CFE1BE7380300B1089C /* Release */,
			);
			defaultConfigurationIsVisible = 0;
			defaultConfigurationName = Release;
		};
/* End XCConfigurationList section */
	};
	rootObject = DEE33CDD1BE7380300B1089C /* Project object */;
}
